// !$*UTF8*$!
{
	archiveVersion = 1;
	classes = {
	};
	objectVersion = 56;
	objects = {

/* Begin PBXBuildFile section */
		B7C6050F299E277A008A9D84 /* GeSwift.h in Headers */ = {isa = PBXBuildFile; fileRef = B7C6050E299E277A008A9D84 /* GeSwift.h */; settings = {ATTRIBUTES = (Public, ); }; };
		B7C6051D299E27C8008A9D84 /* GeSwiftTools.h in Headers */ = {isa = PBXBuildFile; fileRef = B7C6051C299E27C8008A9D84 /* GeSwiftTools.h */; settings = {ATTRIBUTES = (Public, ); }; };
		B7C6052C299E282A008A9D84 /* StringUtils.swift in Sources */ = {isa = PBXBuildFile; fileRef = B7C6052B299E282A008A9D84 /* StringUtils.swift */; };
		B7C60532299E2B80008A9D84 /* ImageUtils.swift in Sources */ = {isa = PBXBuildFile; fileRef = B7C60531299E2B80008A9D84 /* ImageUtils.swift */; };
		B7C60534299E32F0008A9D84 /* DateUtils.swift in Sources */ = {isa = PBXBuildFile; fileRef = B7C60533299E32F0008A9D84 /* DateUtils.swift */; };
		B7CCD48B299F0F1D00FADD51 /* ColorUtils.swift in Sources */ = {isa = PBXBuildFile; fileRef = B7CCD48A299F0F1D00FADD51 /* ColorUtils.swift */; };
		B7CCD48D299F110900FADD51 /* DataUtils.swift in Sources */ = {isa = PBXBuildFile; fileRef = B7CCD48C299F110900FADD51 /* DataUtils.swift */; };
		B7CCD48F299F11A700FADD51 /* Reusable.swift in Sources */ = {isa = PBXBuildFile; fileRef = B7CCD48E299F11A700FADD51 /* Reusable.swift */; };
		B7CCD491299F120D00FADD51 /* UITableViewUtils.swift in Sources */ = {isa = PBXBuildFile; fileRef = B7CCD490299F120D00FADD51 /* UITableViewUtils.swift */; };
		B7CCD493299F12B300FADD51 /* UICollectionViewUtils.swift in Sources */ = {isa = PBXBuildFile; fileRef = B7CCD492299F12B300FADD51 /* UICollectionViewUtils.swift */; };
		B7CCD495299F12F000FADD51 /* UIViewUtils.swift in Sources */ = {isa = PBXBuildFile; fileRef = B7CCD494299F12F000FADD51 /* UIViewUtils.swift */; };
		B7CCD497299F1C6A00FADD51 /* UIScrollViewUtils.swift in Sources */ = {isa = PBXBuildFile; fileRef = B7CCD496299F1C6A00FADD51 /* UIScrollViewUtils.swift */; };
		B7CCD499299F1CE000FADD51 /* UIControlUtils.swift in Sources */ = {isa = PBXBuildFile; fileRef = B7CCD498299F1CE000FADD51 /* UIControlUtils.swift */; };
		B7CCD49B299F1DF200FADD51 /* UIResponderUtils.swift in Sources */ = {isa = PBXBuildFile; fileRef = B7CCD49A299F1DF200FADD51 /* UIResponderUtils.swift */; };
		B7CCD49F299F1E9100FADD51 /* DefaultCodableWrapper.swift in Sources */ = {isa = PBXBuildFile; fileRef = B7CCD49D299F1E9100FADD51 /* DefaultCodableWrapper.swift */; };
		B7CCD4A0299F1E9100FADD51 /* DefaultCodable.swift in Sources */ = {isa = PBXBuildFile; fileRef = B7CCD49E299F1E9100FADD51 /* DefaultCodable.swift */; };
		B7CCD4A4299F20F700FADD51 /* OptionalUtils.swift in Sources */ = {isa = PBXBuildFile; fileRef = B7CCD4A3299F20F700FADD51 /* OptionalUtils.swift */; };
		B7CCD4A7299F21B700FADD51 /* ArrayUtils.swift in Sources */ = {isa = PBXBuildFile; fileRef = B7CCD4A6299F21B700FADD51 /* ArrayUtils.swift */; };
/* End PBXBuildFile section */

/* Begin PBXFileReference section */
		B7C6050B299E277A008A9D84 /* GeSwift.framework */ = {isa = PBXFileReference; explicitFileType = wrapper.framework; includeInIndex = 0; path = GeSwift.framework; sourceTree = BUILT_PRODUCTS_DIR; };
		B7C6050E299E277A008A9D84 /* GeSwift.h */ = {isa = PBXFileReference; lastKnownFileType = sourcecode.c.h; path = GeSwift.h; sourceTree = "<group>"; };
		B7C6051A299E27C8008A9D84 /* GeSwiftTools.framework */ = {isa = PBXFileReference; explicitFileType = wrapper.framework; includeInIndex = 0; path = GeSwiftTools.framework; sourceTree = BUILT_PRODUCTS_DIR; };
		B7C6051C299E27C8008A9D84 /* GeSwiftTools.h */ = {isa = PBXFileReference; lastKnownFileType = sourcecode.c.h; path = GeSwiftTools.h; sourceTree = "<group>"; };
		B7C6052B299E282A008A9D84 /* StringUtils.swift */ = {isa = PBXFileReference; lastKnownFileType = sourcecode.swift; path = StringUtils.swift; sourceTree = "<group>"; };
		B7C60531299E2B80008A9D84 /* ImageUtils.swift */ = {isa = PBXFileReference; lastKnownFileType = sourcecode.swift; path = ImageUtils.swift; sourceTree = "<group>"; };
		B7C60533299E32F0008A9D84 /* DateUtils.swift */ = {isa = PBXFileReference; lastKnownFileType = sourcecode.swift; path = DateUtils.swift; sourceTree = "<group>"; };
		B7CCD48A299F0F1D00FADD51 /* ColorUtils.swift */ = {isa = PBXFileReference; lastKnownFileType = sourcecode.swift; path = ColorUtils.swift; sourceTree = "<group>"; };
		B7CCD48C299F110900FADD51 /* DataUtils.swift */ = {isa = PBXFileReference; lastKnownFileType = sourcecode.swift; path = DataUtils.swift; sourceTree = "<group>"; };
		B7CCD48E299F11A700FADD51 /* Reusable.swift */ = {isa = PBXFileReference; lastKnownFileType = sourcecode.swift; path = Reusable.swift; sourceTree = "<group>"; };
		B7CCD490299F120D00FADD51 /* UITableViewUtils.swift */ = {isa = PBXFileReference; lastKnownFileType = sourcecode.swift; path = UITableViewUtils.swift; sourceTree = "<group>"; };
		B7CCD492299F12B300FADD51 /* UICollectionViewUtils.swift */ = {isa = PBXFileReference; lastKnownFileType = sourcecode.swift; path = UICollectionViewUtils.swift; sourceTree = "<group>"; };
		B7CCD494299F12F000FADD51 /* UIViewUtils.swift */ = {isa = PBXFileReference; lastKnownFileType = sourcecode.swift; path = UIViewUtils.swift; sourceTree = "<group>"; };
		B7CCD496299F1C6A00FADD51 /* UIScrollViewUtils.swift */ = {isa = PBXFileReference; lastKnownFileType = sourcecode.swift; path = UIScrollViewUtils.swift; sourceTree = "<group>"; };
		B7CCD498299F1CE000FADD51 /* UIControlUtils.swift */ = {isa = PBXFileReference; lastKnownFileType = sourcecode.swift; path = UIControlUtils.swift; sourceTree = "<group>"; };
		B7CCD49A299F1DF200FADD51 /* UIResponderUtils.swift */ = {isa = PBXFileReference; lastKnownFileType = sourcecode.swift; path = UIResponderUtils.swift; sourceTree = "<group>"; };
		B7CCD49D299F1E9100FADD51 /* DefaultCodableWrapper.swift */ = {isa = PBXFileReference; fileEncoding = 4; lastKnownFileType = sourcecode.swift; path = DefaultCodableWrapper.swift; sourceTree = "<group>"; };
		B7CCD49E299F1E9100FADD51 /* DefaultCodable.swift */ = {isa = PBXFileReference; fileEncoding = 4; lastKnownFileType = sourcecode.swift; path = DefaultCodable.swift; sourceTree = "<group>"; };
		B7CCD4A3299F20F700FADD51 /* OptionalUtils.swift */ = {isa = PBXFileReference; lastKnownFileType = sourcecode.swift; path = OptionalUtils.swift; sourceTree = "<group>"; };
		B7CCD4A6299F21B700FADD51 /* ArrayUtils.swift */ = {isa = PBXFileReference; lastKnownFileType = sourcecode.swift; path = ArrayUtils.swift; sourceTree = "<group>"; };
/* End PBXFileReference section */

/* Begin PBXFrameworksBuildPhase section */
		B7C60508299E277A008A9D84 /* Frameworks */ = {
			isa = PBXFrameworksBuildPhase;
			buildActionMask = 2147483647;
			files = (
			);
			runOnlyForDeploymentPostprocessing = 0;
		};
		B7C60517299E27C8008A9D84 /* Frameworks */ = {
			isa = PBXFrameworksBuildPhase;
			buildActionMask = 2147483647;
			files = (
			);
			runOnlyForDeploymentPostprocessing = 0;
		};
/* End PBXFrameworksBuildPhase section */

/* Begin PBXGroup section */
		B7C60501299E277A008A9D84 = {
			isa = PBXGroup;
			children = (
				B7C6050D299E277A008A9D84 /* GeSwift */,
				B7C6051B299E27C8008A9D84 /* GeSwiftTools */,
				B7C6050C299E277A008A9D84 /* Products */,
			);
			sourceTree = "<group>";
		};
		B7C6050C299E277A008A9D84 /* Products */ = {
			isa = PBXGroup;
			children = (
				B7C6050B299E277A008A9D84 /* GeSwift.framework */,
				B7C6051A299E27C8008A9D84 /* GeSwiftTools.framework */,
			);
			name = Products;
			sourceTree = "<group>";
		};
		B7C6050D299E277A008A9D84 /* GeSwift */ = {
			isa = PBXGroup;
			children = (
				B7C6050E299E277A008A9D84 /* GeSwift.h */,
			);
			path = GeSwift;
			sourceTree = "<group>";
		};
		B7C6051B299E27C8008A9D84 /* GeSwiftTools */ = {
			isa = PBXGroup;
			children = (
				B7C60521299E27D5008A9D84 /* Tools */,
				B7C6051C299E27C8008A9D84 /* GeSwiftTools.h */,
			);
			path = GeSwiftTools;
			sourceTree = "<group>";
		};
		B7C60521299E27D5008A9D84 /* Tools */ = {
			isa = PBXGroup;
			children = (
				B7CCD4A5299F218F00FADD51 /* Array */,
				B7CCD4A2299F20EB00FADD51 /* Optional */,
				B7C60522299E27D5008A9D84 /* Strings */,
				B7C60523299E27D5008A9D84 /* Codable */,
				B7C60524299E27D5008A9D84 /* UIView */,
				B7C60525299E27D5008A9D84 /* Images */,
				B7C60527299E27D5008A9D84 /* Date */,
				B7C60528299E27D5008A9D84 /* UIControl */,
				B7C60529299E27D5008A9D84 /* Colors */,
				B7C6052A299E27D5008A9D84 /* Data */,
				B7CCD49C299F1DF900FADD51 /* UIResponder */,
			);
			path = Tools;
			sourceTree = SOURCE_ROOT;
		};
		B7C60522299E27D5008A9D84 /* Strings */ = {
			isa = PBXGroup;
			children = (
				B7C6052B299E282A008A9D84 /* StringUtils.swift */,
			);
			path = Strings;
			sourceTree = "<group>";
		};
		B7C60523299E27D5008A9D84 /* Codable */ = {
			isa = PBXGroup;
			children = (
				B7CCD49E299F1E9100FADD51 /* DefaultCodable.swift */,
				B7CCD49D299F1E9100FADD51 /* DefaultCodableWrapper.swift */,
			);
			path = Codable;
			sourceTree = "<group>";
		};
		B7C60524299E27D5008A9D84 /* UIView */ = {
			isa = PBXGroup;
			children = (
				B7CCD48E299F11A700FADD51 /* Reusable.swift */,
				B7CCD490299F120D00FADD51 /* UITableViewUtils.swift */,
				B7CCD492299F12B300FADD51 /* UICollectionViewUtils.swift */,
				B7CCD494299F12F000FADD51 /* UIViewUtils.swift */,
				B7CCD496299F1C6A00FADD51 /* UIScrollViewUtils.swift */,
			);
			path = UIView;
			sourceTree = "<group>";
		};
		B7C60525299E27D5008A9D84 /* Images */ = {
			isa = PBXGroup;
			children = (
				B7C60531299E2B80008A9D84 /* ImageUtils.swift */,
			);
			path = Images;
			sourceTree = "<group>";
		};
		B7C60527299E27D5008A9D84 /* Date */ = {
			isa = PBXGroup;
			children = (
				B7C60533299E32F0008A9D84 /* DateUtils.swift */,
			);
			path = Date;
			sourceTree = "<group>";
		};
		B7C60528299E27D5008A9D84 /* UIControl */ = {
			isa = PBXGroup;
			children = (
				B7CCD498299F1CE000FADD51 /* UIControlUtils.swift */,
			);
			path = UIControl;
			sourceTree = "<group>";
		};
		B7C60529299E27D5008A9D84 /* Colors */ = {
			isa = PBXGroup;
			children = (
				B7CCD48A299F0F1D00FADD51 /* ColorUtils.swift */,
			);
			path = Colors;
			sourceTree = "<group>";
		};
		B7C6052A299E27D5008A9D84 /* Data */ = {
			isa = PBXGroup;
			children = (
				B7CCD48C299F110900FADD51 /* DataUtils.swift */,
			);
			path = Data;
			sourceTree = "<group>";
		};
		B7CCD49C299F1DF900FADD51 /* UIResponder */ = {
			isa = PBXGroup;
			children = (
				B7CCD49A299F1DF200FADD51 /* UIResponderUtils.swift */,
			);
			path = UIResponder;
			sourceTree = "<group>";
		};
		B7CCD4A2299F20EB00FADD51 /* Optional */ = {
			isa = PBXGroup;
			children = (
				B7CCD4A3299F20F700FADD51 /* OptionalUtils.swift */,
			);
			path = Optional;
			sourceTree = "<group>";
		};
		B7CCD4A5299F218F00FADD51 /* Array */ = {
			isa = PBXGroup;
			children = (
				B7CCD4A6299F21B700FADD51 /* ArrayUtils.swift */,
			);
			path = Array;
			sourceTree = "<group>";
		};
/* End PBXGroup section */

/* Begin PBXHeadersBuildPhase section */
		B7C60506299E277A008A9D84 /* Headers */ = {
			isa = PBXHeadersBuildPhase;
			buildActionMask = 2147483647;
			files = (
				B7C6050F299E277A008A9D84 /* GeSwift.h in Headers */,
			);
			runOnlyForDeploymentPostprocessing = 0;
		};
		B7C60515299E27C8008A9D84 /* Headers */ = {
			isa = PBXHeadersBuildPhase;
			buildActionMask = 2147483647;
			files = (
				B7C6051D299E27C8008A9D84 /* GeSwiftTools.h in Headers */,
			);
			runOnlyForDeploymentPostprocessing = 0;
		};
/* End PBXHeadersBuildPhase section */

/* Begin PBXNativeTarget section */
		B7C6050A299E277A008A9D84 /* GeSwift */ = {
			isa = PBXNativeTarget;
			buildConfigurationList = B7C60512299E277A008A9D84 /* Build configuration list for PBXNativeTarget "GeSwift" */;
			buildPhases = (
				B7C60506299E277A008A9D84 /* Headers */,
				B7C60507299E277A008A9D84 /* Sources */,
				B7C60508299E277A008A9D84 /* Frameworks */,
				B7C60509299E277A008A9D84 /* Resources */,
			);
			buildRules = (
			);
			dependencies = (
			);
			name = GeSwift;
			productName = GeSwift;
			productReference = B7C6050B299E277A008A9D84 /* GeSwift.framework */;
			productType = "com.apple.product-type.framework";
		};
		B7C60519299E27C8008A9D84 /* GeSwiftTools */ = {
			isa = PBXNativeTarget;
			buildConfigurationList = B7C60520299E27C8008A9D84 /* Build configuration list for PBXNativeTarget "GeSwiftTools" */;
			buildPhases = (
				B7C60515299E27C8008A9D84 /* Headers */,
				B7C60516299E27C8008A9D84 /* Sources */,
				B7C60517299E27C8008A9D84 /* Frameworks */,
				B7C60518299E27C8008A9D84 /* Resources */,
			);
			buildRules = (
			);
			dependencies = (
			);
			name = GeSwiftTools;
			productName = GeSwiftTools;
			productReference = B7C6051A299E27C8008A9D84 /* GeSwiftTools.framework */;
			productType = "com.apple.product-type.framework";
		};
/* End PBXNativeTarget section */

/* Begin PBXProject section */
		B7C60502299E277A008A9D84 /* Project object */ = {
			isa = PBXProject;
			attributes = {
				BuildIndependentTargetsInParallel = 1;
				LastUpgradeCheck = 1410;
				TargetAttributes = {
					B7C6050A299E277A008A9D84 = {
						CreatedOnToolsVersion = 14.1;
					};
					B7C60519299E27C8008A9D84 = {
						CreatedOnToolsVersion = 14.1;
						LastSwiftMigration = 1410;
					};
				};
			};
			buildConfigurationList = B7C60505299E277A008A9D84 /* Build configuration list for PBXProject "GeSwift" */;
			compatibilityVersion = "Xcode 14.0";
			developmentRegion = en;
			hasScannedForEncodings = 0;
			knownRegions = (
				en,
				Base,
			);
			mainGroup = B7C60501299E277A008A9D84;
			productRefGroup = B7C6050C299E277A008A9D84 /* Products */;
			projectDirPath = "";
			projectRoot = "";
			targets = (
				B7C6050A299E277A008A9D84 /* GeSwift */,
				B7C60519299E27C8008A9D84 /* GeSwiftTools */,
			);
		};
/* End PBXProject section */

/* Begin PBXResourcesBuildPhase section */
		B7C60509299E277A008A9D84 /* Resources */ = {
			isa = PBXResourcesBuildPhase;
			buildActionMask = 2147483647;
			files = (
			);
			runOnlyForDeploymentPostprocessing = 0;
		};
		B7C60518299E27C8008A9D84 /* Resources */ = {
			isa = PBXResourcesBuildPhase;
			buildActionMask = 2147483647;
			files = (
			);
			runOnlyForDeploymentPostprocessing = 0;
		};
/* End PBXResourcesBuildPhase section */

/* Begin PBXSourcesBuildPhase section */
		B7C60507299E277A008A9D84 /* Sources */ = {
			isa = PBXSourcesBuildPhase;
			buildActionMask = 2147483647;
			files = (
			);
			runOnlyForDeploymentPostprocessing = 0;
		};
		B7C60516299E27C8008A9D84 /* Sources */ = {
			isa = PBXSourcesBuildPhase;
			buildActionMask = 2147483647;
			files = (
				B7CCD4A0299F1E9100FADD51 /* DefaultCodable.swift in Sources */,
				B7CCD493299F12B300FADD51 /* UICollectionViewUtils.swift in Sources */,
				B7CCD491299F120D00FADD51 /* UITableViewUtils.swift in Sources */,
				B7CCD495299F12F000FADD51 /* UIViewUtils.swift in Sources */,
				B7CCD4A4299F20F700FADD51 /* OptionalUtils.swift in Sources */,
				B7CCD497299F1C6A00FADD51 /* UIScrollViewUtils.swift in Sources */,
				B7CCD49B299F1DF200FADD51 /* UIResponderUtils.swift in Sources */,
				B7C60534299E32F0008A9D84 /* DateUtils.swift in Sources */,
				B7CCD48D299F110900FADD51 /* DataUtils.swift in Sources */,
				B7CCD48F299F11A700FADD51 /* Reusable.swift in Sources */,
				B7CCD48B299F0F1D00FADD51 /* ColorUtils.swift in Sources */,
				B7CCD4A7299F21B700FADD51 /* ArrayUtils.swift in Sources */,
				B7CCD499299F1CE000FADD51 /* UIControlUtils.swift in Sources */,
				B7C6052C299E282A008A9D84 /* StringUtils.swift in Sources */,
				B7CCD49F299F1E9100FADD51 /* DefaultCodableWrapper.swift in Sources */,
				B7C60532299E2B80008A9D84 /* ImageUtils.swift in Sources */,
			);
			runOnlyForDeploymentPostprocessing = 0;
		};
/* End PBXSourcesBuildPhase section */

/* Begin XCBuildConfiguration section */
		B7C60510299E277A008A9D84 /* Debug */ = {
			isa = XCBuildConfiguration;
			buildSettings = {
				ALWAYS_SEARCH_USER_PATHS = NO;
				CLANG_ANALYZER_NONNULL = YES;
				CLANG_ANALYZER_NUMBER_OBJECT_CONVERSION = YES_AGGRESSIVE;
				CLANG_CXX_LANGUAGE_STANDARD = "gnu++20";
				CLANG_ENABLE_MODULES = YES;
				CLANG_ENABLE_OBJC_ARC = YES;
				CLANG_ENABLE_OBJC_WEAK = YES;
				CLANG_WARN_BLOCK_CAPTURE_AUTORELEASING = YES;
				CLANG_WARN_BOOL_CONVERSION = YES;
				CLANG_WARN_COMMA = YES;
				CLANG_WARN_CONSTANT_CONVERSION = YES;
				CLANG_WARN_DEPRECATED_OBJC_IMPLEMENTATIONS = YES;
				CLANG_WARN_DIRECT_OBJC_ISA_USAGE = YES_ERROR;
				CLANG_WARN_DOCUMENTATION_COMMENTS = YES;
				CLANG_WARN_EMPTY_BODY = YES;
				CLANG_WARN_ENUM_CONVERSION = YES;
				CLANG_WARN_INFINITE_RECURSION = YES;
				CLANG_WARN_INT_CONVERSION = YES;
				CLANG_WARN_NON_LITERAL_NULL_CONVERSION = YES;
				CLANG_WARN_OBJC_IMPLICIT_RETAIN_SELF = YES;
				CLANG_WARN_OBJC_LITERAL_CONVERSION = YES;
				CLANG_WARN_OBJC_ROOT_CLASS = YES_ERROR;
				CLANG_WARN_QUOTED_INCLUDE_IN_FRAMEWORK_HEADER = YES;
				CLANG_WARN_RANGE_LOOP_ANALYSIS = YES;
				CLANG_WARN_STRICT_PROTOTYPES = YES;
				CLANG_WARN_SUSPICIOUS_MOVE = YES;
				CLANG_WARN_UNGUARDED_AVAILABILITY = YES_AGGRESSIVE;
				CLANG_WARN_UNREACHABLE_CODE = YES;
				CLANG_WARN__DUPLICATE_METHOD_MATCH = YES;
				COPY_PHASE_STRIP = NO;
				CURRENT_PROJECT_VERSION = 1;
				DEBUG_INFORMATION_FORMAT = dwarf;
				ENABLE_STRICT_OBJC_MSGSEND = YES;
				ENABLE_TESTABILITY = YES;
				GCC_C_LANGUAGE_STANDARD = gnu11;
				GCC_DYNAMIC_NO_PIC = NO;
				GCC_NO_COMMON_BLOCKS = YES;
				GCC_OPTIMIZATION_LEVEL = 0;
				GCC_PREPROCESSOR_DEFINITIONS = (
					"DEBUG=1",
					"$(inherited)",
				);
				GCC_WARN_64_TO_32_BIT_CONVERSION = YES;
				GCC_WARN_ABOUT_RETURN_TYPE = YES_ERROR;
				GCC_WARN_UNDECLARED_SELECTOR = YES;
				GCC_WARN_UNINITIALIZED_AUTOS = YES_AGGRESSIVE;
				GCC_WARN_UNUSED_FUNCTION = YES;
				GCC_WARN_UNUSED_VARIABLE = YES;
				IPHONEOS_DEPLOYMENT_TARGET = 16.1;
				MTL_ENABLE_DEBUG_INFO = INCLUDE_SOURCE;
				MTL_FAST_MATH = YES;
				ONLY_ACTIVE_ARCH = YES;
				SDKROOT = iphoneos;
				SWIFT_ACTIVE_COMPILATION_CONDITIONS = DEBUG;
				SWIFT_OPTIMIZATION_LEVEL = "-Onone";
				VERSIONING_SYSTEM = "apple-generic";
				VERSION_INFO_PREFIX = "";
			};
			name = Debug;
		};
		B7C60511299E277A008A9D84 /* Release */ = {
			isa = XCBuildConfiguration;
			buildSettings = {
				ALWAYS_SEARCH_USER_PATHS = NO;
				CLANG_ANALYZER_NONNULL = YES;
				CLANG_ANALYZER_NUMBER_OBJECT_CONVERSION = YES_AGGRESSIVE;
				CLANG_CXX_LANGUAGE_STANDARD = "gnu++20";
				CLANG_ENABLE_MODULES = YES;
				CLANG_ENABLE_OBJC_ARC = YES;
				CLANG_ENABLE_OBJC_WEAK = YES;
				CLANG_WARN_BLOCK_CAPTURE_AUTORELEASING = YES;
				CLANG_WARN_BOOL_CONVERSION = YES;
				CLANG_WARN_COMMA = YES;
				CLANG_WARN_CONSTANT_CONVERSION = YES;
				CLANG_WARN_DEPRECATED_OBJC_IMPLEMENTATIONS = YES;
				CLANG_WARN_DIRECT_OBJC_ISA_USAGE = YES_ERROR;
				CLANG_WARN_DOCUMENTATION_COMMENTS = YES;
				CLANG_WARN_EMPTY_BODY = YES;
				CLANG_WARN_ENUM_CONVERSION = YES;
				CLANG_WARN_INFINITE_RECURSION = YES;
				CLANG_WARN_INT_CONVERSION = YES;
				CLANG_WARN_NON_LITERAL_NULL_CONVERSION = YES;
				CLANG_WARN_OBJC_IMPLICIT_RETAIN_SELF = YES;
				CLANG_WARN_OBJC_LITERAL_CONVERSION = YES;
				CLANG_WARN_OBJC_ROOT_CLASS = YES_ERROR;
				CLANG_WARN_QUOTED_INCLUDE_IN_FRAMEWORK_HEADER = YES;
				CLANG_WARN_RANGE_LOOP_ANALYSIS = YES;
				CLANG_WARN_STRICT_PROTOTYPES = YES;
				CLANG_WARN_SUSPICIOUS_MOVE = YES;
				CLANG_WARN_UNGUARDED_AVAILABILITY = YES_AGGRESSIVE;
				CLANG_WARN_UNREACHABLE_CODE = YES;
				CLANG_WARN__DUPLICATE_METHOD_MATCH = YES;
				COPY_PHASE_STRIP = NO;
				CURRENT_PROJECT_VERSION = 1;
				DEBUG_INFORMATION_FORMAT = "dwarf-with-dsym";
				ENABLE_NS_ASSERTIONS = NO;
				ENABLE_STRICT_OBJC_MSGSEND = YES;
				GCC_C_LANGUAGE_STANDARD = gnu11;
				GCC_NO_COMMON_BLOCKS = YES;
				GCC_WARN_64_TO_32_BIT_CONVERSION = YES;
				GCC_WARN_ABOUT_RETURN_TYPE = YES_ERROR;
				GCC_WARN_UNDECLARED_SELECTOR = YES;
				GCC_WARN_UNINITIALIZED_AUTOS = YES_AGGRESSIVE;
				GCC_WARN_UNUSED_FUNCTION = YES;
				GCC_WARN_UNUSED_VARIABLE = YES;
				IPHONEOS_DEPLOYMENT_TARGET = 16.1;
				MTL_ENABLE_DEBUG_INFO = NO;
				MTL_FAST_MATH = YES;
				SDKROOT = iphoneos;
				SWIFT_COMPILATION_MODE = wholemodule;
				SWIFT_OPTIMIZATION_LEVEL = "-O";
				VALIDATE_PRODUCT = YES;
				VERSIONING_SYSTEM = "apple-generic";
				VERSION_INFO_PREFIX = "";
			};
			name = Release;
		};
		B7C60513299E277A008A9D84 /* Debug */ = {
			isa = XCBuildConfiguration;
			buildSettings = {
				CODE_SIGN_STYLE = Automatic;
				CURRENT_PROJECT_VERSION = 1;
				DEFINES_MODULE = YES;
				DYLIB_COMPATIBILITY_VERSION = 1;
				DYLIB_CURRENT_VERSION = 1;
				DYLIB_INSTALL_NAME_BASE = "@rpath";
				GENERATE_INFOPLIST_FILE = YES;
				INFOPLIST_KEY_NSHumanReadableCopyright = "";
				INSTALL_PATH = "$(LOCAL_LIBRARY_DIR)/Frameworks";
				LD_RUNPATH_SEARCH_PATHS = (
					"$(inherited)",
					"@executable_path/Frameworks",
					"@loader_path/Frameworks",
				);
				MARKETING_VERSION = 1.0;
				PRODUCT_BUNDLE_IDENTIFIER = com.ge.GeSwift;
				PRODUCT_NAME = "$(TARGET_NAME:c99extidentifier)";
				SKIP_INSTALL = YES;
				SWIFT_EMIT_LOC_STRINGS = YES;
				SWIFT_VERSION = 5.0;
				TARGETED_DEVICE_FAMILY = "1,2";
			};
			name = Debug;
		};
		B7C60514299E277A008A9D84 /* Release */ = {
			isa = XCBuildConfiguration;
			buildSettings = {
				CODE_SIGN_STYLE = Automatic;
				CURRENT_PROJECT_VERSION = 1;
				DEFINES_MODULE = YES;
				DYLIB_COMPATIBILITY_VERSION = 1;
				DYLIB_CURRENT_VERSION = 1;
				DYLIB_INSTALL_NAME_BASE = "@rpath";
				GENERATE_INFOPLIST_FILE = YES;
				INFOPLIST_KEY_NSHumanReadableCopyright = "";
				INSTALL_PATH = "$(LOCAL_LIBRARY_DIR)/Frameworks";
				LD_RUNPATH_SEARCH_PATHS = (
					"$(inherited)",
					"@executable_path/Frameworks",
					"@loader_path/Frameworks",
				);
				MARKETING_VERSION = 1.0;
				PRODUCT_BUNDLE_IDENTIFIER = com.ge.GeSwift;
				PRODUCT_NAME = "$(TARGET_NAME:c99extidentifier)";
				SKIP_INSTALL = YES;
				SWIFT_EMIT_LOC_STRINGS = YES;
				SWIFT_VERSION = 5.0;
				TARGETED_DEVICE_FAMILY = "1,2";
			};
			name = Release;
		};
		B7C6051E299E27C8008A9D84 /* Debug */ = {
			isa = XCBuildConfiguration;
			buildSettings = {
				CLANG_ENABLE_MODULES = YES;
				CODE_SIGN_STYLE = Automatic;
				CURRENT_PROJECT_VERSION = 1;
				DEFINES_MODULE = YES;
				DYLIB_COMPATIBILITY_VERSION = 1;
				DYLIB_CURRENT_VERSION = 1;
				DYLIB_INSTALL_NAME_BASE = "@rpath";
				GENERATE_INFOPLIST_FILE = YES;
				INFOPLIST_KEY_NSHumanReadableCopyright = "";
				INSTALL_PATH = "$(LOCAL_LIBRARY_DIR)/Frameworks";
				LD_RUNPATH_SEARCH_PATHS = (
					"$(inherited)",
					"@executable_path/Frameworks",
					"@loader_path/Frameworks",
				);
				MARKETING_VERSION = 1.0;
				PRODUCT_BUNDLE_IDENTIFIER = com.ge.GeSwiftTools;
				PRODUCT_NAME = "$(TARGET_NAME:c99extidentifier)";
				SKIP_INSTALL = YES;
				SWIFT_EMIT_LOC_STRINGS = YES;
				SWIFT_OPTIMIZATION_LEVEL = "-Onone";
				SWIFT_VERSION = 5.0;
				TARGETED_DEVICE_FAMILY = "1,2";
			};
			name = Debug;
		};
		B7C6051F299E27C8008A9D84 /* Release */ = {
			isa = XCBuildConfiguration;
			buildSettings = {
				CLANG_ENABLE_MODULES = YES;
				CODE_SIGN_STYLE = Automatic;
				CURRENT_PROJECT_VERSION = 1;
				DEFINES_MODULE = YES;
				DYLIB_COMPATIBILITY_VERSION = 1;
				DYLIB_CURRENT_VERSION = 1;
				DYLIB_INSTALL_NAME_BASE = "@rpath";
				GENERATE_INFOPLIST_FILE = YES;
				INFOPLIST_KEY_NSHumanReadableCopyright = "";
				INSTALL_PATH = "$(LOCAL_LIBRARY_DIR)/Frameworks";
				LD_RUNPATH_SEARCH_PATHS = (
					"$(inherited)",
					"@executable_path/Frameworks",
					"@loader_path/Frameworks",
				);
				MARKETING_VERSION = 1.0;
				PRODUCT_BUNDLE_IDENTIFIER = com.ge.GeSwiftTools;
				PRODUCT_NAME = "$(TARGET_NAME:c99extidentifier)";
				SKIP_INSTALL = YES;
				SWIFT_EMIT_LOC_STRINGS = YES;
				SWIFT_VERSION = 5.0;
				TARGETED_DEVICE_FAMILY = "1,2";
			};
			name = Release;
		};
/* End XCBuildConfiguration section */

/* Begin XCConfigurationList section */
		B7C60505299E277A008A9D84 /* Build configuration list for PBXProject "GeSwift" */ = {
			isa = XCConfigurationList;
			buildConfigurations = (
				B7C60510299E277A008A9D84 /* Debug */,
				B7C60511299E277A008A9D84 /* Release */,
			);
			defaultConfigurationIsVisible = 0;
			defaultConfigurationName = Release;
		};
		B7C60512299E277A008A9D84 /* Build configuration list for PBXNativeTarget "GeSwift" */ = {
			isa = XCConfigurationList;
			buildConfigurations = (
				B7C60513299E277A008A9D84 /* Debug */,
				B7C60514299E277A008A9D84 /* Release */,
			);
			defaultConfigurationIsVisible = 0;
			defaultConfigurationName = Release;
		};
		B7C60520299E27C8008A9D84 /* Build configuration list for PBXNativeTarget "GeSwiftTools" */ = {
			isa = XCConfigurationList;
			buildConfigurations = (
				B7C6051E299E27C8008A9D84 /* Debug */,
				B7C6051F299E27C8008A9D84 /* Release */,
			);
			defaultConfigurationIsVisible = 0;
			defaultConfigurationName = Release;
		};
/* End XCConfigurationList section */
	};
	rootObject = B7C60502299E277A008A9D84 /* Project object */;
}
