// !$*UTF8*$!
{
	archiveVersion = 1;
	classes = {
	};
	objectVersion = 50;
	objects = {

/* Begin PBXBuildFile section */
		5E1C6AAF212E4814000D3A7C /* Date+Ge.swift in Sources */ = {isa = PBXBuildFile; fileRef = 5E1C6AAE212E4814000D3A7C /* Date+Ge.swift */; };
		5E1C6AB5212E538C000D3A7C /* UIScrollView+Ge.swift in Sources */ = {isa = PBXBuildFile; fileRef = 5E1C6AB4212E538C000D3A7C /* UIScrollView+Ge.swift */; };
		5E2FC37D20DA59A6007FEF3E /* AppDelegate.swift in Sources */ = {isa = PBXBuildFile; fileRef = 5E2FC37C20DA59A6007FEF3E /* AppDelegate.swift */; };
		5E2FC37F20DA59A6007FEF3E /* ViewController.swift in Sources */ = {isa = PBXBuildFile; fileRef = 5E2FC37E20DA59A6007FEF3E /* ViewController.swift */; };
		5E2FC38220DA59A6007FEF3E /* Main.storyboard in Resources */ = {isa = PBXBuildFile; fileRef = 5E2FC38020DA59A6007FEF3E /* Main.storyboard */; };
		5E2FC38420DA59A9007FEF3E /* Assets.xcassets in Resources */ = {isa = PBXBuildFile; fileRef = 5E2FC38320DA59A9007FEF3E /* Assets.xcassets */; };
		5E2FC38720DA59A9007FEF3E /* LaunchScreen.storyboard in Resources */ = {isa = PBXBuildFile; fileRef = 5E2FC38520DA59A9007FEF3E /* LaunchScreen.storyboard */; };
		5E2FC3A420DA5F59007FEF3E /* UIControl+Ge.swift in Sources */ = {isa = PBXBuildFile; fileRef = 5E2FC39320DA5F59007FEF3E /* UIControl+Ge.swift */; };
		5E2FC3A620DA5F59007FEF3E /* UIView+Ge.swift in Sources */ = {isa = PBXBuildFile; fileRef = 5E2FC39520DA5F59007FEF3E /* UIView+Ge.swift */; };
		5E2FC3A720DA5F59007FEF3E /* UIColor+Ge.swift in Sources */ = {isa = PBXBuildFile; fileRef = 5E2FC39620DA5F59007FEF3E /* UIColor+Ge.swift */; };
		5E2FC3A820DA5F59007FEF3E /* UITableView+Ge.swift in Sources */ = {isa = PBXBuildFile; fileRef = 5E2FC39720DA5F59007FEF3E /* UITableView+Ge.swift */; };
		5E2FC3A920DA5F59007FEF3E /* UIImage+Ge.swift in Sources */ = {isa = PBXBuildFile; fileRef = 5E2FC39820DA5F59007FEF3E /* UIImage+Ge.swift */; };
		5E2FC3AA20DA5F59007FEF3E /* UIAlertViewController+Ge.swift in Sources */ = {isa = PBXBuildFile; fileRef = 5E2FC39920DA5F59007FEF3E /* UIAlertViewController+Ge.swift */; };
		5E2FC3AB20DA5F59007FEF3E /* UIResponder.swift in Sources */ = {isa = PBXBuildFile; fileRef = 5E2FC39A20DA5F59007FEF3E /* UIResponder.swift */; };
		5E2FC3AE20DA5F59007FEF3E /* GeSwift.swift in Sources */ = {isa = PBXBuildFile; fileRef = 5E2FC39F20DA5F59007FEF3E /* GeSwift.swift */; };
		5E2FC3AF20DA5F59007FEF3E /* Data+Ge.swift in Sources */ = {isa = PBXBuildFile; fileRef = 5E2FC3A120DA5F59007FEF3E /* Data+Ge.swift */; };
		5E2FC3B020DA5F59007FEF3E /* String+Ge.swift in Sources */ = {isa = PBXBuildFile; fileRef = 5E2FC3A220DA5F59007FEF3E /* String+Ge.swift */; };
		5E49EFE7219AC2B500A09046 /* Reusable.swift in Sources */ = {isa = PBXBuildFile; fileRef = 5E49EFE6219AC2B500A09046 /* Reusable.swift */; };
		5EDB9BF6213E73D700CF3193 /* Notification+Ge.swift in Sources */ = {isa = PBXBuildFile; fileRef = 5EDB9BF5213E73D700CF3193 /* Notification+Ge.swift */; };
		5EF525C3219BBD82004F2D55 /* UICollectionView+Ge.swift in Sources */ = {isa = PBXBuildFile; fileRef = 5EF525C2219BBD82004F2D55 /* UICollectionView+Ge.swift */; };
		5EF525C5219BBFF2004F2D55 /* UserDefaults+Ge.swift in Sources */ = {isa = PBXBuildFile; fileRef = 5EF525C4219BBFF2004F2D55 /* UserDefaults+Ge.swift */; };
		5EF525C7219BC13F004F2D55 /* Plist.swift in Sources */ = {isa = PBXBuildFile; fileRef = 5EF525C6219BC13F004F2D55 /* Plist.swift */; };
		5EF525C9219BC31E004F2D55 /* Defaults.swift in Sources */ = {isa = PBXBuildFile; fileRef = 5EF525C8219BC31E004F2D55 /* Defaults.swift */; };
/* End PBXBuildFile section */

/* Begin PBXFileReference section */
		5E1C6AAE212E4814000D3A7C /* Date+Ge.swift */ = {isa = PBXFileReference; lastKnownFileType = sourcecode.swift; path = "Date+Ge.swift"; sourceTree = "<group>"; };
		5E1C6AB4212E538C000D3A7C /* UIScrollView+Ge.swift */ = {isa = PBXFileReference; lastKnownFileType = sourcecode.swift; path = "UIScrollView+Ge.swift"; sourceTree = "<group>"; };
		5E2FC37920DA59A6007FEF3E /* GeSwift.app */ = {isa = PBXFileReference; explicitFileType = wrapper.application; includeInIndex = 0; path = GeSwift.app; sourceTree = BUILT_PRODUCTS_DIR; };
		5E2FC37C20DA59A6007FEF3E /* AppDelegate.swift */ = {isa = PBXFileReference; lastKnownFileType = sourcecode.swift; path = AppDelegate.swift; sourceTree = "<group>"; };
		5E2FC37E20DA59A6007FEF3E /* ViewController.swift */ = {isa = PBXFileReference; lastKnownFileType = sourcecode.swift; path = ViewController.swift; sourceTree = "<group>"; };
		5E2FC38120DA59A6007FEF3E /* Base */ = {isa = PBXFileReference; lastKnownFileType = file.storyboard; name = Base; path = Base.lproj/Main.storyboard; sourceTree = "<group>"; };
		5E2FC38320DA59A9007FEF3E /* Assets.xcassets */ = {isa = PBXFileReference; lastKnownFileType = folder.assetcatalog; path = Assets.xcassets; sourceTree = "<group>"; };
		5E2FC38620DA59A9007FEF3E /* Base */ = {isa = PBXFileReference; lastKnownFileType = file.storyboard; name = Base; path = Base.lproj/LaunchScreen.storyboard; sourceTree = "<group>"; };
		5E2FC38820DA59A9007FEF3E /* Info.plist */ = {isa = PBXFileReference; lastKnownFileType = text.plist.xml; path = Info.plist; sourceTree = "<group>"; };
		5E2FC39320DA5F59007FEF3E /* UIControl+Ge.swift */ = {isa = PBXFileReference; fileEncoding = 4; lastKnownFileType = sourcecode.swift; path = "UIControl+Ge.swift"; sourceTree = "<group>"; };
		5E2FC39520DA5F59007FEF3E /* UIView+Ge.swift */ = {isa = PBXFileReference; fileEncoding = 4; lastKnownFileType = sourcecode.swift; path = "UIView+Ge.swift"; sourceTree = "<group>"; };
		5E2FC39620DA5F59007FEF3E /* UIColor+Ge.swift */ = {isa = PBXFileReference; fileEncoding = 4; lastKnownFileType = sourcecode.swift; path = "UIColor+Ge.swift"; sourceTree = "<group>"; };
		5E2FC39720DA5F59007FEF3E /* UITableView+Ge.swift */ = {isa = PBXFileReference; fileEncoding = 4; lastKnownFileType = sourcecode.swift; path = "UITableView+Ge.swift"; sourceTree = "<group>"; };
		5E2FC39820DA5F59007FEF3E /* UIImage+Ge.swift */ = {isa = PBXFileReference; fileEncoding = 4; lastKnownFileType = sourcecode.swift; path = "UIImage+Ge.swift"; sourceTree = "<group>"; };
		5E2FC39920DA5F59007FEF3E /* UIAlertViewController+Ge.swift */ = {isa = PBXFileReference; fileEncoding = 4; lastKnownFileType = sourcecode.swift; path = "UIAlertViewController+Ge.swift"; sourceTree = "<group>"; };
		5E2FC39A20DA5F59007FEF3E /* UIResponder.swift */ = {isa = PBXFileReference; fileEncoding = 4; lastKnownFileType = sourcecode.swift; path = UIResponder.swift; sourceTree = "<group>"; };
		5E2FC39F20DA5F59007FEF3E /* GeSwift.swift */ = {isa = PBXFileReference; fileEncoding = 4; lastKnownFileType = sourcecode.swift; path = GeSwift.swift; sourceTree = "<group>"; };
		5E2FC3A120DA5F59007FEF3E /* Data+Ge.swift */ = {isa = PBXFileReference; fileEncoding = 4; lastKnownFileType = sourcecode.swift; path = "Data+Ge.swift"; sourceTree = "<group>"; };
		5E2FC3A220DA5F59007FEF3E /* String+Ge.swift */ = {isa = PBXFileReference; fileEncoding = 4; lastKnownFileType = sourcecode.swift; path = "String+Ge.swift"; sourceTree = "<group>"; };
		5E49EFE6219AC2B500A09046 /* Reusable.swift */ = {isa = PBXFileReference; fileEncoding = 4; lastKnownFileType = sourcecode.swift; path = Reusable.swift; sourceTree = "<group>"; };
		5EDB9BF5213E73D700CF3193 /* Notification+Ge.swift */ = {isa = PBXFileReference; lastKnownFileType = sourcecode.swift; path = "Notification+Ge.swift"; sourceTree = "<group>"; };
		5EF525C2219BBD82004F2D55 /* UICollectionView+Ge.swift */ = {isa = PBXFileReference; lastKnownFileType = sourcecode.swift; path = "UICollectionView+Ge.swift"; sourceTree = "<group>"; };
		5EF525C4219BBFF2004F2D55 /* UserDefaults+Ge.swift */ = {isa = PBXFileReference; lastKnownFileType = sourcecode.swift; path = "UserDefaults+Ge.swift"; sourceTree = "<group>"; };
		5EF525C6219BC13F004F2D55 /* Plist.swift */ = {isa = PBXFileReference; lastKnownFileType = sourcecode.swift; path = Plist.swift; sourceTree = "<group>"; };
		5EF525C8219BC31E004F2D55 /* Defaults.swift */ = {isa = PBXFileReference; lastKnownFileType = sourcecode.swift; path = Defaults.swift; sourceTree = "<group>"; };
/* End PBXFileReference section */

/* Begin PBXFrameworksBuildPhase section */
		5E2FC37620DA59A6007FEF3E /* Frameworks */ = {
			isa = PBXFrameworksBuildPhase;
			buildActionMask = 2147483647;
			files = (
			);
			runOnlyForDeploymentPostprocessing = 0;
		};
/* End PBXFrameworksBuildPhase section */

/* Begin PBXGroup section */
		5E2FC37020DA59A6007FEF3E = {
			isa = PBXGroup;
			children = (
				5E2FC37B20DA59A6007FEF3E /* GeSwift */,
				5E2FC37A20DA59A6007FEF3E /* Products */,
			);
			sourceTree = "<group>";
		};
		5E2FC37A20DA59A6007FEF3E /* Products */ = {
			isa = PBXGroup;
			children = (
				5E2FC37920DA59A6007FEF3E /* GeSwift.app */,
			);
			name = Products;
			sourceTree = "<group>";
		};
		5E2FC37B20DA59A6007FEF3E /* GeSwift */ = {
			isa = PBXGroup;
			children = (
				5E2FC39020DA5F59007FEF3E /* Ge */,
				5E2FC37C20DA59A6007FEF3E /* AppDelegate.swift */,
				5E2FC37E20DA59A6007FEF3E /* ViewController.swift */,
				5E2FC38020DA59A6007FEF3E /* Main.storyboard */,
				5E2FC38320DA59A9007FEF3E /* Assets.xcassets */,
				5E2FC38520DA59A9007FEF3E /* LaunchScreen.storyboard */,
				5E2FC38820DA59A9007FEF3E /* Info.plist */,
			);
			path = GeSwift;
			sourceTree = "<group>";
		};
		5E2FC39020DA5F59007FEF3E /* Ge */ = {
			isa = PBXGroup;
			children = (
				5E2FC39120DA5F59007FEF3E /* UI */,
				5E2FC39D20DA5F59007FEF3E /* Core */,
				5E2FC3A020DA5F59007FEF3E /* Foundation */,
			);
			path = Ge;
			sourceTree = SOURCE_ROOT;
		};
		5E2FC39120DA5F59007FEF3E /* UI */ = {
			isa = PBXGroup;
			children = (
				5E2FC39320DA5F59007FEF3E /* UIControl+Ge.swift */,
				5E2FC39520DA5F59007FEF3E /* UIView+Ge.swift */,
				5E2FC39620DA5F59007FEF3E /* UIColor+Ge.swift */,
				5E2FC39720DA5F59007FEF3E /* UITableView+Ge.swift */,
				5E2FC39820DA5F59007FEF3E /* UIImage+Ge.swift */,
				5E2FC39920DA5F59007FEF3E /* UIAlertViewController+Ge.swift */,
				5E2FC39A20DA5F59007FEF3E /* UIResponder.swift */,
				5E1C6AB4212E538C000D3A7C /* UIScrollView+Ge.swift */,
				5EF525C2219BBD82004F2D55 /* UICollectionView+Ge.swift */,
			);
			path = UI;
			sourceTree = "<group>";
		};
		5E2FC39D20DA5F59007FEF3E /* Core */ = {
			isa = PBXGroup;
			children = (
				5E49EFE6219AC2B500A09046 /* Reusable.swift */,
				5E2FC39F20DA5F59007FEF3E /* GeSwift.swift */,
				5EF525C6219BC13F004F2D55 /* Plist.swift */,
				5EF525C8219BC31E004F2D55 /* Defaults.swift */,
			);
			path = Core;
			sourceTree = "<group>";
		};
		5E2FC3A020DA5F59007FEF3E /* Foundation */ = {
			isa = PBXGroup;
			children = (
				5E2FC3A120DA5F59007FEF3E /* Data+Ge.swift */,
				5E2FC3A220DA5F59007FEF3E /* String+Ge.swift */,
				5E1C6AAE212E4814000D3A7C /* Date+Ge.swift */,
				5EDB9BF5213E73D700CF3193 /* Notification+Ge.swift */,
				5EF525C4219BBFF2004F2D55 /* UserDefaults+Ge.swift */,
			);
			path = Foundation;
			sourceTree = "<group>";
		};
/* End PBXGroup section */

/* Begin PBXNativeTarget section */
		5E2FC37820DA59A6007FEF3E /* GeSwift */ = {
			isa = PBXNativeTarget;
			buildConfigurationList = 5E2FC38B20DA59A9007FEF3E /* Build configuration list for PBXNativeTarget "GeSwift" */;
			buildPhases = (
				5E2FC37520DA59A6007FEF3E /* Sources */,
				5E2FC37620DA59A6007FEF3E /* Frameworks */,
				5E2FC37720DA59A6007FEF3E /* Resources */,
			);
			buildRules = (
			);
			dependencies = (
			);
			name = GeSwift;
			productName = GeSwift;
			productReference = 5E2FC37920DA59A6007FEF3E /* GeSwift.app */;
			productType = "com.apple.product-type.application";
		};
/* End PBXNativeTarget section */

/* Begin PBXProject section */
		5E2FC37120DA59A6007FEF3E /* Project object */ = {
			isa = PBXProject;
			attributes = {
				LastSwiftUpdateCheck = 0940;
				LastUpgradeCheck = 0940;
				ORGANIZATIONNAME = my;
				TargetAttributes = {
					5E2FC37820DA59A6007FEF3E = {
						CreatedOnToolsVersion = 9.4;
					};
				};
			};
			buildConfigurationList = 5E2FC37420DA59A6007FEF3E /* Build configuration list for PBXProject "GeSwift" */;
			compatibilityVersion = "Xcode 9.3";
			developmentRegion = en;
			hasScannedForEncodings = 0;
			knownRegions = (
				en,
				Base,
			);
			mainGroup = 5E2FC37020DA59A6007FEF3E;
			productRefGroup = 5E2FC37A20DA59A6007FEF3E /* Products */;
			projectDirPath = "";
			projectRoot = "";
			targets = (
				5E2FC37820DA59A6007FEF3E /* GeSwift */,
			);
		};
/* End PBXProject section */

/* Begin PBXResourcesBuildPhase section */
		5E2FC37720DA59A6007FEF3E /* Resources */ = {
			isa = PBXResourcesBuildPhase;
			buildActionMask = 2147483647;
			files = (
				5E2FC38720DA59A9007FEF3E /* LaunchScreen.storyboard in Resources */,
				5E2FC38420DA59A9007FEF3E /* Assets.xcassets in Resources */,
				5E2FC38220DA59A6007FEF3E /* Main.storyboard in Resources */,
			);
			runOnlyForDeploymentPostprocessing = 0;
		};
/* End PBXResourcesBuildPhase section */

/* Begin PBXSourcesBuildPhase section */
		5E2FC37520DA59A6007FEF3E /* Sources */ = {
			isa = PBXSourcesBuildPhase;
			buildActionMask = 2147483647;
			files = (
				5E49EFE7219AC2B500A09046 /* Reusable.swift in Sources */,
				5E1C6AAF212E4814000D3A7C /* Date+Ge.swift in Sources */,
				5E2FC3A420DA5F59007FEF3E /* UIControl+Ge.swift in Sources */,
				5E2FC3A920DA5F59007FEF3E /* UIImage+Ge.swift in Sources */,
				5EF525C3219BBD82004F2D55 /* UICollectionView+Ge.swift in Sources */,
				5E2FC3AF20DA5F59007FEF3E /* Data+Ge.swift in Sources */,
				5E2FC3AA20DA5F59007FEF3E /* UIAlertViewController+Ge.swift in Sources */,
				5E2FC37F20DA59A6007FEF3E /* ViewController.swift in Sources */,
				5E2FC3AE20DA5F59007FEF3E /* GeSwift.swift in Sources */,
				5E2FC3B020DA5F59007FEF3E /* String+Ge.swift in Sources */,
				5E2FC3A620DA5F59007FEF3E /* UIView+Ge.swift in Sources */,
				5EF525C9219BC31E004F2D55 /* Defaults.swift in Sources */,
				5E2FC37D20DA59A6007FEF3E /* AppDelegate.swift in Sources */,
				5E2FC3AB20DA5F59007FEF3E /* UIResponder.swift in Sources */,
				5E1C6AB5212E538C000D3A7C /* UIScrollView+Ge.swift in Sources */,
				5EF525C5219BBFF2004F2D55 /* UserDefaults+Ge.swift in Sources */,
				5EF525C7219BC13F004F2D55 /* Plist.swift in Sources */,
				5E2FC3A720DA5F59007FEF3E /* UIColor+Ge.swift in Sources */,
				5EDB9BF6213E73D700CF3193 /* Notification+Ge.swift in Sources */,
				5E2FC3A820DA5F59007FEF3E /* UITableView+Ge.swift in Sources */,
			);
			runOnlyForDeploymentPostprocessing = 0;
		};
/* End PBXSourcesBuildPhase section */

/* Begin PBXVariantGroup section */
		5E2FC38020DA59A6007FEF3E /* Main.storyboard */ = {
			isa = PBXVariantGroup;
			children = (
				5E2FC38120DA59A6007FEF3E /* Base */,
			);
			name = Main.storyboard;
			sourceTree = "<group>";
		};
		5E2FC38520DA59A9007FEF3E /* LaunchScreen.storyboard */ = {
			isa = PBXVariantGroup;
			children = (
				5E2FC38620DA59A9007FEF3E /* Base */,
			);
			name = LaunchScreen.storyboard;
			sourceTree = "<group>";
		};
/* End PBXVariantGroup section */

/* Begin XCBuildConfiguration section */
		5E2FC38920DA59A9007FEF3E /* Debug */ = {
			isa = XCBuildConfiguration;
			buildSettings = {
				ALWAYS_SEARCH_USER_PATHS = NO;
				CLANG_ANALYZER_NONNULL = YES;
				CLANG_ANALYZER_NUMBER_OBJECT_CONVERSION = YES_AGGRESSIVE;
				CLANG_CXX_LANGUAGE_STANDARD = "gnu++14";
				CLANG_CXX_LIBRARY = "libc++";
				CLANG_ENABLE_MODULES = YES;
				CLANG_ENABLE_OBJC_ARC = YES;
				CLANG_ENABLE_OBJC_WEAK = YES;
				CLANG_WARN_BLOCK_CAPTURE_AUTORELEASING = YES;
				CLANG_WARN_BOOL_CONVERSION = YES;
				CLANG_WARN_COMMA = YES;
				CLANG_WARN_CONSTANT_CONVERSION = YES;
				CLANG_WARN_DEPRECATED_OBJC_IMPLEMENTATIONS = YES;
				CLANG_WARN_DIRECT_OBJC_ISA_USAGE = YES_ERROR;
				CLANG_WARN_DOCUMENTATION_COMMENTS = YES;
				CLANG_WARN_EMPTY_BODY = YES;
				CLANG_WARN_ENUM_CONVERSION = YES;
				CLANG_WARN_INFINITE_RECURSION = YES;
				CLANG_WARN_INT_CONVERSION = YES;
				CLANG_WARN_NON_LITERAL_NULL_CONVERSION = YES;
				CLANG_WARN_OBJC_IMPLICIT_RETAIN_SELF = YES;
				CLANG_WARN_OBJC_LITERAL_CONVERSION = YES;
				CLANG_WARN_OBJC_ROOT_CLASS = YES_ERROR;
				CLANG_WARN_RANGE_LOOP_ANALYSIS = YES;
				CLANG_WARN_STRICT_PROTOTYPES = YES;
				CLANG_WARN_SUSPICIOUS_MOVE = YES;
				CLANG_WARN_UNGUARDED_AVAILABILITY = YES_AGGRESSIVE;
				CLANG_WARN_UNREACHABLE_CODE = YES;
				CLANG_WARN__DUPLICATE_METHOD_MATCH = YES;
				CODE_SIGN_IDENTITY = "iPhone Developer";
				COPY_PHASE_STRIP = NO;
				DEBUG_INFORMATION_FORMAT = dwarf;
				ENABLE_STRICT_OBJC_MSGSEND = YES;
				ENABLE_TESTABILITY = YES;
				GCC_C_LANGUAGE_STANDARD = gnu11;
				GCC_DYNAMIC_NO_PIC = NO;
				GCC_NO_COMMON_BLOCKS = YES;
				GCC_OPTIMIZATION_LEVEL = 0;
				GCC_PREPROCESSOR_DEFINITIONS = (
					"DEBUG=1",
					"$(inherited)",
				);
				GCC_WARN_64_TO_32_BIT_CONVERSION = YES;
				GCC_WARN_ABOUT_RETURN_TYPE = YES_ERROR;
				GCC_WARN_UNDECLARED_SELECTOR = YES;
				GCC_WARN_UNINITIALIZED_AUTOS = YES_AGGRESSIVE;
				GCC_WARN_UNUSED_FUNCTION = YES;
				GCC_WARN_UNUSED_VARIABLE = YES;
				IPHONEOS_DEPLOYMENT_TARGET = 11.4;
				MTL_ENABLE_DEBUG_INFO = YES;
				ONLY_ACTIVE_ARCH = YES;
				SDKROOT = iphoneos;
				SWIFT_ACTIVE_COMPILATION_CONDITIONS = DEBUG;
				SWIFT_OPTIMIZATION_LEVEL = "-Onone";
			};
			name = Debug;
		};
		5E2FC38A20DA59A9007FEF3E /* Release */ = {
			isa = XCBuildConfiguration;
			buildSettings = {
				ALWAYS_SEARCH_USER_PATHS = NO;
				CLANG_ANALYZER_NONNULL = YES;
				CLANG_ANALYZER_NUMBER_OBJECT_CONVERSION = YES_AGGRESSIVE;
				CLANG_CXX_LANGUAGE_STANDARD = "gnu++14";
				CLANG_CXX_LIBRARY = "libc++";
				CLANG_ENABLE_MODULES = YES;
				CLANG_ENABLE_OBJC_ARC = YES;
				CLANG_ENABLE_OBJC_WEAK = YES;
				CLANG_WARN_BLOCK_CAPTURE_AUTORELEASING = YES;
				CLANG_WARN_BOOL_CONVERSION = YES;
				CLANG_WARN_COMMA = YES;
				CLANG_WARN_CONSTANT_CONVERSION = YES;
				CLANG_WARN_DEPRECATED_OBJC_IMPLEMENTATIONS = YES;
				CLANG_WARN_DIRECT_OBJC_ISA_USAGE = YES_ERROR;
				CLANG_WARN_DOCUMENTATION_COMMENTS = YES;
				CLANG_WARN_EMPTY_BODY = YES;
				CLANG_WARN_ENUM_CONVERSION = YES;
				CLANG_WARN_INFINITE_RECURSION = YES;
				CLANG_WARN_INT_CONVERSION = YES;
				CLANG_WARN_NON_LITERAL_NULL_CONVERSION = YES;
				CLANG_WARN_OBJC_IMPLICIT_RETAIN_SELF = YES;
				CLANG_WARN_OBJC_LITERAL_CONVERSION = YES;
				CLANG_WARN_OBJC_ROOT_CLASS = YES_ERROR;
				CLANG_WARN_RANGE_LOOP_ANALYSIS = YES;
				CLANG_WARN_STRICT_PROTOTYPES = YES;
				CLANG_WARN_SUSPICIOUS_MOVE = YES;
				CLANG_WARN_UNGUARDED_AVAILABILITY = YES_AGGRESSIVE;
				CLANG_WARN_UNREACHABLE_CODE = YES;
				CLANG_WARN__DUPLICATE_METHOD_MATCH = YES;
				CODE_SIGN_IDENTITY = "iPhone Developer";
				COPY_PHASE_STRIP = NO;
				DEBUG_INFORMATION_FORMAT = "dwarf-with-dsym";
				ENABLE_NS_ASSERTIONS = NO;
				ENABLE_STRICT_OBJC_MSGSEND = YES;
				GCC_C_LANGUAGE_STANDARD = gnu11;
				GCC_NO_COMMON_BLOCKS = YES;
				GCC_WARN_64_TO_32_BIT_CONVERSION = YES;
				GCC_WARN_ABOUT_RETURN_TYPE = YES_ERROR;
				GCC_WARN_UNDECLARED_SELECTOR = YES;
				GCC_WARN_UNINITIALIZED_AUTOS = YES_AGGRESSIVE;
				GCC_WARN_UNUSED_FUNCTION = YES;
				GCC_WARN_UNUSED_VARIABLE = YES;
				IPHONEOS_DEPLOYMENT_TARGET = 11.4;
				MTL_ENABLE_DEBUG_INFO = NO;
				SDKROOT = iphoneos;
				SWIFT_COMPILATION_MODE = wholemodule;
				SWIFT_OPTIMIZATION_LEVEL = "-O";
				VALIDATE_PRODUCT = YES;
			};
			name = Release;
		};
		5E2FC38C20DA59A9007FEF3E /* Debug */ = {
			isa = XCBuildConfiguration;
			buildSettings = {
				ASSETCATALOG_COMPILER_APPICON_NAME = AppIcon;
				CODE_SIGN_STYLE = Automatic;
				INFOPLIST_FILE = GeSwift/Info.plist;
				IPHONEOS_DEPLOYMENT_TARGET = 9.0;
				LD_RUNPATH_SEARCH_PATHS = (
					"$(inherited)",
					"@executable_path/Frameworks",
				);
				PRODUCT_BUNDLE_IDENTIFIER = com.mr.my.ge.GeSwift;
				PRODUCT_NAME = "$(TARGET_NAME)";
				SWIFT_VERSION = 4.2;
				TARGETED_DEVICE_FAMILY = "1,2";
			};
			name = Debug;
		};
		5E2FC38D20DA59A9007FEF3E /* Release */ = {
			isa = XCBuildConfiguration;
			buildSettings = {
				ASSETCATALOG_COMPILER_APPICON_NAME = AppIcon;
				CODE_SIGN_STYLE = Automatic;
				INFOPLIST_FILE = GeSwift/Info.plist;
				IPHONEOS_DEPLOYMENT_TARGET = 9.0;
				LD_RUNPATH_SEARCH_PATHS = (
					"$(inherited)",
					"@executable_path/Frameworks",
				);
				PRODUCT_BUNDLE_IDENTIFIER = com.mr.my.ge.GeSwift;
				PRODUCT_NAME = "$(TARGET_NAME)";
				SWIFT_VERSION = 4.2;
				TARGETED_DEVICE_FAMILY = "1,2";
			};
			name = Release;
		};
/* End XCBuildConfiguration section */

/* Begin XCConfigurationList section */
		5E2FC37420DA59A6007FEF3E /* Build configuration list for PBXProject "GeSwift" */ = {
			isa = XCConfigurationList;
			buildConfigurations = (
				5E2FC38920DA59A9007FEF3E /* Debug */,
				5E2FC38A20DA59A9007FEF3E /* Release */,
			);
			defaultConfigurationIsVisible = 0;
			defaultConfigurationName = Release;
		};
		5E2FC38B20DA59A9007FEF3E /* Build configuration list for PBXNativeTarget "GeSwift" */ = {
			isa = XCConfigurationList;
			buildConfigurations = (
				5E2FC38C20DA59A9007FEF3E /* Debug */,
				5E2FC38D20DA59A9007FEF3E /* Release */,
			);
			defaultConfigurationIsVisible = 0;
			defaultConfigurationName = Release;
		};
/* End XCConfigurationList section */
	};
	rootObject = 5E2FC37120DA59A6007FEF3E /* Project object */;
}
