// !$*UTF8*$!
{
	archiveVersion = 1;
	classes = {
	};
	objectVersion = 51;
	objects = {

/* Begin PBXBuildFile section */
		4A1B1BF723279F6800DE7FBF /* UILabel+Ge.swift in Sources */ = {isa = PBXBuildFile; fileRef = 4A1B1BF623279F6800DE7FBF /* UILabel+Ge.swift */; };
		4A1B1C4F23288B7500DE7FBF /* UIControl+Ge.swift in Sources */ = {isa = PBXBuildFile; fileRef = 5E2FC39320DA5F59007FEF3E /* UIControl+Ge.swift */; };
		4A1B1C5023288B7500DE7FBF /* UIView+Ge.swift in Sources */ = {isa = PBXBuildFile; fileRef = 5E2FC39520DA5F59007FEF3E /* UIView+Ge.swift */; };
		4A1B1C5223288B7500DE7FBF /* UITableView+Ge.swift in Sources */ = {isa = PBXBuildFile; fileRef = 5E2FC39720DA5F59007FEF3E /* UITableView+Ge.swift */; };
		4A1B1C5323288B7500DE7FBF /* UIImage+Ge.swift in Sources */ = {isa = PBXBuildFile; fileRef = 5E2FC39820DA5F59007FEF3E /* UIImage+Ge.swift */; };
		4A1B1C5423288B7500DE7FBF /* UIAlertViewController+Ge.swift in Sources */ = {isa = PBXBuildFile; fileRef = 5E2FC39920DA5F59007FEF3E /* UIAlertViewController+Ge.swift */; };
		4A1B1C5523288B7500DE7FBF /* UIScrollView+Ge.swift in Sources */ = {isa = PBXBuildFile; fileRef = 5E1C6AB4212E538C000D3A7C /* UIScrollView+Ge.swift */; };
		4A1B1C5623288B7500DE7FBF /* UICollectionView+Ge.swift in Sources */ = {isa = PBXBuildFile; fileRef = 5EF525C2219BBD82004F2D55 /* UICollectionView+Ge.swift */; };
		4A1B1C5723288B7500DE7FBF /* UIWindow+Ge.swift in Sources */ = {isa = PBXBuildFile; fileRef = 5ED77EAD21ABD98900587B26 /* UIWindow+Ge.swift */; };
		4A1B1C5823288B7500DE7FBF /* UILabel+Ge.swift in Sources */ = {isa = PBXBuildFile; fileRef = 4A1B1BF623279F6800DE7FBF /* UILabel+Ge.swift */; };
		4A1B1C5923288B8300DE7FBF /* UIResponder.swift in Sources */ = {isa = PBXBuildFile; fileRef = 5E2FC39A20DA5F59007FEF3E /* UIResponder.swift */; };
		4A1B1C5A23288B8300DE7FBF /* Reusable.swift in Sources */ = {isa = PBXBuildFile; fileRef = 5E49EFE6219AC2B500A09046 /* Reusable.swift */; };
		4A1B1C5B23288B8300DE7FBF /* GeSwift.swift in Sources */ = {isa = PBXBuildFile; fileRef = 5E2FC39F20DA5F59007FEF3E /* GeSwift.swift */; };
		4A1B1C5C23288B8300DE7FBF /* Plist.swift in Sources */ = {isa = PBXBuildFile; fileRef = 5EF525C6219BC13F004F2D55 /* Plist.swift */; };
		4A1B1C5D23288B8300DE7FBF /* Defaults.swift in Sources */ = {isa = PBXBuildFile; fileRef = 5EF525C8219BC31E004F2D55 /* Defaults.swift */; };
		4A1B1C5E23288B8900DE7FBF /* Data+Ge.swift in Sources */ = {isa = PBXBuildFile; fileRef = 5E2FC3A120DA5F59007FEF3E /* Data+Ge.swift */; };
		4A1B1C5F23288B8900DE7FBF /* String+Ge.swift in Sources */ = {isa = PBXBuildFile; fileRef = 5E2FC3A220DA5F59007FEF3E /* String+Ge.swift */; };
		4A1B1C6023288B8900DE7FBF /* Date+Ge.swift in Sources */ = {isa = PBXBuildFile; fileRef = 5E1C6AAE212E4814000D3A7C /* Date+Ge.swift */; };
		4A1B1C6123288B8900DE7FBF /* Notification+Ge.swift in Sources */ = {isa = PBXBuildFile; fileRef = 5EDB9BF5213E73D700CF3193 /* Notification+Ge.swift */; };
		4A1B1C6223288B8900DE7FBF /* UserDefaults+Ge.swift in Sources */ = {isa = PBXBuildFile; fileRef = 5EF525C4219BBFF2004F2D55 /* UserDefaults+Ge.swift */; };
		4A1B1C6523288D3A00DE7FBF /* HorizontalViewController.swift in Sources */ = {isa = PBXBuildFile; fileRef = 4A1B1C6423288D3A00DE7FBF /* HorizontalViewController.swift */; };
		4A1B1C732328D0E100DE7FBF /* FadeHorizontalView.swift in Sources */ = {isa = PBXBuildFile; fileRef = 4A1B1C722328D0E100DE7FBF /* FadeHorizontalView.swift */; };
		4A26FA95233B50F900B8E10D /* HorizontalView.swift in Sources */ = {isa = PBXBuildFile; fileRef = 4A26FA94233B50F900B8E10D /* HorizontalView.swift */; };
		4A26FA98233B55F400B8E10D /* Storyboard.storyboard in Resources */ = {isa = PBXBuildFile; fileRef = 4A26FA97233B55F400B8E10D /* Storyboard.storyboard */; };
		4A26FA9A233B594000B8E10D /* Protocols.swift in Sources */ = {isa = PBXBuildFile; fileRef = 4A26FA99233B594000B8E10D /* Protocols.swift */; };
		4A26FA9C233B59B100B8E10D /* HorizontalCell.swift in Sources */ = {isa = PBXBuildFile; fileRef = 4A26FA9B233B59B100B8E10D /* HorizontalCell.swift */; };
		4A669B5D233C5F7200A69866 /* Animation.swift in Sources */ = {isa = PBXBuildFile; fileRef = 4A669B5C233C5F7200A69866 /* Animation.swift */; };
		4A67057A2340B2A1007D7C28 /* UIColor+Ge.swift in Sources */ = {isa = PBXBuildFile; fileRef = 4A6705792340B2A1007D7C28 /* UIColor+Ge.swift */; };
		4AD24BDA233C913A003D05F8 /* AnimationViewController.swift in Sources */ = {isa = PBXBuildFile; fileRef = 4AD24BD9233C913A003D05F8 /* AnimationViewController.swift */; };
		4AD24BDC233C9322003D05F8 /* Label.swift in Sources */ = {isa = PBXBuildFile; fileRef = 4AD24BDB233C9322003D05F8 /* Label.swift */; };
		4AD24BDE233C93FB003D05F8 /* View.swift in Sources */ = {isa = PBXBuildFile; fileRef = 4AD24BDD233C93FB003D05F8 /* View.swift */; };
		4AFCFF372329F14D00EDD09A /* ScanViewController.swift in Sources */ = {isa = PBXBuildFile; fileRef = 4AFCFF362329F14D00EDD09A /* ScanViewController.swift */; };
		4AFCFF392329F55900EDD09A /* CycleScrollViewController.swift in Sources */ = {isa = PBXBuildFile; fileRef = 4AFCFF382329F55900EDD09A /* CycleScrollViewController.swift */; };
		4AFCFF3E2329F5D800EDD09A /* CycleScrollView.swift in Sources */ = {isa = PBXBuildFile; fileRef = 4AFCFF3D2329F5D800EDD09A /* CycleScrollView.swift */; };
		4AFCFF412329F5EB00EDD09A /* ScanView.swift in Sources */ = {isa = PBXBuildFile; fileRef = 4AFCFF402329F5EB00EDD09A /* ScanView.swift */; };
		4AFCFF43232A4E0800EDD09A /* NSObject+Ge.swift in Sources */ = {isa = PBXBuildFile; fileRef = 4AFCFF42232A4E0800EDD09A /* NSObject+Ge.swift */; };
		5E02E3BD228BB6BC002F8AF1 /* GeSwiftTests.swift in Sources */ = {isa = PBXBuildFile; fileRef = 5E02E3BC228BB6BC002F8AF1 /* GeSwiftTests.swift */; };
		5E1C6AAF212E4814000D3A7C /* Date+Ge.swift in Sources */ = {isa = PBXBuildFile; fileRef = 5E1C6AAE212E4814000D3A7C /* Date+Ge.swift */; };
		5E1C6AB5212E538C000D3A7C /* UIScrollView+Ge.swift in Sources */ = {isa = PBXBuildFile; fileRef = 5E1C6AB4212E538C000D3A7C /* UIScrollView+Ge.swift */; };
		5E2FC37D20DA59A6007FEF3E /* AppDelegate.swift in Sources */ = {isa = PBXBuildFile; fileRef = 5E2FC37C20DA59A6007FEF3E /* AppDelegate.swift */; };
		5E2FC37F20DA59A6007FEF3E /* ViewController.swift in Sources */ = {isa = PBXBuildFile; fileRef = 5E2FC37E20DA59A6007FEF3E /* ViewController.swift */; };
		5E2FC38420DA59A9007FEF3E /* Assets.xcassets in Resources */ = {isa = PBXBuildFile; fileRef = 5E2FC38320DA59A9007FEF3E /* Assets.xcassets */; };
		5E2FC38720DA59A9007FEF3E /* LaunchScreen.storyboard in Resources */ = {isa = PBXBuildFile; fileRef = 5E2FC38520DA59A9007FEF3E /* LaunchScreen.storyboard */; };
		5E2FC3A420DA5F59007FEF3E /* UIControl+Ge.swift in Sources */ = {isa = PBXBuildFile; fileRef = 5E2FC39320DA5F59007FEF3E /* UIControl+Ge.swift */; };
		5E2FC3A620DA5F59007FEF3E /* UIView+Ge.swift in Sources */ = {isa = PBXBuildFile; fileRef = 5E2FC39520DA5F59007FEF3E /* UIView+Ge.swift */; };
		5E2FC3A820DA5F59007FEF3E /* UITableView+Ge.swift in Sources */ = {isa = PBXBuildFile; fileRef = 5E2FC39720DA5F59007FEF3E /* UITableView+Ge.swift */; };
		5E2FC3A920DA5F59007FEF3E /* UIImage+Ge.swift in Sources */ = {isa = PBXBuildFile; fileRef = 5E2FC39820DA5F59007FEF3E /* UIImage+Ge.swift */; };
		5E2FC3AA20DA5F59007FEF3E /* UIAlertViewController+Ge.swift in Sources */ = {isa = PBXBuildFile; fileRef = 5E2FC39920DA5F59007FEF3E /* UIAlertViewController+Ge.swift */; };
		5E2FC3AB20DA5F59007FEF3E /* UIResponder.swift in Sources */ = {isa = PBXBuildFile; fileRef = 5E2FC39A20DA5F59007FEF3E /* UIResponder.swift */; };
		5E2FC3AE20DA5F59007FEF3E /* GeSwift.swift in Sources */ = {isa = PBXBuildFile; fileRef = 5E2FC39F20DA5F59007FEF3E /* GeSwift.swift */; };
		5E2FC3AF20DA5F59007FEF3E /* Data+Ge.swift in Sources */ = {isa = PBXBuildFile; fileRef = 5E2FC3A120DA5F59007FEF3E /* Data+Ge.swift */; };
		5E2FC3B020DA5F59007FEF3E /* String+Ge.swift in Sources */ = {isa = PBXBuildFile; fileRef = 5E2FC3A220DA5F59007FEF3E /* String+Ge.swift */; };
		5E49EFE7219AC2B500A09046 /* Reusable.swift in Sources */ = {isa = PBXBuildFile; fileRef = 5E49EFE6219AC2B500A09046 /* Reusable.swift */; };
		5E4E7623219D63C30012F6A8 /* WCDB+Ge.swift in Sources */ = {isa = PBXBuildFile; fileRef = 5E4E7622219D63C30012F6A8 /* WCDB+Ge.swift */; };
		5EA9A52B21FFFB290066089B /* GeSwift.podspec in Resources */ = {isa = PBXBuildFile; fileRef = 5EA9A52A21FFFB290066089B /* GeSwift.podspec */; };
		5ED77EAE21ABD98900587B26 /* UIWindow+Ge.swift in Sources */ = {isa = PBXBuildFile; fileRef = 5ED77EAD21ABD98900587B26 /* UIWindow+Ge.swift */; };
		5EDB9BF6213E73D700CF3193 /* Notification+Ge.swift in Sources */ = {isa = PBXBuildFile; fileRef = 5EDB9BF5213E73D700CF3193 /* Notification+Ge.swift */; };
		5EF525C3219BBD82004F2D55 /* UICollectionView+Ge.swift in Sources */ = {isa = PBXBuildFile; fileRef = 5EF525C2219BBD82004F2D55 /* UICollectionView+Ge.swift */; };
		5EF525C5219BBFF2004F2D55 /* UserDefaults+Ge.swift in Sources */ = {isa = PBXBuildFile; fileRef = 5EF525C4219BBFF2004F2D55 /* UserDefaults+Ge.swift */; };
		5EF525C7219BC13F004F2D55 /* Plist.swift in Sources */ = {isa = PBXBuildFile; fileRef = 5EF525C6219BC13F004F2D55 /* Plist.swift */; };
		5EF525C9219BC31E004F2D55 /* Defaults.swift in Sources */ = {isa = PBXBuildFile; fileRef = 5EF525C8219BC31E004F2D55 /* Defaults.swift */; };
		6EF2BCAC04BB4AE33DDCB4F6 /* Pods_GeSwift.framework in Frameworks */ = {isa = PBXBuildFile; fileRef = B43667C1ED0CACF5FC847A95 /* Pods_GeSwift.framework */; };
		C8719B4626C9F28670742C1B /* Pods_GeSwiftTests.framework in Frameworks */ = {isa = PBXBuildFile; fileRef = CF6902E79E348691ABF0DCDB /* Pods_GeSwiftTests.framework */; };
/* End PBXBuildFile section */

/* Begin PBXContainerItemProxy section */
		5E02E3BF228BB6BC002F8AF1 /* PBXContainerItemProxy */ = {
			isa = PBXContainerItemProxy;
			containerPortal = 5E2FC37120DA59A6007FEF3E /* Project object */;
			proxyType = 1;
			remoteGlobalIDString = 5E2FC37820DA59A6007FEF3E;
			remoteInfo = GeSwift;
		};
/* End PBXContainerItemProxy section */

/* Begin PBXFileReference section */
		416C9C50DE715E9E10C15132 /* Pods-GeSwift.release.xcconfig */ = {isa = PBXFileReference; includeInIndex = 1; lastKnownFileType = text.xcconfig; name = "Pods-GeSwift.release.xcconfig"; path = "Pods/Target Support Files/Pods-GeSwift/Pods-GeSwift.release.xcconfig"; sourceTree = "<group>"; };
		4A1B1BF623279F6800DE7FBF /* UILabel+Ge.swift */ = {isa = PBXFileReference; lastKnownFileType = sourcecode.swift; path = "UILabel+Ge.swift"; sourceTree = "<group>"; };
		4A1B1C6423288D3A00DE7FBF /* HorizontalViewController.swift */ = {isa = PBXFileReference; lastKnownFileType = sourcecode.swift; path = HorizontalViewController.swift; sourceTree = "<group>"; };
		4A1B1C722328D0E100DE7FBF /* FadeHorizontalView.swift */ = {isa = PBXFileReference; lastKnownFileType = sourcecode.swift; path = FadeHorizontalView.swift; sourceTree = "<group>"; };
		4A26FA94233B50F900B8E10D /* HorizontalView.swift */ = {isa = PBXFileReference; lastKnownFileType = sourcecode.swift; path = HorizontalView.swift; sourceTree = "<group>"; };
		4A26FA97233B55F400B8E10D /* Storyboard.storyboard */ = {isa = PBXFileReference; lastKnownFileType = file.storyboard; path = Storyboard.storyboard; sourceTree = "<group>"; };
		4A26FA99233B594000B8E10D /* Protocols.swift */ = {isa = PBXFileReference; lastKnownFileType = sourcecode.swift; path = Protocols.swift; sourceTree = "<group>"; };
		4A26FA9B233B59B100B8E10D /* HorizontalCell.swift */ = {isa = PBXFileReference; lastKnownFileType = sourcecode.swift; path = HorizontalCell.swift; sourceTree = "<group>"; };
		4A669B5C233C5F7200A69866 /* Animation.swift */ = {isa = PBXFileReference; lastKnownFileType = sourcecode.swift; path = Animation.swift; sourceTree = "<group>"; };
		4A6705792340B2A1007D7C28 /* UIColor+Ge.swift */ = {isa = PBXFileReference; fileEncoding = 4; lastKnownFileType = sourcecode.swift; path = "UIColor+Ge.swift"; sourceTree = "<group>"; };
		4AD24BD9233C913A003D05F8 /* AnimationViewController.swift */ = {isa = PBXFileReference; lastKnownFileType = sourcecode.swift; path = AnimationViewController.swift; sourceTree = "<group>"; };
		4AD24BDB233C9322003D05F8 /* Label.swift */ = {isa = PBXFileReference; lastKnownFileType = sourcecode.swift; path = Label.swift; sourceTree = "<group>"; };
		4AD24BDD233C93FB003D05F8 /* View.swift */ = {isa = PBXFileReference; lastKnownFileType = sourcecode.swift; path = View.swift; sourceTree = "<group>"; };
		4AFCFF362329F14D00EDD09A /* ScanViewController.swift */ = {isa = PBXFileReference; lastKnownFileType = sourcecode.swift; path = ScanViewController.swift; sourceTree = "<group>"; };
		4AFCFF382329F55900EDD09A /* CycleScrollViewController.swift */ = {isa = PBXFileReference; lastKnownFileType = sourcecode.swift; path = CycleScrollViewController.swift; sourceTree = "<group>"; };
		4AFCFF3D2329F5D800EDD09A /* CycleScrollView.swift */ = {isa = PBXFileReference; fileEncoding = 4; lastKnownFileType = sourcecode.swift; path = CycleScrollView.swift; sourceTree = "<group>"; };
		4AFCFF402329F5EB00EDD09A /* ScanView.swift */ = {isa = PBXFileReference; fileEncoding = 4; lastKnownFileType = sourcecode.swift; path = ScanView.swift; sourceTree = "<group>"; };
		4AFCFF42232A4E0800EDD09A /* NSObject+Ge.swift */ = {isa = PBXFileReference; lastKnownFileType = sourcecode.swift; path = "NSObject+Ge.swift"; sourceTree = "<group>"; };
		520017B9EEFF8D241A5DF796 /* Pods-GeSwift.debug.xcconfig */ = {isa = PBXFileReference; includeInIndex = 1; lastKnownFileType = text.xcconfig; name = "Pods-GeSwift.debug.xcconfig"; path = "Pods/Target Support Files/Pods-GeSwift/Pods-GeSwift.debug.xcconfig"; sourceTree = "<group>"; };
		5E02E3BA228BB6BC002F8AF1 /* GeSwiftTests.xctest */ = {isa = PBXFileReference; explicitFileType = wrapper.cfbundle; includeInIndex = 0; path = GeSwiftTests.xctest; sourceTree = BUILT_PRODUCTS_DIR; };
		5E02E3BC228BB6BC002F8AF1 /* GeSwiftTests.swift */ = {isa = PBXFileReference; lastKnownFileType = sourcecode.swift; path = GeSwiftTests.swift; sourceTree = "<group>"; };
		5E02E3BE228BB6BC002F8AF1 /* Info.plist */ = {isa = PBXFileReference; lastKnownFileType = text.plist.xml; path = Info.plist; sourceTree = "<group>"; };
		5E1C6AAE212E4814000D3A7C /* Date+Ge.swift */ = {isa = PBXFileReference; lastKnownFileType = sourcecode.swift; path = "Date+Ge.swift"; sourceTree = "<group>"; };
		5E1C6AB4212E538C000D3A7C /* UIScrollView+Ge.swift */ = {isa = PBXFileReference; lastKnownFileType = sourcecode.swift; path = "UIScrollView+Ge.swift"; sourceTree = "<group>"; };
		5E2FC37920DA59A6007FEF3E /* GeSwift.app */ = {isa = PBXFileReference; explicitFileType = wrapper.application; includeInIndex = 0; path = GeSwift.app; sourceTree = BUILT_PRODUCTS_DIR; };
		5E2FC37C20DA59A6007FEF3E /* AppDelegate.swift */ = {isa = PBXFileReference; lastKnownFileType = sourcecode.swift; path = AppDelegate.swift; sourceTree = "<group>"; };
		5E2FC37E20DA59A6007FEF3E /* ViewController.swift */ = {isa = PBXFileReference; lastKnownFileType = sourcecode.swift; path = ViewController.swift; sourceTree = "<group>"; };
		5E2FC38320DA59A9007FEF3E /* Assets.xcassets */ = {isa = PBXFileReference; lastKnownFileType = folder.assetcatalog; path = Assets.xcassets; sourceTree = "<group>"; };
		5E2FC38620DA59A9007FEF3E /* Base */ = {isa = PBXFileReference; lastKnownFileType = file.storyboard; name = Base; path = Base.lproj/LaunchScreen.storyboard; sourceTree = "<group>"; };
		5E2FC38820DA59A9007FEF3E /* Info.plist */ = {isa = PBXFileReference; lastKnownFileType = text.plist.xml; path = Info.plist; sourceTree = "<group>"; };
		5E2FC39320DA5F59007FEF3E /* UIControl+Ge.swift */ = {isa = PBXFileReference; fileEncoding = 4; lastKnownFileType = sourcecode.swift; path = "UIControl+Ge.swift"; sourceTree = "<group>"; };
		5E2FC39520DA5F59007FEF3E /* UIView+Ge.swift */ = {isa = PBXFileReference; fileEncoding = 4; lastKnownFileType = sourcecode.swift; path = "UIView+Ge.swift"; sourceTree = "<group>"; };
		5E2FC39720DA5F59007FEF3E /* UITableView+Ge.swift */ = {isa = PBXFileReference; fileEncoding = 4; lastKnownFileType = sourcecode.swift; path = "UITableView+Ge.swift"; sourceTree = "<group>"; };
		5E2FC39820DA5F59007FEF3E /* UIImage+Ge.swift */ = {isa = PBXFileReference; fileEncoding = 4; lastKnownFileType = sourcecode.swift; path = "UIImage+Ge.swift"; sourceTree = "<group>"; };
		5E2FC39920DA5F59007FEF3E /* UIAlertViewController+Ge.swift */ = {isa = PBXFileReference; fileEncoding = 4; lastKnownFileType = sourcecode.swift; path = "UIAlertViewController+Ge.swift"; sourceTree = "<group>"; };
		5E2FC39A20DA5F59007FEF3E /* UIResponder.swift */ = {isa = PBXFileReference; fileEncoding = 4; lastKnownFileType = sourcecode.swift; path = UIResponder.swift; sourceTree = "<group>"; };
		5E2FC39F20DA5F59007FEF3E /* GeSwift.swift */ = {isa = PBXFileReference; fileEncoding = 4; lastKnownFileType = sourcecode.swift; path = GeSwift.swift; sourceTree = "<group>"; };
		5E2FC3A120DA5F59007FEF3E /* Data+Ge.swift */ = {isa = PBXFileReference; fileEncoding = 4; lastKnownFileType = sourcecode.swift; path = "Data+Ge.swift"; sourceTree = "<group>"; };
		5E2FC3A220DA5F59007FEF3E /* String+Ge.swift */ = {isa = PBXFileReference; fileEncoding = 4; lastKnownFileType = sourcecode.swift; path = "String+Ge.swift"; sourceTree = "<group>"; };
		5E49EFE6219AC2B500A09046 /* Reusable.swift */ = {isa = PBXFileReference; fileEncoding = 4; lastKnownFileType = sourcecode.swift; path = Reusable.swift; sourceTree = "<group>"; };
		5E4E7622219D63C30012F6A8 /* WCDB+Ge.swift */ = {isa = PBXFileReference; fileEncoding = 4; lastKnownFileType = sourcecode.swift; path = "WCDB+Ge.swift"; sourceTree = "<group>"; };
		5EA9A52A21FFFB290066089B /* GeSwift.podspec */ = {isa = PBXFileReference; fileEncoding = 4; lastKnownFileType = text; name = GeSwift.podspec; path = ../GeSwift.podspec; sourceTree = "<group>"; };
		5ED77EAD21ABD98900587B26 /* UIWindow+Ge.swift */ = {isa = PBXFileReference; lastKnownFileType = sourcecode.swift; path = "UIWindow+Ge.swift"; sourceTree = "<group>"; };
		5EDB9BF5213E73D700CF3193 /* Notification+Ge.swift */ = {isa = PBXFileReference; lastKnownFileType = sourcecode.swift; path = "Notification+Ge.swift"; sourceTree = "<group>"; };
		5EF525C2219BBD82004F2D55 /* UICollectionView+Ge.swift */ = {isa = PBXFileReference; lastKnownFileType = sourcecode.swift; path = "UICollectionView+Ge.swift"; sourceTree = "<group>"; };
		5EF525C4219BBFF2004F2D55 /* UserDefaults+Ge.swift */ = {isa = PBXFileReference; lastKnownFileType = sourcecode.swift; path = "UserDefaults+Ge.swift"; sourceTree = "<group>"; };
		5EF525C6219BC13F004F2D55 /* Plist.swift */ = {isa = PBXFileReference; lastKnownFileType = sourcecode.swift; path = Plist.swift; sourceTree = "<group>"; };
		5EF525C8219BC31E004F2D55 /* Defaults.swift */ = {isa = PBXFileReference; lastKnownFileType = sourcecode.swift; path = Defaults.swift; sourceTree = "<group>"; };
		B43667C1ED0CACF5FC847A95 /* Pods_GeSwift.framework */ = {isa = PBXFileReference; explicitFileType = wrapper.framework; includeInIndex = 0; path = Pods_GeSwift.framework; sourceTree = BUILT_PRODUCTS_DIR; };
		CF6902E79E348691ABF0DCDB /* Pods_GeSwiftTests.framework */ = {isa = PBXFileReference; explicitFileType = wrapper.framework; includeInIndex = 0; path = Pods_GeSwiftTests.framework; sourceTree = BUILT_PRODUCTS_DIR; };
		F924FBD892D6C9FFC4D1D607 /* Pods-GeSwiftTests.debug.xcconfig */ = {isa = PBXFileReference; includeInIndex = 1; lastKnownFileType = text.xcconfig; name = "Pods-GeSwiftTests.debug.xcconfig"; path = "Pods/Target Support Files/Pods-GeSwiftTests/Pods-GeSwiftTests.debug.xcconfig"; sourceTree = "<group>"; };
		FB5C2970462D0297012BA8A5 /* Pods-GeSwiftTests.release.xcconfig */ = {isa = PBXFileReference; includeInIndex = 1; lastKnownFileType = text.xcconfig; name = "Pods-GeSwiftTests.release.xcconfig"; path = "Pods/Target Support Files/Pods-GeSwiftTests/Pods-GeSwiftTests.release.xcconfig"; sourceTree = "<group>"; };
/* End PBXFileReference section */

/* Begin PBXFrameworksBuildPhase section */
		5E02E3B7228BB6BC002F8AF1 /* Frameworks */ = {
			isa = PBXFrameworksBuildPhase;
			buildActionMask = 2147483647;
			files = (
				C8719B4626C9F28670742C1B /* Pods_GeSwiftTests.framework in Frameworks */,
			);
			runOnlyForDeploymentPostprocessing = 0;
		};
		5E2FC37620DA59A6007FEF3E /* Frameworks */ = {
			isa = PBXFrameworksBuildPhase;
			buildActionMask = 2147483647;
			files = (
				6EF2BCAC04BB4AE33DDCB4F6 /* Pods_GeSwift.framework in Frameworks */,
			);
			runOnlyForDeploymentPostprocessing = 0;
		};
/* End PBXFrameworksBuildPhase section */

/* Begin PBXGroup section */
		4A1B1C6323288D0400DE7FBF /* Examples */ = {
			isa = PBXGroup;
			children = (
				4A26FA96233B55DD00B8E10D /* StoryBoardTest */,
				4A1B1C6423288D3A00DE7FBF /* HorizontalViewController.swift */,
				4AFCFF362329F14D00EDD09A /* ScanViewController.swift */,
				4AFCFF382329F55900EDD09A /* CycleScrollViewController.swift */,
				4AD24BD9233C913A003D05F8 /* AnimationViewController.swift */,
			);
			path = Examples;
			sourceTree = "<group>";
		};
		4A1B1C6B2328BCF400DE7FBF /* HorizontalView */ = {
			isa = PBXGroup;
			children = (
				4A1B1C722328D0E100DE7FBF /* FadeHorizontalView.swift */,
				4A26FA94233B50F900B8E10D /* HorizontalView.swift */,
				4A26FA99233B594000B8E10D /* Protocols.swift */,
				4A26FA9B233B59B100B8E10D /* HorizontalCell.swift */,
			);
			path = HorizontalView;
			sourceTree = "<group>";
		};
		4A26FA96233B55DD00B8E10D /* StoryBoardTest */ = {
			isa = PBXGroup;
			children = (
				4A26FA97233B55F400B8E10D /* Storyboard.storyboard */,
			);
			path = StoryBoardTest;
			sourceTree = "<group>";
		};
		4AFCFF3C2329F5D800EDD09A /* CycleScrollView */ = {
			isa = PBXGroup;
			children = (
				4AFCFF3D2329F5D800EDD09A /* CycleScrollView.swift */,
			);
			path = CycleScrollView;
			sourceTree = "<group>";
		};
		4AFCFF3F2329F5EB00EDD09A /* ScanView */ = {
			isa = PBXGroup;
			children = (
				4AFCFF402329F5EB00EDD09A /* ScanView.swift */,
			);
			path = ScanView;
			sourceTree = "<group>";
		};
		5E02E3BB228BB6BC002F8AF1 /* GeSwiftTests */ = {
			isa = PBXGroup;
			children = (
				5E02E3BC228BB6BC002F8AF1 /* GeSwiftTests.swift */,
				5E02E3BE228BB6BC002F8AF1 /* Info.plist */,
			);
			path = GeSwiftTests;
			sourceTree = "<group>";
		};
		5E2FC37020DA59A6007FEF3E = {
			isa = PBXGroup;
			children = (
				5EA9A52A21FFFB290066089B /* GeSwift.podspec */,
				5E2FC37B20DA59A6007FEF3E /* GeSwift */,
				5E02E3BB228BB6BC002F8AF1 /* GeSwiftTests */,
				5E2FC37A20DA59A6007FEF3E /* Products */,
				73109FF9AD0F4262AA6DF44E /* Pods */,
				A6983030081C274FC5B44F92 /* Frameworks */,
			);
			sourceTree = "<group>";
		};
		5E2FC37A20DA59A6007FEF3E /* Products */ = {
			isa = PBXGroup;
			children = (
				5E2FC37920DA59A6007FEF3E /* GeSwift.app */,
				5E02E3BA228BB6BC002F8AF1 /* GeSwiftTests.xctest */,
			);
			name = Products;
			sourceTree = "<group>";
		};
		5E2FC37B20DA59A6007FEF3E /* GeSwift */ = {
			isa = PBXGroup;
			children = (
				4A1B1C6323288D0400DE7FBF /* Examples */,
				5E2FC39020DA5F59007FEF3E /* Ge */,
				5E2FC37C20DA59A6007FEF3E /* AppDelegate.swift */,
				5E2FC37E20DA59A6007FEF3E /* ViewController.swift */,
				5E2FC38320DA59A9007FEF3E /* Assets.xcassets */,
				5E2FC38520DA59A9007FEF3E /* LaunchScreen.storyboard */,
				5E2FC38820DA59A9007FEF3E /* Info.plist */,
			);
			path = GeSwift;
			sourceTree = "<group>";
		};
		5E2FC39020DA5F59007FEF3E /* Ge */ = {
			isa = PBXGroup;
			children = (
				5EFD342D2227D85900176241 /* JSON */,
				5EA9A52C22002B980066089B /* Animation */,
				5E4E7624219D646A0012F6A8 /* Control */,
				5E4E7621219D63A60012F6A8 /* DataBase */,
				5E2FC39120DA5F59007FEF3E /* UI */,
				5E2FC39D20DA5F59007FEF3E /* Core */,
				5E2FC3A020DA5F59007FEF3E /* Foundation */,
			);
			path = Ge;
			sourceTree = SOURCE_ROOT;
		};
		5E2FC39120DA5F59007FEF3E /* UI */ = {
			isa = PBXGroup;
			children = (
				5E2FC39320DA5F59007FEF3E /* UIControl+Ge.swift */,
				5E2FC39520DA5F59007FEF3E /* UIView+Ge.swift */,
				5E2FC39720DA5F59007FEF3E /* UITableView+Ge.swift */,
				5E2FC39820DA5F59007FEF3E /* UIImage+Ge.swift */,
				5E2FC39920DA5F59007FEF3E /* UIAlertViewController+Ge.swift */,
				5E1C6AB4212E538C000D3A7C /* UIScrollView+Ge.swift */,
				5EF525C2219BBD82004F2D55 /* UICollectionView+Ge.swift */,
				4A6705792340B2A1007D7C28 /* UIColor+Ge.swift */,
				5ED77EAD21ABD98900587B26 /* UIWindow+Ge.swift */,
				4A1B1BF623279F6800DE7FBF /* UILabel+Ge.swift */,
			);
			path = UI;
			sourceTree = "<group>";
		};
		5E2FC39D20DA5F59007FEF3E /* Core */ = {
			isa = PBXGroup;
			children = (
				5E2FC39A20DA5F59007FEF3E /* UIResponder.swift */,
				5E49EFE6219AC2B500A09046 /* Reusable.swift */,
				5E2FC39F20DA5F59007FEF3E /* GeSwift.swift */,
				5EF525C6219BC13F004F2D55 /* Plist.swift */,
				5EF525C8219BC31E004F2D55 /* Defaults.swift */,
			);
			path = Core;
			sourceTree = "<group>";
		};
		5E2FC3A020DA5F59007FEF3E /* Foundation */ = {
			isa = PBXGroup;
			children = (
				5E2FC3A120DA5F59007FEF3E /* Data+Ge.swift */,
				5E2FC3A220DA5F59007FEF3E /* String+Ge.swift */,
				5E1C6AAE212E4814000D3A7C /* Date+Ge.swift */,
				5EDB9BF5213E73D700CF3193 /* Notification+Ge.swift */,
				5EF525C4219BBFF2004F2D55 /* UserDefaults+Ge.swift */,
				4AFCFF42232A4E0800EDD09A /* NSObject+Ge.swift */,
			);
			path = Foundation;
			sourceTree = "<group>";
		};
		5E4E7621219D63A60012F6A8 /* DataBase */ = {
			isa = PBXGroup;
			children = (
				5E4E7622219D63C30012F6A8 /* WCDB+Ge.swift */,
			);
			path = DataBase;
			sourceTree = "<group>";
		};
		5E4E7624219D646A0012F6A8 /* Control */ = {
			isa = PBXGroup;
			children = (
				4AFCFF3F2329F5EB00EDD09A /* ScanView */,
				4AFCFF3C2329F5D800EDD09A /* CycleScrollView */,
				4A1B1C6B2328BCF400DE7FBF /* HorizontalView */,
			);
			path = Control;
			sourceTree = "<group>";
		};
		5EA9A52C22002B980066089B /* Animation */ = {
			isa = PBXGroup;
			children = (
				4AD24BDD233C93FB003D05F8 /* View.swift */,
				4AD24BDB233C9322003D05F8 /* Label.swift */,
				4A669B5C233C5F7200A69866 /* Animation.swift */,
			);
			path = Animation;
			sourceTree = "<group>";
		};
		5EFD342D2227D85900176241 /* JSON */ = {
			isa = PBXGroup;
			children = (
			);
			path = JSON;
			sourceTree = "<group>";
		};
		73109FF9AD0F4262AA6DF44E /* Pods */ = {
			isa = PBXGroup;
			children = (
				520017B9EEFF8D241A5DF796 /* Pods-GeSwift.debug.xcconfig */,
				416C9C50DE715E9E10C15132 /* Pods-GeSwift.release.xcconfig */,
				F924FBD892D6C9FFC4D1D607 /* Pods-GeSwiftTests.debug.xcconfig */,
				FB5C2970462D0297012BA8A5 /* Pods-GeSwiftTests.release.xcconfig */,
			);
			name = Pods;
			sourceTree = "<group>";
		};
		A6983030081C274FC5B44F92 /* Frameworks */ = {
			isa = PBXGroup;
			children = (
				B43667C1ED0CACF5FC847A95 /* Pods_GeSwift.framework */,
				CF6902E79E348691ABF0DCDB /* Pods_GeSwiftTests.framework */,
			);
			name = Frameworks;
			sourceTree = "<group>";
		};
/* End PBXGroup section */

/* Begin PBXNativeTarget section */
		5E02E3B9228BB6BC002F8AF1 /* GeSwiftTests */ = {
			isa = PBXNativeTarget;
			buildConfigurationList = 5E02E3C3228BB6BC002F8AF1 /* Build configuration list for PBXNativeTarget "GeSwiftTests" */;
			buildPhases = (
				298AF78DBEAC2BE54AB90DED /* [CP] Check Pods Manifest.lock */,
				5E02E3B6228BB6BC002F8AF1 /* Sources */,
				5E02E3B7228BB6BC002F8AF1 /* Frameworks */,
				5E02E3B8228BB6BC002F8AF1 /* Resources */,
			);
			buildRules = (
			);
			dependencies = (
				5E02E3C0228BB6BC002F8AF1 /* PBXTargetDependency */,
			);
			name = GeSwiftTests;
			productName = GeSwiftTests;
			productReference = 5E02E3BA228BB6BC002F8AF1 /* GeSwiftTests.xctest */;
			productType = "com.apple.product-type.bundle.unit-test";
		};
		5E2FC37820DA59A6007FEF3E /* GeSwift */ = {
			isa = PBXNativeTarget;
			buildConfigurationList = 5E2FC38B20DA59A9007FEF3E /* Build configuration list for PBXNativeTarget "GeSwift" */;
			buildPhases = (
				7AC6B84F4BA720C6076E405E /* [CP] Check Pods Manifest.lock */,
				5E2FC37520DA59A6007FEF3E /* Sources */,
				5E2FC37620DA59A6007FEF3E /* Frameworks */,
				5E2FC37720DA59A6007FEF3E /* Resources */,
				FE325A3B0A9AFCF2A3D52BCE /* [CP] Embed Pods Frameworks */,
			);
			buildRules = (
			);
			dependencies = (
			);
			name = GeSwift;
			productName = GeSwift;
			productReference = 5E2FC37920DA59A6007FEF3E /* GeSwift.app */;
			productType = "com.apple.product-type.application";
		};
/* End PBXNativeTarget section */

/* Begin PBXProject section */
		5E2FC37120DA59A6007FEF3E /* Project object */ = {
			isa = PBXProject;
			attributes = {
				LastSwiftUpdateCheck = 1020;
				LastUpgradeCheck = 0940;
				ORGANIZATIONNAME = my;
				TargetAttributes = {
					5E02E3B9228BB6BC002F8AF1 = {
						CreatedOnToolsVersion = 10.2.1;
						TestTargetID = 5E2FC37820DA59A6007FEF3E;
					};
					5E2FC37820DA59A6007FEF3E = {
						CreatedOnToolsVersion = 9.4;
					};
				};
			};
			buildConfigurationList = 5E2FC37420DA59A6007FEF3E /* Build configuration list for PBXProject "GeSwift" */;
			compatibilityVersion = "Xcode 9.3";
			developmentRegion = en;
			hasScannedForEncodings = 0;
			knownRegions = (
				en,
				Base,
			);
			mainGroup = 5E2FC37020DA59A6007FEF3E;
			productRefGroup = 5E2FC37A20DA59A6007FEF3E /* Products */;
			projectDirPath = "";
			projectRoot = "";
			targets = (
				5E2FC37820DA59A6007FEF3E /* GeSwift */,
				5E02E3B9228BB6BC002F8AF1 /* GeSwiftTests */,
			);
		};
/* End PBXProject section */

/* Begin PBXResourcesBuildPhase section */
		5E02E3B8228BB6BC002F8AF1 /* Resources */ = {
			isa = PBXResourcesBuildPhase;
			buildActionMask = 2147483647;
			files = (
			);
			runOnlyForDeploymentPostprocessing = 0;
		};
		5E2FC37720DA59A6007FEF3E /* Resources */ = {
			isa = PBXResourcesBuildPhase;
			buildActionMask = 2147483647;
			files = (
				5EA9A52B21FFFB290066089B /* GeSwift.podspec in Resources */,
				4A26FA98233B55F400B8E10D /* Storyboard.storyboard in Resources */,
				5E2FC38720DA59A9007FEF3E /* LaunchScreen.storyboard in Resources */,
				5E2FC38420DA59A9007FEF3E /* Assets.xcassets in Resources */,
			);
			runOnlyForDeploymentPostprocessing = 0;
		};
/* End PBXResourcesBuildPhase section */

/* Begin PBXShellScriptBuildPhase section */
		298AF78DBEAC2BE54AB90DED /* [CP] Check Pods Manifest.lock */ = {
			isa = PBXShellScriptBuildPhase;
			buildActionMask = 2147483647;
			files = (
			);
			inputFileListPaths = (
			);
			inputPaths = (
				"${PODS_PODFILE_DIR_PATH}/Podfile.lock",
				"${PODS_ROOT}/Manifest.lock",
			);
			name = "[CP] Check Pods Manifest.lock";
			outputFileListPaths = (
			);
			outputPaths = (
				"$(DERIVED_FILE_DIR)/Pods-GeSwiftTests-checkManifestLockResult.txt",
			);
			runOnlyForDeploymentPostprocessing = 0;
			shellPath = /bin/sh;
			shellScript = "diff \"${PODS_PODFILE_DIR_PATH}/Podfile.lock\" \"${PODS_ROOT}/Manifest.lock\" > /dev/null\nif [ $? != 0 ] ; then\n    # print error to STDERR\n    echo \"error: The sandbox is not in sync with the Podfile.lock. Run 'pod install' or update your CocoaPods installation.\" >&2\n    exit 1\nfi\n# This output is used by Xcode 'outputs' to avoid re-running this script phase.\necho \"SUCCESS\" > \"${SCRIPT_OUTPUT_FILE_0}\"\n";
			showEnvVarsInLog = 0;
		};
		7AC6B84F4BA720C6076E405E /* [CP] Check Pods Manifest.lock */ = {
			isa = PBXShellScriptBuildPhase;
			buildActionMask = 2147483647;
			files = (
			);
			inputFileListPaths = (
			);
			inputPaths = (
				"${PODS_PODFILE_DIR_PATH}/Podfile.lock",
				"${PODS_ROOT}/Manifest.lock",
			);
			name = "[CP] Check Pods Manifest.lock";
			outputFileListPaths = (
			);
			outputPaths = (
				"$(DERIVED_FILE_DIR)/Pods-GeSwift-checkManifestLockResult.txt",
			);
			runOnlyForDeploymentPostprocessing = 0;
			shellPath = /bin/sh;
			shellScript = "diff \"${PODS_PODFILE_DIR_PATH}/Podfile.lock\" \"${PODS_ROOT}/Manifest.lock\" > /dev/null\nif [ $? != 0 ] ; then\n    # print error to STDERR\n    echo \"error: The sandbox is not in sync with the Podfile.lock. Run 'pod install' or update your CocoaPods installation.\" >&2\n    exit 1\nfi\n# This output is used by Xcode 'outputs' to avoid re-running this script phase.\necho \"SUCCESS\" > \"${SCRIPT_OUTPUT_FILE_0}\"\n";
			showEnvVarsInLog = 0;
		};
		FE325A3B0A9AFCF2A3D52BCE /* [CP] Embed Pods Frameworks */ = {
			isa = PBXShellScriptBuildPhase;
			buildActionMask = 2147483647;
			files = (
			);
			inputFileListPaths = (
				"${PODS_ROOT}/Target Support Files/Pods-GeSwift/Pods-GeSwift-frameworks-${CONFIGURATION}-input-files.xcfilelist",
			);
			name = "[CP] Embed Pods Frameworks";
			outputFileListPaths = (
				"${PODS_ROOT}/Target Support Files/Pods-GeSwift/Pods-GeSwift-frameworks-${CONFIGURATION}-output-files.xcfilelist",
			);
			runOnlyForDeploymentPostprocessing = 0;
			shellPath = /bin/sh;
			shellScript = "\"${PODS_ROOT}/Target Support Files/Pods-GeSwift/Pods-GeSwift-frameworks.sh\"\n";
			showEnvVarsInLog = 0;
		};
/* End PBXShellScriptBuildPhase section */

/* Begin PBXSourcesBuildPhase section */
		5E02E3B6228BB6BC002F8AF1 /* Sources */ = {
			isa = PBXSourcesBuildPhase;
			buildActionMask = 2147483647;
			files = (
				4A1B1C5E23288B8900DE7FBF /* Data+Ge.swift in Sources */,
				4A1B1C5F23288B8900DE7FBF /* String+Ge.swift in Sources */,
				4A1B1C6023288B8900DE7FBF /* Date+Ge.swift in Sources */,
				4A1B1C6123288B8900DE7FBF /* Notification+Ge.swift in Sources */,
				4A1B1C6223288B8900DE7FBF /* UserDefaults+Ge.swift in Sources */,
				4A1B1C5923288B8300DE7FBF /* UIResponder.swift in Sources */,
				4A1B1C5A23288B8300DE7FBF /* Reusable.swift in Sources */,
				4A1B1C5B23288B8300DE7FBF /* GeSwift.swift in Sources */,
				4A1B1C5C23288B8300DE7FBF /* Plist.swift in Sources */,
				4A1B1C5D23288B8300DE7FBF /* Defaults.swift in Sources */,
				4A1B1C4F23288B7500DE7FBF /* UIControl+Ge.swift in Sources */,
				4A1B1C5023288B7500DE7FBF /* UIView+Ge.swift in Sources */,
				4A1B1C5223288B7500DE7FBF /* UITableView+Ge.swift in Sources */,
				4A1B1C5323288B7500DE7FBF /* UIImage+Ge.swift in Sources */,
				4A1B1C5423288B7500DE7FBF /* UIAlertViewController+Ge.swift in Sources */,
				4A1B1C5523288B7500DE7FBF /* UIScrollView+Ge.swift in Sources */,
				4A1B1C5623288B7500DE7FBF /* UICollectionView+Ge.swift in Sources */,
				4A1B1C5723288B7500DE7FBF /* UIWindow+Ge.swift in Sources */,
				4A1B1C5823288B7500DE7FBF /* UILabel+Ge.swift in Sources */,
				5E02E3BD228BB6BC002F8AF1 /* GeSwiftTests.swift in Sources */,
			);
			runOnlyForDeploymentPostprocessing = 0;
		};
		5E2FC37520DA59A6007FEF3E /* Sources */ = {
			isa = PBXSourcesBuildPhase;
			buildActionMask = 2147483647;
			files = (
				5E49EFE7219AC2B500A09046 /* Reusable.swift in Sources */,
				5E1C6AAF212E4814000D3A7C /* Date+Ge.swift in Sources */,
				5E2FC3A420DA5F59007FEF3E /* UIControl+Ge.swift in Sources */,
				4A26FA9A233B594000B8E10D /* Protocols.swift in Sources */,
				4A26FA95233B50F900B8E10D /* HorizontalView.swift in Sources */,
				4AFCFF392329F55900EDD09A /* CycleScrollViewController.swift in Sources */,
				5E2FC3A920DA5F59007FEF3E /* UIImage+Ge.swift in Sources */,
				4A67057A2340B2A1007D7C28 /* UIColor+Ge.swift in Sources */,
				4AFCFF3E2329F5D800EDD09A /* CycleScrollView.swift in Sources */,
				4AFCFF412329F5EB00EDD09A /* ScanView.swift in Sources */,
				4AD24BDE233C93FB003D05F8 /* View.swift in Sources */,
				5EF525C3219BBD82004F2D55 /* UICollectionView+Ge.swift in Sources */,
				5E2FC3AF20DA5F59007FEF3E /* Data+Ge.swift in Sources */,
				5E2FC3AA20DA5F59007FEF3E /* UIAlertViewController+Ge.swift in Sources */,
				5E2FC37F20DA59A6007FEF3E /* ViewController.swift in Sources */,
				5E2FC3AE20DA5F59007FEF3E /* GeSwift.swift in Sources */,
				4AD24BDC233C9322003D05F8 /* Label.swift in Sources */,
				5E2FC3B020DA5F59007FEF3E /* String+Ge.swift in Sources */,
				4AD24BDA233C913A003D05F8 /* AnimationViewController.swift in Sources */,
				5E2FC3A620DA5F59007FEF3E /* UIView+Ge.swift in Sources */,
				5EF525C9219BC31E004F2D55 /* Defaults.swift in Sources */,
				5E2FC37D20DA59A6007FEF3E /* AppDelegate.swift in Sources */,
				5E2FC3AB20DA5F59007FEF3E /* UIResponder.swift in Sources */,
				5ED77EAE21ABD98900587B26 /* UIWindow+Ge.swift in Sources */,
				4AFCFF372329F14D00EDD09A /* ScanViewController.swift in Sources */,
				5E1C6AB5212E538C000D3A7C /* UIScrollView+Ge.swift in Sources */,
				4A1B1C6523288D3A00DE7FBF /* HorizontalViewController.swift in Sources */,
				4A1B1C732328D0E100DE7FBF /* FadeHorizontalView.swift in Sources */,
				5EF525C5219BBFF2004F2D55 /* UserDefaults+Ge.swift in Sources */,
				5EF525C7219BC13F004F2D55 /* Plist.swift in Sources */,
				5E4E7623219D63C30012F6A8 /* WCDB+Ge.swift in Sources */,
				4AFCFF43232A4E0800EDD09A /* NSObject+Ge.swift in Sources */,
				5EDB9BF6213E73D700CF3193 /* Notification+Ge.swift in Sources */,
				4A26FA9C233B59B100B8E10D /* HorizontalCell.swift in Sources */,
				4A1B1BF723279F6800DE7FBF /* UILabel+Ge.swift in Sources */,
				4A669B5D233C5F7200A69866 /* Animation.swift in Sources */,
				5E2FC3A820DA5F59007FEF3E /* UITableView+Ge.swift in Sources */,
			);
			runOnlyForDeploymentPostprocessing = 0;
		};
/* End PBXSourcesBuildPhase section */

/* Begin PBXTargetDependency section */
		5E02E3C0228BB6BC002F8AF1 /* PBXTargetDependency */ = {
			isa = PBXTargetDependency;
			target = 5E2FC37820DA59A6007FEF3E /* GeSwift */;
			targetProxy = 5E02E3BF228BB6BC002F8AF1 /* PBXContainerItemProxy */;
		};
/* End PBXTargetDependency section */

/* Begin PBXVariantGroup section */
		5E2FC38520DA59A9007FEF3E /* LaunchScreen.storyboard */ = {
			isa = PBXVariantGroup;
			children = (
				5E2FC38620DA59A9007FEF3E /* Base */,
			);
			name = LaunchScreen.storyboard;
			sourceTree = "<group>";
		};
/* End PBXVariantGroup section */

/* Begin XCBuildConfiguration section */
		5E02E3C1228BB6BC002F8AF1 /* Debug */ = {
			isa = XCBuildConfiguration;
			baseConfigurationReference = F924FBD892D6C9FFC4D1D607 /* Pods-GeSwiftTests.debug.xcconfig */;
			buildSettings = {
				BUNDLE_LOADER = "$(TEST_HOST)";
				CODE_SIGN_STYLE = Automatic;
				INFOPLIST_FILE = GeSwiftTests/Info.plist;
				IPHONEOS_DEPLOYMENT_TARGET = 12.2;
				LD_RUNPATH_SEARCH_PATHS = (
					"$(inherited)",
					"@executable_path/Frameworks",
					"@loader_path/Frameworks",
				);
				MTL_ENABLE_DEBUG_INFO = INCLUDE_SOURCE;
				MTL_FAST_MATH = YES;
				PRODUCT_BUNDLE_IDENTIFIER = com.hsh.service.GeSwiftTests;
				PRODUCT_NAME = "$(TARGET_NAME)";
				SWIFT_VERSION = 5.0;
				TARGETED_DEVICE_FAMILY = "1,2";
				TEST_HOST = "$(BUILT_PRODUCTS_DIR)/GeSwift.app/GeSwift";
			};
			name = Debug;
		};
		5E02E3C2228BB6BC002F8AF1 /* Release */ = {
			isa = XCBuildConfiguration;
			baseConfigurationReference = FB5C2970462D0297012BA8A5 /* Pods-GeSwiftTests.release.xcconfig */;
			buildSettings = {
				BUNDLE_LOADER = "$(TEST_HOST)";
				CODE_SIGN_STYLE = Automatic;
				INFOPLIST_FILE = GeSwiftTests/Info.plist;
				IPHONEOS_DEPLOYMENT_TARGET = 12.2;
				LD_RUNPATH_SEARCH_PATHS = (
					"$(inherited)",
					"@executable_path/Frameworks",
					"@loader_path/Frameworks",
				);
				MTL_FAST_MATH = YES;
				PRODUCT_BUNDLE_IDENTIFIER = com.hsh.service.GeSwiftTests;
				PRODUCT_NAME = "$(TARGET_NAME)";
				SWIFT_VERSION = 5.0;
				TARGETED_DEVICE_FAMILY = "1,2";
				TEST_HOST = "$(BUILT_PRODUCTS_DIR)/GeSwift.app/GeSwift";
			};
			name = Release;
		};
		5E2FC38920DA59A9007FEF3E /* Debug */ = {
			isa = XCBuildConfiguration;
			buildSettings = {
				ALWAYS_SEARCH_USER_PATHS = NO;
				CLANG_ANALYZER_NONNULL = YES;
				CLANG_ANALYZER_NUMBER_OBJECT_CONVERSION = YES_AGGRESSIVE;
				CLANG_CXX_LANGUAGE_STANDARD = "gnu++14";
				CLANG_CXX_LIBRARY = "libc++";
				CLANG_ENABLE_MODULES = YES;
				CLANG_ENABLE_OBJC_ARC = YES;
				CLANG_ENABLE_OBJC_WEAK = YES;
				CLANG_WARN_BLOCK_CAPTURE_AUTORELEASING = YES;
				CLANG_WARN_BOOL_CONVERSION = YES;
				CLANG_WARN_COMMA = YES;
				CLANG_WARN_CONSTANT_CONVERSION = YES;
				CLANG_WARN_DEPRECATED_OBJC_IMPLEMENTATIONS = YES;
				CLANG_WARN_DIRECT_OBJC_ISA_USAGE = YES_ERROR;
				CLANG_WARN_DOCUMENTATION_COMMENTS = YES;
				CLANG_WARN_EMPTY_BODY = YES;
				CLANG_WARN_ENUM_CONVERSION = YES;
				CLANG_WARN_INFINITE_RECURSION = YES;
				CLANG_WARN_INT_CONVERSION = YES;
				CLANG_WARN_NON_LITERAL_NULL_CONVERSION = YES;
				CLANG_WARN_OBJC_IMPLICIT_RETAIN_SELF = YES;
				CLANG_WARN_OBJC_LITERAL_CONVERSION = YES;
				CLANG_WARN_OBJC_ROOT_CLASS = YES_ERROR;
				CLANG_WARN_RANGE_LOOP_ANALYSIS = YES;
				CLANG_WARN_STRICT_PROTOTYPES = YES;
				CLANG_WARN_SUSPICIOUS_MOVE = YES;
				CLANG_WARN_UNGUARDED_AVAILABILITY = YES_AGGRESSIVE;
				CLANG_WARN_UNREACHABLE_CODE = YES;
				CLANG_WARN__DUPLICATE_METHOD_MATCH = YES;
				CODE_SIGN_IDENTITY = "iPhone Developer";
				COPY_PHASE_STRIP = NO;
				DEBUG_INFORMATION_FORMAT = dwarf;
				ENABLE_STRICT_OBJC_MSGSEND = YES;
				ENABLE_TESTABILITY = YES;
				GCC_C_LANGUAGE_STANDARD = gnu11;
				GCC_DYNAMIC_NO_PIC = NO;
				GCC_NO_COMMON_BLOCKS = YES;
				GCC_OPTIMIZATION_LEVEL = 0;
				GCC_PREPROCESSOR_DEFINITIONS = (
					"DEBUG=1",
					"$(inherited)",
				);
				GCC_WARN_64_TO_32_BIT_CONVERSION = YES;
				GCC_WARN_ABOUT_RETURN_TYPE = YES_ERROR;
				GCC_WARN_UNDECLARED_SELECTOR = YES;
				GCC_WARN_UNINITIALIZED_AUTOS = YES_AGGRESSIVE;
				GCC_WARN_UNUSED_FUNCTION = YES;
				GCC_WARN_UNUSED_VARIABLE = YES;
				IPHONEOS_DEPLOYMENT_TARGET = 11.4;
				MTL_ENABLE_DEBUG_INFO = YES;
				ONLY_ACTIVE_ARCH = YES;
				SDKROOT = iphoneos;
				SWIFT_ACTIVE_COMPILATION_CONDITIONS = DEBUG;
				SWIFT_OPTIMIZATION_LEVEL = "-Onone";
			};
			name = Debug;
		};
		5E2FC38A20DA59A9007FEF3E /* Release */ = {
			isa = XCBuildConfiguration;
			buildSettings = {
				ALWAYS_SEARCH_USER_PATHS = NO;
				CLANG_ANALYZER_NONNULL = YES;
				CLANG_ANALYZER_NUMBER_OBJECT_CONVERSION = YES_AGGRESSIVE;
				CLANG_CXX_LANGUAGE_STANDARD = "gnu++14";
				CLANG_CXX_LIBRARY = "libc++";
				CLANG_ENABLE_MODULES = YES;
				CLANG_ENABLE_OBJC_ARC = YES;
				CLANG_ENABLE_OBJC_WEAK = YES;
				CLANG_WARN_BLOCK_CAPTURE_AUTORELEASING = YES;
				CLANG_WARN_BOOL_CONVERSION = YES;
				CLANG_WARN_COMMA = YES;
				CLANG_WARN_CONSTANT_CONVERSION = YES;
				CLANG_WARN_DEPRECATED_OBJC_IMPLEMENTATIONS = YES;
				CLANG_WARN_DIRECT_OBJC_ISA_USAGE = YES_ERROR;
				CLANG_WARN_DOCUMENTATION_COMMENTS = YES;
				CLANG_WARN_EMPTY_BODY = YES;
				CLANG_WARN_ENUM_CONVERSION = YES;
				CLANG_WARN_INFINITE_RECURSION = YES;
				CLANG_WARN_INT_CONVERSION = YES;
				CLANG_WARN_NON_LITERAL_NULL_CONVERSION = YES;
				CLANG_WARN_OBJC_IMPLICIT_RETAIN_SELF = YES;
				CLANG_WARN_OBJC_LITERAL_CONVERSION = YES;
				CLANG_WARN_OBJC_ROOT_CLASS = YES_ERROR;
				CLANG_WARN_RANGE_LOOP_ANALYSIS = YES;
				CLANG_WARN_STRICT_PROTOTYPES = YES;
				CLANG_WARN_SUSPICIOUS_MOVE = YES;
				CLANG_WARN_UNGUARDED_AVAILABILITY = YES_AGGRESSIVE;
				CLANG_WARN_UNREACHABLE_CODE = YES;
				CLANG_WARN__DUPLICATE_METHOD_MATCH = YES;
				CODE_SIGN_IDENTITY = "iPhone Developer";
				COPY_PHASE_STRIP = NO;
				DEBUG_INFORMATION_FORMAT = "dwarf-with-dsym";
				ENABLE_NS_ASSERTIONS = NO;
				ENABLE_STRICT_OBJC_MSGSEND = YES;
				GCC_C_LANGUAGE_STANDARD = gnu11;
				GCC_NO_COMMON_BLOCKS = YES;
				GCC_WARN_64_TO_32_BIT_CONVERSION = YES;
				GCC_WARN_ABOUT_RETURN_TYPE = YES_ERROR;
				GCC_WARN_UNDECLARED_SELECTOR = YES;
				GCC_WARN_UNINITIALIZED_AUTOS = YES_AGGRESSIVE;
				GCC_WARN_UNUSED_FUNCTION = YES;
				GCC_WARN_UNUSED_VARIABLE = YES;
				IPHONEOS_DEPLOYMENT_TARGET = 11.4;
				MTL_ENABLE_DEBUG_INFO = NO;
				SDKROOT = iphoneos;
				SWIFT_COMPILATION_MODE = wholemodule;
				SWIFT_OPTIMIZATION_LEVEL = "-O";
				VALIDATE_PRODUCT = YES;
			};
			name = Release;
		};
		5E2FC38C20DA59A9007FEF3E /* Debug */ = {
			isa = XCBuildConfiguration;
			baseConfigurationReference = 520017B9EEFF8D241A5DF796 /* Pods-GeSwift.debug.xcconfig */;
			buildSettings = {
				ASSETCATALOG_COMPILER_APPICON_NAME = AppIcon;
				CODE_SIGN_IDENTITY = "iPhone Developer";
				CODE_SIGN_STYLE = Automatic;
				DEVELOPMENT_TEAM = LS59MWP9WR;
				INFOPLIST_FILE = GeSwift/Info.plist;
				IPHONEOS_DEPLOYMENT_TARGET = 10.0;
				LD_RUNPATH_SEARCH_PATHS = (
					"$(inherited)",
					"@executable_path/Frameworks",
				);
				PRODUCT_BUNDLE_IDENTIFIER = com.mr.my.ge.GeSwift;
				PRODUCT_NAME = "$(TARGET_NAME)";
				PROVISIONING_PROFILE_SPECIFIER = "";
				SWIFT_VERSION = 5.0;
				TARGETED_DEVICE_FAMILY = 1;
			};
			name = Debug;
		};
		5E2FC38D20DA59A9007FEF3E /* Release */ = {
			isa = XCBuildConfiguration;
			baseConfigurationReference = 416C9C50DE715E9E10C15132 /* Pods-GeSwift.release.xcconfig */;
			buildSettings = {
				ASSETCATALOG_COMPILER_APPICON_NAME = AppIcon;
				CODE_SIGN_IDENTITY = "iPhone Developer";
				CODE_SIGN_STYLE = Automatic;
				DEVELOPMENT_TEAM = LS59MWP9WR;
				INFOPLIST_FILE = GeSwift/Info.plist;
				IPHONEOS_DEPLOYMENT_TARGET = 10.0;
				LD_RUNPATH_SEARCH_PATHS = (
					"$(inherited)",
					"@executable_path/Frameworks",
				);
				PRODUCT_BUNDLE_IDENTIFIER = com.mr.my.ge.GeSwift;
				PRODUCT_NAME = "$(TARGET_NAME)";
				PROVISIONING_PROFILE_SPECIFIER = "";
				SWIFT_VERSION = 5.0;
				TARGETED_DEVICE_FAMILY = 1;
			};
			name = Release;
		};
/* End XCBuildConfiguration section */

/* Begin XCConfigurationList section */
		5E02E3C3228BB6BC002F8AF1 /* Build configuration list for PBXNativeTarget "GeSwiftTests" */ = {
			isa = XCConfigurationList;
			buildConfigurations = (
				5E02E3C1228BB6BC002F8AF1 /* Debug */,
				5E02E3C2228BB6BC002F8AF1 /* Release */,
			);
			defaultConfigurationIsVisible = 0;
			defaultConfigurationName = Release;
		};
		5E2FC37420DA59A6007FEF3E /* Build configuration list for PBXProject "GeSwift" */ = {
			isa = XCConfigurationList;
			buildConfigurations = (
				5E2FC38920DA59A9007FEF3E /* Debug */,
				5E2FC38A20DA59A9007FEF3E /* Release */,
			);
			defaultConfigurationIsVisible = 0;
			defaultConfigurationName = Release;
		};
		5E2FC38B20DA59A9007FEF3E /* Build configuration list for PBXNativeTarget "GeSwift" */ = {
			isa = XCConfigurationList;
			buildConfigurations = (
				5E2FC38C20DA59A9007FEF3E /* Debug */,
				5E2FC38D20DA59A9007FEF3E /* Release */,
			);
			defaultConfigurationIsVisible = 0;
			defaultConfigurationName = Release;
		};
/* End XCConfigurationList section */
	};
	rootObject = 5E2FC37120DA59A6007FEF3E /* Project object */;
}
