// !$*UTF8*$!
{
	archiveVersion = 1;
	classes = {
	};
	objectVersion = 51;
	objects = {

/* Begin PBXBuildFile section */
		005BFB8924615DAC0090D2C7 /* Trie.swift in Sources */ = {isa = PBXBuildFile; fileRef = 005BFB8824615DAC0090D2C7 /* Trie.swift */; };
		006EE7CD246A6864006EBBF0 /* ArraySort+Ge.swift in Sources */ = {isa = PBXBuildFile; fileRef = 006EE7CC246A6864006EBBF0 /* ArraySort+Ge.swift */; };
		00B776C1245AC4BF002D4239 /* Function.swift in Sources */ = {isa = PBXBuildFile; fileRef = 00B776C0245AC4BF002D4239 /* Function.swift */; };
		00B776C4245AC579002D4239 /* PriorityQueue.swift in Sources */ = {isa = PBXBuildFile; fileRef = 00B776C3245AC579002D4239 /* PriorityQueue.swift */; };
		0F0B55D8259AFDEA005E4207 /* FoldTransitionLayout.swift in Sources */ = {isa = PBXBuildFile; fileRef = 0F0B55D7259AFDE9005E4207 /* FoldTransitionLayout.swift */; };
		0F1FBBA925E5EBED0078D9EB /* BinaryTree.swift in Sources */ = {isa = PBXBuildFile; fileRef = 0F1FBBA825E5EBED0078D9EB /* BinaryTree.swift */; };
		0F1FBBAF25E5ECCA0078D9EB /* BinarySearchTree.swift in Sources */ = {isa = PBXBuildFile; fileRef = 0F1FBBAE25E5ECCA0078D9EB /* BinarySearchTree.swift */; };
		0F1FBBB525E629C00078D9EB /* TestTree.swift in Sources */ = {isa = PBXBuildFile; fileRef = 0F1FBBB425E629C00078D9EB /* TestTree.swift */; };
		0F20E89224FD500F00EB3C13 /* Pods_GeSwift.framework in Frameworks */ = {isa = PBXBuildFile; fileRef = B43667C1ED0CACF5FC847A95 /* Pods_GeSwift.framework */; };
		0F235C81265397AF00634A92 /* TestSort.swift in Sources */ = {isa = PBXBuildFile; fileRef = 0F235C80265397AF00634A92 /* TestSort.swift */; };
		0F245E7D25E3A73C007146A0 /* UnionSet.swift in Sources */ = {isa = PBXBuildFile; fileRef = 0F245E7C25E3A73C007146A0 /* UnionSet.swift */; };
		0F245E8325E3A840007146A0 /* UnionSet_QF.swift in Sources */ = {isa = PBXBuildFile; fileRef = 0F245E8225E3A840007146A0 /* UnionSet_QF.swift */; };
		0F245E8725E3AB27007146A0 /* UnionSet_QU.swift in Sources */ = {isa = PBXBuildFile; fileRef = 0F245E8625E3AB27007146A0 /* UnionSet_QU.swift */; };
		0F2D8E5125A592A700617FB7 /* WrapNavigationController.swift in Sources */ = {isa = PBXBuildFile; fileRef = 0F2D8E5025A592A700617FB7 /* WrapNavigationController.swift */; };
		0F39236E25BFF1ED00CCDF5A /* InputView.swift in Sources */ = {isa = PBXBuildFile; fileRef = 0F39236D25BFF1ED00CCDF5A /* InputView.swift */; };
		0F39237425BFF9C600CCDF5A /* InputViewCell.swift in Sources */ = {isa = PBXBuildFile; fileRef = 0F39237325BFF9C600CCDF5A /* InputViewCell.swift */; };
		0F39237825C002CD00CCDF5A /* Cursor.swift in Sources */ = {isa = PBXBuildFile; fileRef = 0F39237725C002CD00CCDF5A /* Cursor.swift */; };
		0F39237C25C010A200CCDF5A /* InpuFieldViewController.swift in Sources */ = {isa = PBXBuildFile; fileRef = 0F39237B25C010A200CCDF5A /* InpuFieldViewController.swift */; };
		0F3974032466A86D007445FE /* Array+PriorityQueue.swift in Sources */ = {isa = PBXBuildFile; fileRef = 0F3974022466A86D007445FE /* Array+PriorityQueue.swift */; };
		0F3974062466ABBE007445FE /* TestPriorityQueue.swift in Sources */ = {isa = PBXBuildFile; fileRef = 0F3974052466ABBE007445FE /* TestPriorityQueue.swift */; };
		0F3974082466BF79007445FE /* TestTrie.swift in Sources */ = {isa = PBXBuildFile; fileRef = 0F3974072466BF79007445FE /* TestTrie.swift */; };
		0F3A185D25E4A72100D9AC79 /* UnionSet_Enum.swift in Sources */ = {isa = PBXBuildFile; fileRef = 0F3A185C25E4A72100D9AC79 /* UnionSet_Enum.swift */; };
		0F3A186125E4B19600D9AC79 /* TestUnion.swift in Sources */ = {isa = PBXBuildFile; fileRef = 0F3A186025E4B19600D9AC79 /* TestUnion.swift */; };
		0F3A186925E4D0F000D9AC79 /* Array+Random.swift in Sources */ = {isa = PBXBuildFile; fileRef = 0F3A186825E4D0F000D9AC79 /* Array+Random.swift */; };
		0F46AA9D25BE662D002C4483 /* Logger.swift in Sources */ = {isa = PBXBuildFile; fileRef = 0F46AA9C25BE662D002C4483 /* Logger.swift */; };
		0F5B605825E7686B00041A41 /* RedBlackTree.swift in Sources */ = {isa = PBXBuildFile; fileRef = 0F5B605725E7686B00041A41 /* RedBlackTree.swift */; };
		0F5B605C25E76A0900041A41 /* BalanceSearchTree.swift in Sources */ = {isa = PBXBuildFile; fileRef = 0F5B605B25E76A0900041A41 /* BalanceSearchTree.swift */; };
		0F5B607325E7882900041A41 /* Optional+Extensions.swift in Sources */ = {isa = PBXBuildFile; fileRef = 0F5B607225E7882900041A41 /* Optional+Extensions.swift */; };
		0F5D1200248B913500761461 /* TableViewDataSource.swift in Sources */ = {isa = PBXBuildFile; fileRef = 0F5D11FF248B913500761461 /* TableViewDataSource.swift */; };
		0F5D1204248B940D00761461 /* SectionProtocol.swift in Sources */ = {isa = PBXBuildFile; fileRef = 0F5D1203248B940D00761461 /* SectionProtocol.swift */; };
		0F5D1206248B989600761461 /* UITableView+DataSource.swift in Sources */ = {isa = PBXBuildFile; fileRef = 0F5D1205248B989600761461 /* UITableView+DataSource.swift */; };
		0F5D1CC725AE9DA900E533EB /* DataSourceDriver+Bind.swift in Sources */ = {isa = PBXBuildFile; fileRef = 0F5D1CC625AE9DA900E533EB /* DataSourceDriver+Bind.swift */; };
		0F5D1CCD25AEBBEF00E533EB /* CollectionViewDataSource.swift in Sources */ = {isa = PBXBuildFile; fileRef = 0F5D1CCC25AEBBEF00E533EB /* CollectionViewDataSource.swift */; };
		0F5D1CD325AEBE6800E533EB /* UICollectionView+DataSource.swift in Sources */ = {isa = PBXBuildFile; fileRef = 0F5D1CD225AEBE6800E533EB /* UICollectionView+DataSource.swift */; };
		0F704A0E25ADA4E7003DD893 /* DataSourceDriver.swift in Sources */ = {isa = PBXBuildFile; fileRef = 0F704A0D25ADA4E7003DD893 /* DataSourceDriver.swift */; };
		0F704A1225ADA8BB003DD893 /* DataSourceDriver+Map.swift in Sources */ = {isa = PBXBuildFile; fileRef = 0F704A1125ADA8BB003DD893 /* DataSourceDriver+Map.swift */; };
		0FE1817425DFA72B0091088A /* UIViewController+Rx.swift in Sources */ = {isa = PBXBuildFile; fileRef = 0FE1817325DFA72B0091088A /* UIViewController+Rx.swift */; };
		0FE1817825DFA8E50091088A /* UITextField+Rx.swift in Sources */ = {isa = PBXBuildFile; fileRef = 0FE1817725DFA8E50091088A /* UITextField+Rx.swift */; };
		0FE1817E25DFA9800091088A /* UIButton+Rx.swift in Sources */ = {isa = PBXBuildFile; fileRef = 0FE1817D25DFA9800091088A /* UIButton+Rx.swift */; };
		0FE1819225DFAD540091088A /* UITextView+Rx.swift in Sources */ = {isa = PBXBuildFile; fileRef = 0FE1819125DFAD540091088A /* UITextView+Rx.swift */; };
		0FFF541B25E48BBD001BDC6C /* Array+UnionSet.swift in Sources */ = {isa = PBXBuildFile; fileRef = 0FFF541A25E48BBD001BDC6C /* Array+UnionSet.swift */; };
		4A1B1C6523288D3A00DE7FBF /* HorizontalViewController.swift in Sources */ = {isa = PBXBuildFile; fileRef = 4A1B1C6423288D3A00DE7FBF /* HorizontalViewController.swift */; };
		4A1B1C732328D0E100DE7FBF /* FadeHorizontalView.swift in Sources */ = {isa = PBXBuildFile; fileRef = 4A1B1C722328D0E100DE7FBF /* FadeHorizontalView.swift */; };
		4A26FA95233B50F900B8E10D /* HorizontalView.swift in Sources */ = {isa = PBXBuildFile; fileRef = 4A26FA94233B50F900B8E10D /* HorizontalView.swift */; };
		4A26FA9A233B594000B8E10D /* Protocols.swift in Sources */ = {isa = PBXBuildFile; fileRef = 4A26FA99233B594000B8E10D /* Protocols.swift */; };
		4A26FA9C233B59B100B8E10D /* HorizontalCell.swift in Sources */ = {isa = PBXBuildFile; fileRef = 4A26FA9B233B59B100B8E10D /* HorizontalCell.swift */; };
		4A8726E32398D5680002CAC1 /* WaterCollectionViewLayout.swift in Sources */ = {isa = PBXBuildFile; fileRef = 4A8726DD2398D5680002CAC1 /* WaterCollectionViewLayout.swift */; };
		4A8726E52398D5FE0002CAC1 /* FixSpacingCollectionViewLayout.swift in Sources */ = {isa = PBXBuildFile; fileRef = 4A8726E42398D5FE0002CAC1 /* FixSpacingCollectionViewLayout.swift */; };
		4A8726E72398D7CB0002CAC1 /* CircularCollectionViewLayout.swift in Sources */ = {isa = PBXBuildFile; fileRef = 4A8726E62398D7CB0002CAC1 /* CircularCollectionViewLayout.swift */; };
		4A8726E92398D9090002CAC1 /* CircularRotatedCollectionViewLayout.swift in Sources */ = {isa = PBXBuildFile; fileRef = 4A8726E82398D9090002CAC1 /* CircularRotatedCollectionViewLayout.swift */; };
		4A8726EB2398DF540002CAC1 /* SimpleScaleCollectionViewLayout.swift in Sources */ = {isa = PBXBuildFile; fileRef = 4A8726EA2398DF540002CAC1 /* SimpleScaleCollectionViewLayout.swift */; };
		4A8726EE2398E1CF0002CAC1 /* LayoutViewController.swift in Sources */ = {isa = PBXBuildFile; fileRef = 4A8726EC2398E1CF0002CAC1 /* LayoutViewController.swift */; };
		4A8726EF2398E1CF0002CAC1 /* LayoutViewController.xib in Resources */ = {isa = PBXBuildFile; fileRef = 4A8726ED2398E1CF0002CAC1 /* LayoutViewController.xib */; };
		4A8726F12398E7FA0002CAC1 /* CircularLayoutLayoutController.swift in Sources */ = {isa = PBXBuildFile; fileRef = 4A8726F02398E7FA0002CAC1 /* CircularLayoutLayoutController.swift */; };
		4A8726F42398EB7C0002CAC1 /* CircleScalePageControl.swift in Sources */ = {isa = PBXBuildFile; fileRef = 4A8726F22398EB7C0002CAC1 /* CircleScalePageControl.swift */; };
		4A8726F52398EB7C0002CAC1 /* SizeFitPageControl.swift in Sources */ = {isa = PBXBuildFile; fileRef = 4A8726F32398EB7C0002CAC1 /* SizeFitPageControl.swift */; };
		4A995D4B239E1B44009529E4 /* libc++.tbd in Frameworks */ = {isa = PBXBuildFile; fileRef = 4A995D4A239E1B44009529E4 /* libc++.tbd */; };
		4A995D4D239E1B4C009529E4 /* libz.tbd in Frameworks */ = {isa = PBXBuildFile; fileRef = 4A995D4C239E1B4C009529E4 /* libz.tbd */; };
		4A995D4F239E1B54009529E4 /* libbz2.tbd in Frameworks */ = {isa = PBXBuildFile; fileRef = 4A995D4E239E1B54009529E4 /* libbz2.tbd */; };
		4A995D51239E1B60009529E4 /* AudioToolbox.framework in Frameworks */ = {isa = PBXBuildFile; fileRef = 4A995D50239E1B60009529E4 /* AudioToolbox.framework */; };
		4A995D53239E1B69009529E4 /* CoreGraphics.framework in Frameworks */ = {isa = PBXBuildFile; fileRef = 4A995D52239E1B69009529E4 /* CoreGraphics.framework */; };
		4A995D55239E1B71009529E4 /* AVFoundation.framework in Frameworks */ = {isa = PBXBuildFile; fileRef = 4A995D54239E1B71009529E4 /* AVFoundation.framework */; };
		4A995D57239E1B79009529E4 /* CoreMedia.framework in Frameworks */ = {isa = PBXBuildFile; fileRef = 4A995D56239E1B78009529E4 /* CoreMedia.framework */; };
		4A995D59239E1B7F009529E4 /* CoreVideo.framework in Frameworks */ = {isa = PBXBuildFile; fileRef = 4A995D58239E1B7F009529E4 /* CoreVideo.framework */; };
		4A995D5B239E1B85009529E4 /* MediaPlayer.framework in Frameworks */ = {isa = PBXBuildFile; fileRef = 4A995D5A239E1B85009529E4 /* MediaPlayer.framework */; };
		4A995D5D239E1B8C009529E4 /* MobileCoreServices.framework in Frameworks */ = {isa = PBXBuildFile; fileRef = 4A995D5C239E1B8C009529E4 /* MobileCoreServices.framework */; };
		4A995D5F239E1B92009529E4 /* OpenGLES.framework in Frameworks */ = {isa = PBXBuildFile; fileRef = 4A995D5E239E1B92009529E4 /* OpenGLES.framework */; };
		4A995D61239E1B99009529E4 /* QuartzCore.framework in Frameworks */ = {isa = PBXBuildFile; fileRef = 4A995D60239E1B99009529E4 /* QuartzCore.framework */; };
		4A995D63239E1B9E009529E4 /* VideoToolbox.framework in Frameworks */ = {isa = PBXBuildFile; fileRef = 4A995D62239E1B9E009529E4 /* VideoToolbox.framework */; };
		4AC9AA5D239A6CC100E6678B /* LocationTask.swift in Sources */ = {isa = PBXBuildFile; fileRef = 4AC9AA40239A6CC100E6678B /* LocationTask.swift */; };
		4AC9AA5E239A6CC100E6678B /* DefaultCodable.swift in Sources */ = {isa = PBXBuildFile; fileRef = 4AC9AA42239A6CC100E6678B /* DefaultCodable.swift */; };
		4AC9AA5F239A6CC100E6678B /* DefaultCodableWrapper.swift in Sources */ = {isa = PBXBuildFile; fileRef = 4AC9AA43239A6CC100E6678B /* DefaultCodableWrapper.swift */; };
		4AC9AA60239A6CC100E6678B /* UICollectionView+Ge.swift in Sources */ = {isa = PBXBuildFile; fileRef = 4AC9AA45239A6CC100E6678B /* UICollectionView+Ge.swift */; };
		4AC9AA61239A6CC100E6678B /* UIView+Ge.swift in Sources */ = {isa = PBXBuildFile; fileRef = 4AC9AA46239A6CC100E6678B /* UIView+Ge.swift */; };
		4AC9AA62239A6CC100E6678B /* UIControl+Ge.swift in Sources */ = {isa = PBXBuildFile; fileRef = 4AC9AA47239A6CC100E6678B /* UIControl+Ge.swift */; };
		4AC9AA63239A6CC100E6678B /* UIColor+Ge.swift in Sources */ = {isa = PBXBuildFile; fileRef = 4AC9AA48239A6CC100E6678B /* UIColor+Ge.swift */; };
		4AC9AA64239A6CC100E6678B /* UITableView+Ge.swift in Sources */ = {isa = PBXBuildFile; fileRef = 4AC9AA49239A6CC100E6678B /* UITableView+Ge.swift */; };
		4AC9AA65239A6CC100E6678B /* UIWindow+Ge.swift in Sources */ = {isa = PBXBuildFile; fileRef = 4AC9AA4A239A6CC100E6678B /* UIWindow+Ge.swift */; };
		4AC9AA66239A6CC100E6678B /* UILabel+Ge.swift in Sources */ = {isa = PBXBuildFile; fileRef = 4AC9AA4B239A6CC100E6678B /* UILabel+Ge.swift */; };
		4AC9AA67239A6CC100E6678B /* UIImage+Ge.swift in Sources */ = {isa = PBXBuildFile; fileRef = 4AC9AA4C239A6CC100E6678B /* UIImage+Ge.swift */; };
		4AC9AA68239A6CC100E6678B /* UIAlertViewController+Ge.swift in Sources */ = {isa = PBXBuildFile; fileRef = 4AC9AA4D239A6CC100E6678B /* UIAlertViewController+Ge.swift */; };
		4AC9AA69239A6CC100E6678B /* UIScrollView+Ge.swift in Sources */ = {isa = PBXBuildFile; fileRef = 4AC9AA4E239A6CC100E6678B /* UIScrollView+Ge.swift */; };
		4AC9AA6A239A6CC100E6678B /* NSObject+Ge.swift in Sources */ = {isa = PBXBuildFile; fileRef = 4AC9AA50239A6CC100E6678B /* NSObject+Ge.swift */; };
		4AC9AA6B239A6CC100E6678B /* Data+Ge.swift in Sources */ = {isa = PBXBuildFile; fileRef = 4AC9AA51239A6CC100E6678B /* Data+Ge.swift */; };
		4AC9AA6C239A6CC100E6678B /* String+Ge.swift in Sources */ = {isa = PBXBuildFile; fileRef = 4AC9AA52239A6CC100E6678B /* String+Ge.swift */; };
		4AC9AA6D239A6CC100E6678B /* Date+Ge.swift in Sources */ = {isa = PBXBuildFile; fileRef = 4AC9AA53239A6CC100E6678B /* Date+Ge.swift */; };
		4AC9AA6E239A6CC100E6678B /* Notification+Ge.swift in Sources */ = {isa = PBXBuildFile; fileRef = 4AC9AA54239A6CC100E6678B /* Notification+Ge.swift */; };
		4AC9AA6F239A6CC100E6678B /* UserDefaults+Ge.swift in Sources */ = {isa = PBXBuildFile; fileRef = 4AC9AA55239A6CC100E6678B /* UserDefaults+Ge.swift */; };
		4AC9AA70239A6CC100E6678B /* Reusable.swift in Sources */ = {isa = PBXBuildFile; fileRef = 4AC9AA57239A6CC100E6678B /* Reusable.swift */; };
		4AC9AA71239A6CC100E6678B /* GeSwift.swift in Sources */ = {isa = PBXBuildFile; fileRef = 4AC9AA58239A6CC100E6678B /* GeSwift.swift */; };
		4AC9AA72239A6CC100E6678B /* PlistProperty.swift in Sources */ = {isa = PBXBuildFile; fileRef = 4AC9AA59239A6CC100E6678B /* PlistProperty.swift */; };
		4AC9AA73239A6CC100E6678B /* UIResponder.swift in Sources */ = {isa = PBXBuildFile; fileRef = 4AC9AA5A239A6CC100E6678B /* UIResponder.swift */; };
		4AC9AA74239A6CC100E6678B /* Defaults.swift in Sources */ = {isa = PBXBuildFile; fileRef = 4AC9AA5B239A6CC100E6678B /* Defaults.swift */; };
		4AC9AA75239A6CC100E6678B /* Plist.swift in Sources */ = {isa = PBXBuildFile; fileRef = 4AC9AA5C239A6CC100E6678B /* Plist.swift */; };
		4AFCFF372329F14D00EDD09A /* ScanViewController.swift in Sources */ = {isa = PBXBuildFile; fileRef = 4AFCFF362329F14D00EDD09A /* ScanViewController.swift */; };
		4AFCFF392329F55900EDD09A /* CycleScrollViewController.swift in Sources */ = {isa = PBXBuildFile; fileRef = 4AFCFF382329F55900EDD09A /* CycleScrollViewController.swift */; };
		4AFCFF3E2329F5D800EDD09A /* CycleScrollView.swift in Sources */ = {isa = PBXBuildFile; fileRef = 4AFCFF3D2329F5D800EDD09A /* CycleScrollView.swift */; };
		4AFCFF412329F5EB00EDD09A /* ScanView.swift in Sources */ = {isa = PBXBuildFile; fileRef = 4AFCFF402329F5EB00EDD09A /* ScanView.swift */; };
		5E02E3BD228BB6BC002F8AF1 /* GeSwiftTests.swift in Sources */ = {isa = PBXBuildFile; fileRef = 5E02E3BC228BB6BC002F8AF1 /* GeSwiftTests.swift */; };
		5E2FC37D20DA59A6007FEF3E /* AppDelegate.swift in Sources */ = {isa = PBXBuildFile; fileRef = 5E2FC37C20DA59A6007FEF3E /* AppDelegate.swift */; };
		5E2FC37F20DA59A6007FEF3E /* ViewController.swift in Sources */ = {isa = PBXBuildFile; fileRef = 5E2FC37E20DA59A6007FEF3E /* ViewController.swift */; };
		5E2FC38420DA59A9007FEF3E /* Assets.xcassets in Resources */ = {isa = PBXBuildFile; fileRef = 5E2FC38320DA59A9007FEF3E /* Assets.xcassets */; };
		5E2FC38720DA59A9007FEF3E /* LaunchScreen.storyboard in Resources */ = {isa = PBXBuildFile; fileRef = 5E2FC38520DA59A9007FEF3E /* LaunchScreen.storyboard */; };
		5E4E7623219D63C30012F6A8 /* WCDB+Ge.swift in Sources */ = {isa = PBXBuildFile; fileRef = 5E4E7622219D63C30012F6A8 /* WCDB+Ge.swift */; };
		5EA9A52B21FFFB290066089B /* GeSwift.podspec in Resources */ = {isa = PBXBuildFile; fileRef = 5EA9A52A21FFFB290066089B /* GeSwift.podspec */; };
		C8719B4626C9F28670742C1B /* Pods_GeSwiftTests.framework in Frameworks */ = {isa = PBXBuildFile; fileRef = CF6902E79E348691ABF0DCDB /* Pods_GeSwiftTests.framework */; };
/* End PBXBuildFile section */

/* Begin PBXContainerItemProxy section */
		5E02E3BF228BB6BC002F8AF1 /* PBXContainerItemProxy */ = {
			isa = PBXContainerItemProxy;
			containerPortal = 5E2FC37120DA59A6007FEF3E /* Project object */;
			proxyType = 1;
			remoteGlobalIDString = 5E2FC37820DA59A6007FEF3E;
			remoteInfo = GeSwift;
		};
/* End PBXContainerItemProxy section */

/* Begin PBXFileReference section */
		005BFB8824615DAC0090D2C7 /* Trie.swift */ = {isa = PBXFileReference; lastKnownFileType = sourcecode.swift; path = Trie.swift; sourceTree = "<group>"; };
		006EE7CC246A6864006EBBF0 /* ArraySort+Ge.swift */ = {isa = PBXFileReference; lastKnownFileType = sourcecode.swift; path = "ArraySort+Ge.swift"; sourceTree = "<group>"; };
		00B776C0245AC4BF002D4239 /* Function.swift */ = {isa = PBXFileReference; lastKnownFileType = sourcecode.swift; path = Function.swift; sourceTree = "<group>"; };
		00B776C3245AC579002D4239 /* PriorityQueue.swift */ = {isa = PBXFileReference; lastKnownFileType = sourcecode.swift; path = PriorityQueue.swift; sourceTree = "<group>"; };
		0F0B55D7259AFDE9005E4207 /* FoldTransitionLayout.swift */ = {isa = PBXFileReference; lastKnownFileType = sourcecode.swift; path = FoldTransitionLayout.swift; sourceTree = "<group>"; };
		0F1FBBA825E5EBED0078D9EB /* BinaryTree.swift */ = {isa = PBXFileReference; lastKnownFileType = sourcecode.swift; path = BinaryTree.swift; sourceTree = "<group>"; };
		0F1FBBAE25E5ECCA0078D9EB /* BinarySearchTree.swift */ = {isa = PBXFileReference; lastKnownFileType = sourcecode.swift; path = BinarySearchTree.swift; sourceTree = "<group>"; };
		0F1FBBB425E629C00078D9EB /* TestTree.swift */ = {isa = PBXFileReference; lastKnownFileType = sourcecode.swift; path = TestTree.swift; sourceTree = "<group>"; };
		0F235C80265397AF00634A92 /* TestSort.swift */ = {isa = PBXFileReference; lastKnownFileType = sourcecode.swift; path = TestSort.swift; sourceTree = "<group>"; };
		0F245E7C25E3A73C007146A0 /* UnionSet.swift */ = {isa = PBXFileReference; lastKnownFileType = sourcecode.swift; path = UnionSet.swift; sourceTree = "<group>"; };
		0F245E8225E3A840007146A0 /* UnionSet_QF.swift */ = {isa = PBXFileReference; lastKnownFileType = sourcecode.swift; path = UnionSet_QF.swift; sourceTree = "<group>"; };
		0F245E8625E3AB27007146A0 /* UnionSet_QU.swift */ = {isa = PBXFileReference; lastKnownFileType = sourcecode.swift; path = UnionSet_QU.swift; sourceTree = "<group>"; };
		0F2D8E5025A592A700617FB7 /* WrapNavigationController.swift */ = {isa = PBXFileReference; fileEncoding = 4; lastKnownFileType = sourcecode.swift; path = WrapNavigationController.swift; sourceTree = "<group>"; };
		0F39236D25BFF1ED00CCDF5A /* InputView.swift */ = {isa = PBXFileReference; lastKnownFileType = sourcecode.swift; path = InputView.swift; sourceTree = "<group>"; };
		0F39237325BFF9C600CCDF5A /* InputViewCell.swift */ = {isa = PBXFileReference; lastKnownFileType = sourcecode.swift; path = InputViewCell.swift; sourceTree = "<group>"; };
		0F39237725C002CD00CCDF5A /* Cursor.swift */ = {isa = PBXFileReference; lastKnownFileType = sourcecode.swift; path = Cursor.swift; sourceTree = "<group>"; };
		0F39237B25C010A200CCDF5A /* InpuFieldViewController.swift */ = {isa = PBXFileReference; lastKnownFileType = sourcecode.swift; path = InpuFieldViewController.swift; sourceTree = "<group>"; };
		0F3974022466A86D007445FE /* Array+PriorityQueue.swift */ = {isa = PBXFileReference; lastKnownFileType = sourcecode.swift; path = "Array+PriorityQueue.swift"; sourceTree = "<group>"; };
		0F3974052466ABBE007445FE /* TestPriorityQueue.swift */ = {isa = PBXFileReference; lastKnownFileType = sourcecode.swift; path = TestPriorityQueue.swift; sourceTree = "<group>"; };
		0F3974072466BF79007445FE /* TestTrie.swift */ = {isa = PBXFileReference; lastKnownFileType = sourcecode.swift; path = TestTrie.swift; sourceTree = "<group>"; };
		0F3A185C25E4A72100D9AC79 /* UnionSet_Enum.swift */ = {isa = PBXFileReference; lastKnownFileType = sourcecode.swift; path = UnionSet_Enum.swift; sourceTree = "<group>"; };
		0F3A186025E4B19600D9AC79 /* TestUnion.swift */ = {isa = PBXFileReference; lastKnownFileType = sourcecode.swift; path = TestUnion.swift; sourceTree = "<group>"; };
		0F3A186825E4D0F000D9AC79 /* Array+Random.swift */ = {isa = PBXFileReference; lastKnownFileType = sourcecode.swift; path = "Array+Random.swift"; sourceTree = "<group>"; };
		0F46AA9C25BE662D002C4483 /* Logger.swift */ = {isa = PBXFileReference; lastKnownFileType = sourcecode.swift; path = Logger.swift; sourceTree = "<group>"; };
		0F5B605725E7686B00041A41 /* RedBlackTree.swift */ = {isa = PBXFileReference; lastKnownFileType = sourcecode.swift; path = RedBlackTree.swift; sourceTree = "<group>"; };
		0F5B605B25E76A0900041A41 /* BalanceSearchTree.swift */ = {isa = PBXFileReference; lastKnownFileType = sourcecode.swift; path = BalanceSearchTree.swift; sourceTree = "<group>"; };
		0F5B607225E7882900041A41 /* Optional+Extensions.swift */ = {isa = PBXFileReference; lastKnownFileType = sourcecode.swift; path = "Optional+Extensions.swift"; sourceTree = "<group>"; };
		0F5D11FF248B913500761461 /* TableViewDataSource.swift */ = {isa = PBXFileReference; lastKnownFileType = sourcecode.swift; path = TableViewDataSource.swift; sourceTree = "<group>"; };
		0F5D1203248B940D00761461 /* SectionProtocol.swift */ = {isa = PBXFileReference; lastKnownFileType = sourcecode.swift; path = SectionProtocol.swift; sourceTree = "<group>"; };
		0F5D1205248B989600761461 /* UITableView+DataSource.swift */ = {isa = PBXFileReference; lastKnownFileType = sourcecode.swift; path = "UITableView+DataSource.swift"; sourceTree = "<group>"; };
		0F5D1CC625AE9DA900E533EB /* DataSourceDriver+Bind.swift */ = {isa = PBXFileReference; lastKnownFileType = sourcecode.swift; path = "DataSourceDriver+Bind.swift"; sourceTree = "<group>"; };
		0F5D1CCC25AEBBEF00E533EB /* CollectionViewDataSource.swift */ = {isa = PBXFileReference; lastKnownFileType = sourcecode.swift; path = CollectionViewDataSource.swift; sourceTree = "<group>"; };
		0F5D1CD225AEBE6800E533EB /* UICollectionView+DataSource.swift */ = {isa = PBXFileReference; lastKnownFileType = sourcecode.swift; path = "UICollectionView+DataSource.swift"; sourceTree = "<group>"; };
		0F704A0D25ADA4E7003DD893 /* DataSourceDriver.swift */ = {isa = PBXFileReference; lastKnownFileType = sourcecode.swift; path = DataSourceDriver.swift; sourceTree = "<group>"; };
		0F704A1125ADA8BB003DD893 /* DataSourceDriver+Map.swift */ = {isa = PBXFileReference; lastKnownFileType = sourcecode.swift; path = "DataSourceDriver+Map.swift"; sourceTree = "<group>"; };
		0F75E40525678F2D00099FD5 /* GeSwift-Bridging-Header.h */ = {isa = PBXFileReference; lastKnownFileType = sourcecode.c.h; path = "GeSwift-Bridging-Header.h"; sourceTree = "<group>"; };
		0FE1817325DFA72B0091088A /* UIViewController+Rx.swift */ = {isa = PBXFileReference; lastKnownFileType = sourcecode.swift; path = "UIViewController+Rx.swift"; sourceTree = "<group>"; };
		0FE1817725DFA8E50091088A /* UITextField+Rx.swift */ = {isa = PBXFileReference; lastKnownFileType = sourcecode.swift; path = "UITextField+Rx.swift"; sourceTree = "<group>"; };
		0FE1817D25DFA9800091088A /* UIButton+Rx.swift */ = {isa = PBXFileReference; lastKnownFileType = sourcecode.swift; path = "UIButton+Rx.swift"; sourceTree = "<group>"; };
		0FE1819125DFAD540091088A /* UITextView+Rx.swift */ = {isa = PBXFileReference; lastKnownFileType = sourcecode.swift; path = "UITextView+Rx.swift"; sourceTree = "<group>"; };
		0FFF541A25E48BBD001BDC6C /* Array+UnionSet.swift */ = {isa = PBXFileReference; lastKnownFileType = sourcecode.swift; path = "Array+UnionSet.swift"; sourceTree = "<group>"; };
		416C9C50DE715E9E10C15132 /* Pods-GeSwift.release.xcconfig */ = {isa = PBXFileReference; includeInIndex = 1; lastKnownFileType = text.xcconfig; name = "Pods-GeSwift.release.xcconfig"; path = "Pods/Target Support Files/Pods-GeSwift/Pods-GeSwift.release.xcconfig"; sourceTree = "<group>"; };
		4A1B1C6423288D3A00DE7FBF /* HorizontalViewController.swift */ = {isa = PBXFileReference; lastKnownFileType = sourcecode.swift; path = HorizontalViewController.swift; sourceTree = "<group>"; };
		4A1B1C722328D0E100DE7FBF /* FadeHorizontalView.swift */ = {isa = PBXFileReference; lastKnownFileType = sourcecode.swift; path = FadeHorizontalView.swift; sourceTree = "<group>"; };
		4A26FA94233B50F900B8E10D /* HorizontalView.swift */ = {isa = PBXFileReference; lastKnownFileType = sourcecode.swift; path = HorizontalView.swift; sourceTree = "<group>"; };
		4A26FA99233B594000B8E10D /* Protocols.swift */ = {isa = PBXFileReference; lastKnownFileType = sourcecode.swift; path = Protocols.swift; sourceTree = "<group>"; };
		4A26FA9B233B59B100B8E10D /* HorizontalCell.swift */ = {isa = PBXFileReference; lastKnownFileType = sourcecode.swift; path = HorizontalCell.swift; sourceTree = "<group>"; };
		4A7E56CA23A8AA89003181AF /* libz.tbd */ = {isa = PBXFileReference; lastKnownFileType = "sourcecode.text-based-dylib-definition"; name = libz.tbd; path = usr/lib/libz.tbd; sourceTree = SDKROOT; };
		4A7E56CC23A8AA97003181AF /* libbz2.tbd */ = {isa = PBXFileReference; lastKnownFileType = "sourcecode.text-based-dylib-definition"; name = libbz2.tbd; path = usr/lib/libbz2.tbd; sourceTree = SDKROOT; };
		4A7E56CE23A8AA9D003181AF /* libc++.tbd */ = {isa = PBXFileReference; lastKnownFileType = "sourcecode.text-based-dylib-definition"; name = "libc++.tbd"; path = "usr/lib/libc++.tbd"; sourceTree = SDKROOT; };
		4A7E56D023A8AAAA003181AF /* VideoToolbox.framework */ = {isa = PBXFileReference; lastKnownFileType = wrapper.framework; name = VideoToolbox.framework; path = System/Library/Frameworks/VideoToolbox.framework; sourceTree = SDKROOT; };
		4A7E56D223A8AAB0003181AF /* CoreMotion.framework */ = {isa = PBXFileReference; lastKnownFileType = wrapper.framework; name = CoreMotion.framework; path = System/Library/Frameworks/CoreMotion.framework; sourceTree = SDKROOT; };
		4A7E56D423A8AAB7003181AF /* AudioToolbox.framework */ = {isa = PBXFileReference; lastKnownFileType = wrapper.framework; name = AudioToolbox.framework; path = System/Library/Frameworks/AudioToolbox.framework; sourceTree = SDKROOT; };
		4A7E56D623A8AAC0003181AF /* CoreGraphics.framework */ = {isa = PBXFileReference; lastKnownFileType = wrapper.framework; name = CoreGraphics.framework; path = System/Library/Frameworks/CoreGraphics.framework; sourceTree = SDKROOT; };
		4A7E56D823A8AAC6003181AF /* AVFoundation.framework */ = {isa = PBXFileReference; lastKnownFileType = wrapper.framework; name = AVFoundation.framework; path = System/Library/Frameworks/AVFoundation.framework; sourceTree = SDKROOT; };
		4A7E56DA23A8AACD003181AF /* CoreMedia.framework */ = {isa = PBXFileReference; lastKnownFileType = wrapper.framework; name = CoreMedia.framework; path = System/Library/Frameworks/CoreMedia.framework; sourceTree = SDKROOT; };
		4A7E56DC23A8AADF003181AF /* CoreVideo.framework */ = {isa = PBXFileReference; lastKnownFileType = wrapper.framework; name = CoreVideo.framework; path = System/Library/Frameworks/CoreVideo.framework; sourceTree = SDKROOT; };
		4A7E56DE23A8AAE5003181AF /* MediaPlayer.framework */ = {isa = PBXFileReference; lastKnownFileType = wrapper.framework; name = MediaPlayer.framework; path = System/Library/Frameworks/MediaPlayer.framework; sourceTree = SDKROOT; };
		4A7E56E223A8AAFD003181AF /* QuartzCore.framework */ = {isa = PBXFileReference; lastKnownFileType = wrapper.framework; name = QuartzCore.framework; path = System/Library/Frameworks/QuartzCore.framework; sourceTree = SDKROOT; };
		4A8726DD2398D5680002CAC1 /* WaterCollectionViewLayout.swift */ = {isa = PBXFileReference; fileEncoding = 4; lastKnownFileType = sourcecode.swift; path = WaterCollectionViewLayout.swift; sourceTree = "<group>"; };
		4A8726E42398D5FE0002CAC1 /* FixSpacingCollectionViewLayout.swift */ = {isa = PBXFileReference; fileEncoding = 4; lastKnownFileType = sourcecode.swift; path = FixSpacingCollectionViewLayout.swift; sourceTree = "<group>"; };
		4A8726E62398D7CB0002CAC1 /* CircularCollectionViewLayout.swift */ = {isa = PBXFileReference; fileEncoding = 4; lastKnownFileType = sourcecode.swift; path = CircularCollectionViewLayout.swift; sourceTree = "<group>"; };
		4A8726E82398D9090002CAC1 /* CircularRotatedCollectionViewLayout.swift */ = {isa = PBXFileReference; fileEncoding = 4; lastKnownFileType = sourcecode.swift; path = CircularRotatedCollectionViewLayout.swift; sourceTree = "<group>"; };
		4A8726EA2398DF540002CAC1 /* SimpleScaleCollectionViewLayout.swift */ = {isa = PBXFileReference; fileEncoding = 4; lastKnownFileType = sourcecode.swift; path = SimpleScaleCollectionViewLayout.swift; sourceTree = "<group>"; };
		4A8726EC2398E1CF0002CAC1 /* LayoutViewController.swift */ = {isa = PBXFileReference; lastKnownFileType = sourcecode.swift; path = LayoutViewController.swift; sourceTree = "<group>"; };
		4A8726ED2398E1CF0002CAC1 /* LayoutViewController.xib */ = {isa = PBXFileReference; lastKnownFileType = file.xib; path = LayoutViewController.xib; sourceTree = "<group>"; };
		4A8726F02398E7FA0002CAC1 /* CircularLayoutLayoutController.swift */ = {isa = PBXFileReference; lastKnownFileType = sourcecode.swift; path = CircularLayoutLayoutController.swift; sourceTree = "<group>"; };
		4A8726F22398EB7C0002CAC1 /* CircleScalePageControl.swift */ = {isa = PBXFileReference; fileEncoding = 4; lastKnownFileType = sourcecode.swift; path = CircleScalePageControl.swift; sourceTree = "<group>"; };
		4A8726F32398EB7C0002CAC1 /* SizeFitPageControl.swift */ = {isa = PBXFileReference; fileEncoding = 4; lastKnownFileType = sourcecode.swift; path = SizeFitPageControl.swift; sourceTree = "<group>"; };
		4A995D45239E189F009529E4 /* IJKMediaFramework.framework */ = {isa = PBXFileReference; lastKnownFileType = wrapper.framework; name = IJKMediaFramework.framework; path = ../../IJKMediaFramework/IJKMediaFramework/IJKMediaFramework.framework; sourceTree = "<group>"; };
		4A995D4A239E1B44009529E4 /* libc++.tbd */ = {isa = PBXFileReference; lastKnownFileType = "sourcecode.text-based-dylib-definition"; name = "libc++.tbd"; path = "Platforms/MacOSX.platform/Developer/SDKs/MacOSX10.15.sdk/usr/lib/libc++.tbd"; sourceTree = DEVELOPER_DIR; };
		4A995D4C239E1B4C009529E4 /* libz.tbd */ = {isa = PBXFileReference; lastKnownFileType = "sourcecode.text-based-dylib-definition"; name = libz.tbd; path = Platforms/MacOSX.platform/Developer/SDKs/MacOSX10.15.sdk/usr/lib/libz.tbd; sourceTree = DEVELOPER_DIR; };
		4A995D4E239E1B54009529E4 /* libbz2.tbd */ = {isa = PBXFileReference; lastKnownFileType = "sourcecode.text-based-dylib-definition"; name = libbz2.tbd; path = Platforms/MacOSX.platform/Developer/SDKs/MacOSX10.15.sdk/usr/lib/libbz2.tbd; sourceTree = DEVELOPER_DIR; };
		4A995D50239E1B60009529E4 /* AudioToolbox.framework */ = {isa = PBXFileReference; lastKnownFileType = wrapper.framework; name = AudioToolbox.framework; path = Platforms/MacOSX.platform/Developer/SDKs/MacOSX10.15.sdk/System/Library/Frameworks/AudioToolbox.framework; sourceTree = DEVELOPER_DIR; };
		4A995D52239E1B69009529E4 /* CoreGraphics.framework */ = {isa = PBXFileReference; lastKnownFileType = wrapper.framework; name = CoreGraphics.framework; path = Platforms/MacOSX.platform/Developer/SDKs/MacOSX10.15.sdk/System/Library/Frameworks/CoreGraphics.framework; sourceTree = DEVELOPER_DIR; };
		4A995D54239E1B71009529E4 /* AVFoundation.framework */ = {isa = PBXFileReference; lastKnownFileType = wrapper.framework; name = AVFoundation.framework; path = Platforms/MacOSX.platform/Developer/SDKs/MacOSX10.15.sdk/System/Library/Frameworks/AVFoundation.framework; sourceTree = DEVELOPER_DIR; };
		4A995D56239E1B78009529E4 /* CoreMedia.framework */ = {isa = PBXFileReference; lastKnownFileType = wrapper.framework; name = CoreMedia.framework; path = Platforms/MacOSX.platform/Developer/SDKs/MacOSX10.15.sdk/System/Library/Frameworks/CoreMedia.framework; sourceTree = DEVELOPER_DIR; };
		4A995D58239E1B7F009529E4 /* CoreVideo.framework */ = {isa = PBXFileReference; lastKnownFileType = wrapper.framework; name = CoreVideo.framework; path = Platforms/MacOSX.platform/Developer/SDKs/MacOSX10.15.sdk/System/Library/Frameworks/CoreVideo.framework; sourceTree = DEVELOPER_DIR; };
		4A995D5A239E1B85009529E4 /* MediaPlayer.framework */ = {isa = PBXFileReference; lastKnownFileType = wrapper.framework; name = MediaPlayer.framework; path = Platforms/MacOSX.platform/Developer/SDKs/MacOSX10.15.sdk/System/Library/Frameworks/MediaPlayer.framework; sourceTree = DEVELOPER_DIR; };
		4A995D5C239E1B8C009529E4 /* MobileCoreServices.framework */ = {isa = PBXFileReference; lastKnownFileType = wrapper.framework; name = MobileCoreServices.framework; path = System/Library/Frameworks/MobileCoreServices.framework; sourceTree = SDKROOT; };
		4A995D5E239E1B92009529E4 /* OpenGLES.framework */ = {isa = PBXFileReference; lastKnownFileType = wrapper.framework; name = OpenGLES.framework; path = System/Library/Frameworks/OpenGLES.framework; sourceTree = SDKROOT; };
		4A995D60239E1B99009529E4 /* QuartzCore.framework */ = {isa = PBXFileReference; lastKnownFileType = wrapper.framework; name = QuartzCore.framework; path = Platforms/MacOSX.platform/Developer/SDKs/MacOSX10.15.sdk/System/Library/Frameworks/QuartzCore.framework; sourceTree = DEVELOPER_DIR; };
		4A995D62239E1B9E009529E4 /* VideoToolbox.framework */ = {isa = PBXFileReference; lastKnownFileType = wrapper.framework; name = VideoToolbox.framework; path = Platforms/MacOSX.platform/Developer/SDKs/MacOSX10.15.sdk/System/Library/Frameworks/VideoToolbox.framework; sourceTree = DEVELOPER_DIR; };
		4AC9AA40239A6CC100E6678B /* LocationTask.swift */ = {isa = PBXFileReference; fileEncoding = 4; lastKnownFileType = sourcecode.swift; path = LocationTask.swift; sourceTree = "<group>"; };
		4AC9AA42239A6CC100E6678B /* DefaultCodable.swift */ = {isa = PBXFileReference; fileEncoding = 4; lastKnownFileType = sourcecode.swift; path = DefaultCodable.swift; sourceTree = "<group>"; };
		4AC9AA43239A6CC100E6678B /* DefaultCodableWrapper.swift */ = {isa = PBXFileReference; fileEncoding = 4; lastKnownFileType = sourcecode.swift; path = DefaultCodableWrapper.swift; sourceTree = "<group>"; };
		4AC9AA45239A6CC100E6678B /* UICollectionView+Ge.swift */ = {isa = PBXFileReference; fileEncoding = 4; lastKnownFileType = sourcecode.swift; path = "UICollectionView+Ge.swift"; sourceTree = "<group>"; };
		4AC9AA46239A6CC100E6678B /* UIView+Ge.swift */ = {isa = PBXFileReference; fileEncoding = 4; lastKnownFileType = sourcecode.swift; path = "UIView+Ge.swift"; sourceTree = "<group>"; };
		4AC9AA47239A6CC100E6678B /* UIControl+Ge.swift */ = {isa = PBXFileReference; fileEncoding = 4; lastKnownFileType = sourcecode.swift; path = "UIControl+Ge.swift"; sourceTree = "<group>"; };
		4AC9AA48239A6CC100E6678B /* UIColor+Ge.swift */ = {isa = PBXFileReference; fileEncoding = 4; lastKnownFileType = sourcecode.swift; path = "UIColor+Ge.swift"; sourceTree = "<group>"; };
		4AC9AA49239A6CC100E6678B /* UITableView+Ge.swift */ = {isa = PBXFileReference; fileEncoding = 4; lastKnownFileType = sourcecode.swift; path = "UITableView+Ge.swift"; sourceTree = "<group>"; };
		4AC9AA4A239A6CC100E6678B /* UIWindow+Ge.swift */ = {isa = PBXFileReference; fileEncoding = 4; lastKnownFileType = sourcecode.swift; path = "UIWindow+Ge.swift"; sourceTree = "<group>"; };
		4AC9AA4B239A6CC100E6678B /* UILabel+Ge.swift */ = {isa = PBXFileReference; fileEncoding = 4; lastKnownFileType = sourcecode.swift; path = "UILabel+Ge.swift"; sourceTree = "<group>"; };
		4AC9AA4C239A6CC100E6678B /* UIImage+Ge.swift */ = {isa = PBXFileReference; fileEncoding = 4; lastKnownFileType = sourcecode.swift; path = "UIImage+Ge.swift"; sourceTree = "<group>"; };
		4AC9AA4D239A6CC100E6678B /* UIAlertViewController+Ge.swift */ = {isa = PBXFileReference; fileEncoding = 4; lastKnownFileType = sourcecode.swift; path = "UIAlertViewController+Ge.swift"; sourceTree = "<group>"; };
		4AC9AA4E239A6CC100E6678B /* UIScrollView+Ge.swift */ = {isa = PBXFileReference; fileEncoding = 4; lastKnownFileType = sourcecode.swift; path = "UIScrollView+Ge.swift"; sourceTree = "<group>"; };
		4AC9AA50239A6CC100E6678B /* NSObject+Ge.swift */ = {isa = PBXFileReference; fileEncoding = 4; lastKnownFileType = sourcecode.swift; path = "NSObject+Ge.swift"; sourceTree = "<group>"; };
		4AC9AA51239A6CC100E6678B /* Data+Ge.swift */ = {isa = PBXFileReference; fileEncoding = 4; lastKnownFileType = sourcecode.swift; path = "Data+Ge.swift"; sourceTree = "<group>"; };
		4AC9AA52239A6CC100E6678B /* String+Ge.swift */ = {isa = PBXFileReference; fileEncoding = 4; lastKnownFileType = sourcecode.swift; path = "String+Ge.swift"; sourceTree = "<group>"; };
		4AC9AA53239A6CC100E6678B /* Date+Ge.swift */ = {isa = PBXFileReference; fileEncoding = 4; lastKnownFileType = sourcecode.swift; path = "Date+Ge.swift"; sourceTree = "<group>"; };
		4AC9AA54239A6CC100E6678B /* Notification+Ge.swift */ = {isa = PBXFileReference; fileEncoding = 4; lastKnownFileType = sourcecode.swift; path = "Notification+Ge.swift"; sourceTree = "<group>"; };
		4AC9AA55239A6CC100E6678B /* UserDefaults+Ge.swift */ = {isa = PBXFileReference; fileEncoding = 4; lastKnownFileType = sourcecode.swift; path = "UserDefaults+Ge.swift"; sourceTree = "<group>"; };
		4AC9AA57239A6CC100E6678B /* Reusable.swift */ = {isa = PBXFileReference; fileEncoding = 4; lastKnownFileType = sourcecode.swift; path = Reusable.swift; sourceTree = "<group>"; };
		4AC9AA58239A6CC100E6678B /* GeSwift.swift */ = {isa = PBXFileReference; fileEncoding = 4; lastKnownFileType = sourcecode.swift; path = GeSwift.swift; sourceTree = "<group>"; };
		4AC9AA59239A6CC100E6678B /* PlistProperty.swift */ = {isa = PBXFileReference; fileEncoding = 4; lastKnownFileType = sourcecode.swift; path = PlistProperty.swift; sourceTree = "<group>"; };
		4AC9AA5A239A6CC100E6678B /* UIResponder.swift */ = {isa = PBXFileReference; fileEncoding = 4; lastKnownFileType = sourcecode.swift; path = UIResponder.swift; sourceTree = "<group>"; };
		4AC9AA5B239A6CC100E6678B /* Defaults.swift */ = {isa = PBXFileReference; fileEncoding = 4; lastKnownFileType = sourcecode.swift; path = Defaults.swift; sourceTree = "<group>"; };
		4AC9AA5C239A6CC100E6678B /* Plist.swift */ = {isa = PBXFileReference; fileEncoding = 4; lastKnownFileType = sourcecode.swift; path = Plist.swift; sourceTree = "<group>"; };
		4AFCFF362329F14D00EDD09A /* ScanViewController.swift */ = {isa = PBXFileReference; lastKnownFileType = sourcecode.swift; path = ScanViewController.swift; sourceTree = "<group>"; };
		4AFCFF382329F55900EDD09A /* CycleScrollViewController.swift */ = {isa = PBXFileReference; lastKnownFileType = sourcecode.swift; path = CycleScrollViewController.swift; sourceTree = "<group>"; };
		4AFCFF3D2329F5D800EDD09A /* CycleScrollView.swift */ = {isa = PBXFileReference; fileEncoding = 4; lastKnownFileType = sourcecode.swift; path = CycleScrollView.swift; sourceTree = "<group>"; };
		4AFCFF402329F5EB00EDD09A /* ScanView.swift */ = {isa = PBXFileReference; fileEncoding = 4; lastKnownFileType = sourcecode.swift; path = ScanView.swift; sourceTree = "<group>"; };
		520017B9EEFF8D241A5DF796 /* Pods-GeSwift.debug.xcconfig */ = {isa = PBXFileReference; includeInIndex = 1; lastKnownFileType = text.xcconfig; name = "Pods-GeSwift.debug.xcconfig"; path = "Pods/Target Support Files/Pods-GeSwift/Pods-GeSwift.debug.xcconfig"; sourceTree = "<group>"; };
		5E02E3BA228BB6BC002F8AF1 /* GeSwiftTests.xctest */ = {isa = PBXFileReference; explicitFileType = wrapper.cfbundle; includeInIndex = 0; path = GeSwiftTests.xctest; sourceTree = BUILT_PRODUCTS_DIR; };
		5E02E3BC228BB6BC002F8AF1 /* GeSwiftTests.swift */ = {isa = PBXFileReference; lastKnownFileType = sourcecode.swift; path = GeSwiftTests.swift; sourceTree = "<group>"; };
		5E02E3BE228BB6BC002F8AF1 /* Info.plist */ = {isa = PBXFileReference; lastKnownFileType = text.plist.xml; path = Info.plist; sourceTree = "<group>"; };
		5E2FC37920DA59A6007FEF3E /* GeSwift.app */ = {isa = PBXFileReference; explicitFileType = wrapper.application; includeInIndex = 0; path = GeSwift.app; sourceTree = BUILT_PRODUCTS_DIR; };
		5E2FC37C20DA59A6007FEF3E /* AppDelegate.swift */ = {isa = PBXFileReference; lastKnownFileType = sourcecode.swift; path = AppDelegate.swift; sourceTree = "<group>"; };
		5E2FC37E20DA59A6007FEF3E /* ViewController.swift */ = {isa = PBXFileReference; lastKnownFileType = sourcecode.swift; path = ViewController.swift; sourceTree = "<group>"; };
		5E2FC38320DA59A9007FEF3E /* Assets.xcassets */ = {isa = PBXFileReference; lastKnownFileType = folder.assetcatalog; path = Assets.xcassets; sourceTree = "<group>"; };
		5E2FC38620DA59A9007FEF3E /* Base */ = {isa = PBXFileReference; lastKnownFileType = file.storyboard; name = Base; path = Base.lproj/LaunchScreen.storyboard; sourceTree = "<group>"; };
		5E2FC38820DA59A9007FEF3E /* Info.plist */ = {isa = PBXFileReference; lastKnownFileType = text.plist.xml; path = Info.plist; sourceTree = "<group>"; };
		5E4E7622219D63C30012F6A8 /* WCDB+Ge.swift */ = {isa = PBXFileReference; fileEncoding = 4; lastKnownFileType = sourcecode.swift; path = "WCDB+Ge.swift"; sourceTree = "<group>"; };
		5EA9A52A21FFFB290066089B /* GeSwift.podspec */ = {isa = PBXFileReference; fileEncoding = 4; lastKnownFileType = text; name = GeSwift.podspec; path = ../GeSwift.podspec; sourceTree = "<group>"; };
		B43667C1ED0CACF5FC847A95 /* Pods_GeSwift.framework */ = {isa = PBXFileReference; explicitFileType = wrapper.framework; includeInIndex = 0; path = Pods_GeSwift.framework; sourceTree = BUILT_PRODUCTS_DIR; };
		CF6902E79E348691ABF0DCDB /* Pods_GeSwiftTests.framework */ = {isa = PBXFileReference; explicitFileType = wrapper.framework; includeInIndex = 0; path = Pods_GeSwiftTests.framework; sourceTree = BUILT_PRODUCTS_DIR; };
		F924FBD892D6C9FFC4D1D607 /* Pods-GeSwiftTests.debug.xcconfig */ = {isa = PBXFileReference; includeInIndex = 1; lastKnownFileType = text.xcconfig; name = "Pods-GeSwiftTests.debug.xcconfig"; path = "Pods/Target Support Files/Pods-GeSwiftTests/Pods-GeSwiftTests.debug.xcconfig"; sourceTree = "<group>"; };
		FB5C2970462D0297012BA8A5 /* Pods-GeSwiftTests.release.xcconfig */ = {isa = PBXFileReference; includeInIndex = 1; lastKnownFileType = text.xcconfig; name = "Pods-GeSwiftTests.release.xcconfig"; path = "Pods/Target Support Files/Pods-GeSwiftTests/Pods-GeSwiftTests.release.xcconfig"; sourceTree = "<group>"; };
/* End PBXFileReference section */

/* Begin PBXFrameworksBuildPhase section */
		5E02E3B7228BB6BC002F8AF1 /* Frameworks */ = {
			isa = PBXFrameworksBuildPhase;
			buildActionMask = 2147483647;
			files = (
				4A995D63239E1B9E009529E4 /* VideoToolbox.framework in Frameworks */,
				4A995D61239E1B99009529E4 /* QuartzCore.framework in Frameworks */,
				4A995D5F239E1B92009529E4 /* OpenGLES.framework in Frameworks */,
				4A995D5D239E1B8C009529E4 /* MobileCoreServices.framework in Frameworks */,
				4A995D5B239E1B85009529E4 /* MediaPlayer.framework in Frameworks */,
				4A995D59239E1B7F009529E4 /* CoreVideo.framework in Frameworks */,
				4A995D57239E1B79009529E4 /* CoreMedia.framework in Frameworks */,
				4A995D55239E1B71009529E4 /* AVFoundation.framework in Frameworks */,
				4A995D53239E1B69009529E4 /* CoreGraphics.framework in Frameworks */,
				4A995D51239E1B60009529E4 /* AudioToolbox.framework in Frameworks */,
				4A995D4F239E1B54009529E4 /* libbz2.tbd in Frameworks */,
				4A995D4D239E1B4C009529E4 /* libz.tbd in Frameworks */,
				4A995D4B239E1B44009529E4 /* libc++.tbd in Frameworks */,
				C8719B4626C9F28670742C1B /* Pods_GeSwiftTests.framework in Frameworks */,
			);
			runOnlyForDeploymentPostprocessing = 0;
		};
		5E2FC37620DA59A6007FEF3E /* Frameworks */ = {
			isa = PBXFrameworksBuildPhase;
			buildActionMask = 2147483647;
			files = (
				0F20E89224FD500F00EB3C13 /* Pods_GeSwift.framework in Frameworks */,
			);
			runOnlyForDeploymentPostprocessing = 0;
		};
/* End PBXFrameworksBuildPhase section */

/* Begin PBXGroup section */
		005BFB8724615D970090D2C7 /* Trie */ = {
			isa = PBXGroup;
			children = (
				005BFB8824615DAC0090D2C7 /* Trie.swift */,
			);
			path = Trie;
			sourceTree = "<group>";
		};
		00B776C2245AC566002D4239 /* PriorityQueue */ = {
			isa = PBXGroup;
			children = (
				00B776C3245AC579002D4239 /* PriorityQueue.swift */,
			);
			path = PriorityQueue;
			sourceTree = "<group>";
		};
		0F1FBBA725E5EBDF0078D9EB /* BinaryTree */ = {
			isa = PBXGroup;
			children = (
				0F1FBBA825E5EBED0078D9EB /* BinaryTree.swift */,
				0F1FBBAE25E5ECCA0078D9EB /* BinarySearchTree.swift */,
				0F5B605B25E76A0900041A41 /* BalanceSearchTree.swift */,
				0F5B605725E7686B00041A41 /* RedBlackTree.swift */,
			);
			path = BinaryTree;
			sourceTree = "<group>";
		};
		0F245E7925E3A6BB007146A0 /* UnionSet */ = {
			isa = PBXGroup;
			children = (
				0F245E7C25E3A73C007146A0 /* UnionSet.swift */,
				0F245E8225E3A840007146A0 /* UnionSet_QF.swift */,
				0F245E8625E3AB27007146A0 /* UnionSet_QU.swift */,
				0F3A185C25E4A72100D9AC79 /* UnionSet_Enum.swift */,
			);
			path = UnionSet;
			sourceTree = "<group>";
		};
		0F39236C25BFF1D000CCDF5A /* Input */ = {
			isa = PBXGroup;
			children = (
				0F39236D25BFF1ED00CCDF5A /* InputView.swift */,
				0F39237325BFF9C600CCDF5A /* InputViewCell.swift */,
				0F39237725C002CD00CCDF5A /* Cursor.swift */,
			);
			path = Input;
			sourceTree = "<group>";
		};
		0F3974042466AB9B007445FE /* TestFoundation */ = {
			isa = PBXGroup;
			children = (
				0F3974052466ABBE007445FE /* TestPriorityQueue.swift */,
				0F3974072466BF79007445FE /* TestTrie.swift */,
				0F3A186025E4B19600D9AC79 /* TestUnion.swift */,
				0F1FBBB425E629C00078D9EB /* TestTree.swift */,
				0F235C80265397AF00634A92 /* TestSort.swift */,
			);
			path = TestFoundation;
			sourceTree = "<group>";
		};
		0F46AA9925BE65D2002C4483 /* Logger */ = {
			isa = PBXGroup;
			children = (
				0F46AA9C25BE662D002C4483 /* Logger.swift */,
			);
			path = Logger;
			sourceTree = "<group>";
		};
		0F5B606F25E7881600041A41 /* Extensions */ = {
			isa = PBXGroup;
			children = (
				0F5B607225E7882900041A41 /* Optional+Extensions.swift */,
			);
			path = Extensions;
			sourceTree = "<group>";
		};
		0F5D11FE248B912000761461 /* DataSource */ = {
			isa = PBXGroup;
			children = (
				0F5D1CCC25AEBBEF00E533EB /* CollectionViewDataSource.swift */,
				0F5D11FF248B913500761461 /* TableViewDataSource.swift */,
				0F5D1203248B940D00761461 /* SectionProtocol.swift */,
				0F5D1205248B989600761461 /* UITableView+DataSource.swift */,
				0F5D1CD225AEBE6800E533EB /* UICollectionView+DataSource.swift */,
				0F704A0D25ADA4E7003DD893 /* DataSourceDriver.swift */,
				0F704A1125ADA8BB003DD893 /* DataSourceDriver+Map.swift */,
				0F5D1CC625AE9DA900E533EB /* DataSourceDriver+Bind.swift */,
			);
			path = DataSource;
			sourceTree = "<group>";
		};
		0FB3EFFF248941740000CDCF /* SystemExtension */ = {
			isa = PBXGroup;
			children = (
				006EE7CC246A6864006EBBF0 /* ArraySort+Ge.swift */,
				0F3974022466A86D007445FE /* Array+PriorityQueue.swift */,
				0FFF541A25E48BBD001BDC6C /* Array+UnionSet.swift */,
				0F3A186825E4D0F000D9AC79 /* Array+Random.swift */,
			);
			path = SystemExtension;
			sourceTree = "<group>";
		};
		0FE1816625DFA4A20091088A /* RxSwift+Extensions */ = {
			isa = PBXGroup;
			children = (
				0FE1817325DFA72B0091088A /* UIViewController+Rx.swift */,
				0FE1817725DFA8E50091088A /* UITextField+Rx.swift */,
				0FE1817D25DFA9800091088A /* UIButton+Rx.swift */,
				0FE1819125DFAD540091088A /* UITextView+Rx.swift */,
			);
			path = "RxSwift+Extensions";
			sourceTree = "<group>";
		};
		0FFF541925E48B6A001BDC6C /* DataStructure */ = {
			isa = PBXGroup;
			children = (
				0F1FBBA725E5EBDF0078D9EB /* BinaryTree */,
				0FB3EFFF248941740000CDCF /* SystemExtension */,
				00B776C2245AC566002D4239 /* PriorityQueue */,
				005BFB8724615D970090D2C7 /* Trie */,
				0F245E7925E3A6BB007146A0 /* UnionSet */,
			);
			path = DataStructure;
			sourceTree = "<group>";
		};
		4A1B1C6323288D0400DE7FBF /* Examples */ = {
			isa = PBXGroup;
			children = (
				0F2D8E5025A592A700617FB7 /* WrapNavigationController.swift */,
				4A1B1C6423288D3A00DE7FBF /* HorizontalViewController.swift */,
				4AFCFF362329F14D00EDD09A /* ScanViewController.swift */,
				4AFCFF382329F55900EDD09A /* CycleScrollViewController.swift */,
				4A8726EC2398E1CF0002CAC1 /* LayoutViewController.swift */,
				4A8726ED2398E1CF0002CAC1 /* LayoutViewController.xib */,
				4A8726F02398E7FA0002CAC1 /* CircularLayoutLayoutController.swift */,
				0F39237B25C010A200CCDF5A /* InpuFieldViewController.swift */,
			);
			path = Examples;
			sourceTree = "<group>";
		};
		4A1B1C6B2328BCF400DE7FBF /* HorizontalView */ = {
			isa = PBXGroup;
			children = (
				4A1B1C722328D0E100DE7FBF /* FadeHorizontalView.swift */,
				4A26FA94233B50F900B8E10D /* HorizontalView.swift */,
				4A26FA99233B594000B8E10D /* Protocols.swift */,
				4A26FA9B233B59B100B8E10D /* HorizontalCell.swift */,
			);
			path = HorizontalView;
			sourceTree = "<group>";
		};
		4A8726D62398D5350002CAC1 /* CollectionVIewLayout */ = {
			isa = PBXGroup;
			children = (
				4A8726EA2398DF540002CAC1 /* SimpleScaleCollectionViewLayout.swift */,
				4A8726E82398D9090002CAC1 /* CircularRotatedCollectionViewLayout.swift */,
				4A8726E62398D7CB0002CAC1 /* CircularCollectionViewLayout.swift */,
				4A8726E42398D5FE0002CAC1 /* FixSpacingCollectionViewLayout.swift */,
				4A8726DD2398D5680002CAC1 /* WaterCollectionViewLayout.swift */,
				0F0B55D7259AFDE9005E4207 /* FoldTransitionLayout.swift */,
			);
			path = CollectionVIewLayout;
			sourceTree = "<group>";
		};
		4AC9AA3F239A6CC100E6678B /* LocationTask */ = {
			isa = PBXGroup;
			children = (
				4AC9AA40239A6CC100E6678B /* LocationTask.swift */,
			);
			name = LocationTask;
			path = ../../Sources/GeSwift/LocationTask;
			sourceTree = "<group>";
		};
		4AC9AA41239A6CC100E6678B /* Codable */ = {
			isa = PBXGroup;
			children = (
				4AC9AA42239A6CC100E6678B /* DefaultCodable.swift */,
				4AC9AA43239A6CC100E6678B /* DefaultCodableWrapper.swift */,
			);
			name = Codable;
			path = ../../Sources/GeSwift/Codable;
			sourceTree = "<group>";
		};
		4AC9AA44239A6CC100E6678B /* UI */ = {
			isa = PBXGroup;
			children = (
				4AC9AA45239A6CC100E6678B /* UICollectionView+Ge.swift */,
				4AC9AA46239A6CC100E6678B /* UIView+Ge.swift */,
				4AC9AA47239A6CC100E6678B /* UIControl+Ge.swift */,
				4AC9AA48239A6CC100E6678B /* UIColor+Ge.swift */,
				4AC9AA49239A6CC100E6678B /* UITableView+Ge.swift */,
				4AC9AA4A239A6CC100E6678B /* UIWindow+Ge.swift */,
				4AC9AA4B239A6CC100E6678B /* UILabel+Ge.swift */,
				4AC9AA4C239A6CC100E6678B /* UIImage+Ge.swift */,
				4AC9AA4D239A6CC100E6678B /* UIAlertViewController+Ge.swift */,
				4AC9AA4E239A6CC100E6678B /* UIScrollView+Ge.swift */,
			);
			name = UI;
			path = ../../Sources/GeSwift/UI;
			sourceTree = "<group>";
		};
		4AC9AA4F239A6CC100E6678B /* Foundation */ = {
			isa = PBXGroup;
			children = (
				4AC9AA50239A6CC100E6678B /* NSObject+Ge.swift */,
				4AC9AA51239A6CC100E6678B /* Data+Ge.swift */,
				4AC9AA52239A6CC100E6678B /* String+Ge.swift */,
				4AC9AA53239A6CC100E6678B /* Date+Ge.swift */,
				4AC9AA54239A6CC100E6678B /* Notification+Ge.swift */,
				4AC9AA55239A6CC100E6678B /* UserDefaults+Ge.swift */,
			);
			name = Foundation;
			path = ../../Sources/GeSwift/Foundation;
			sourceTree = "<group>";
		};
		4AC9AA56239A6CC100E6678B /* Core */ = {
			isa = PBXGroup;
			children = (
				4AC9AA57239A6CC100E6678B /* Reusable.swift */,
				4AC9AA58239A6CC100E6678B /* GeSwift.swift */,
				4AC9AA59239A6CC100E6678B /* PlistProperty.swift */,
				4AC9AA5A239A6CC100E6678B /* UIResponder.swift */,
				4AC9AA5B239A6CC100E6678B /* Defaults.swift */,
				4AC9AA5C239A6CC100E6678B /* Plist.swift */,
				00B776C0245AC4BF002D4239 /* Function.swift */,
			);
			name = Core;
			path = ../../Sources/GeSwift/Core;
			sourceTree = "<group>";
		};
		4AFCFF3C2329F5D800EDD09A /* CycleScrollView */ = {
			isa = PBXGroup;
			children = (
				4A8726F22398EB7C0002CAC1 /* CircleScalePageControl.swift */,
				4A8726F32398EB7C0002CAC1 /* SizeFitPageControl.swift */,
				4AFCFF3D2329F5D800EDD09A /* CycleScrollView.swift */,
			);
			path = CycleScrollView;
			sourceTree = "<group>";
		};
		4AFCFF3F2329F5EB00EDD09A /* ScanView */ = {
			isa = PBXGroup;
			children = (
				4AFCFF402329F5EB00EDD09A /* ScanView.swift */,
			);
			path = ScanView;
			sourceTree = "<group>";
		};
		5E02E3BB228BB6BC002F8AF1 /* GeSwiftTests */ = {
			isa = PBXGroup;
			children = (
				0F3974042466AB9B007445FE /* TestFoundation */,
				5E02E3BC228BB6BC002F8AF1 /* GeSwiftTests.swift */,
				5E02E3BE228BB6BC002F8AF1 /* Info.plist */,
			);
			path = GeSwiftTests;
			sourceTree = "<group>";
		};
		5E2FC37020DA59A6007FEF3E = {
			isa = PBXGroup;
			children = (
				5EA9A52A21FFFB290066089B /* GeSwift.podspec */,
				5E2FC37B20DA59A6007FEF3E /* GeSwift */,
				5E02E3BB228BB6BC002F8AF1 /* GeSwiftTests */,
				5E2FC37A20DA59A6007FEF3E /* Products */,
				73109FF9AD0F4262AA6DF44E /* Pods */,
				A6983030081C274FC5B44F92 /* Frameworks */,
			);
			sourceTree = "<group>";
		};
		5E2FC37A20DA59A6007FEF3E /* Products */ = {
			isa = PBXGroup;
			children = (
				5E2FC37920DA59A6007FEF3E /* GeSwift.app */,
				5E02E3BA228BB6BC002F8AF1 /* GeSwiftTests.xctest */,
			);
			name = Products;
			sourceTree = "<group>";
		};
		5E2FC37B20DA59A6007FEF3E /* GeSwift */ = {
			isa = PBXGroup;
			children = (
				4A1B1C6323288D0400DE7FBF /* Examples */,
				5E2FC39020DA5F59007FEF3E /* Ge */,
				5E2FC37C20DA59A6007FEF3E /* AppDelegate.swift */,
				5E2FC37E20DA59A6007FEF3E /* ViewController.swift */,
				5E2FC38320DA59A9007FEF3E /* Assets.xcassets */,
				5E2FC38520DA59A9007FEF3E /* LaunchScreen.storyboard */,
				5E2FC38820DA59A9007FEF3E /* Info.plist */,
				0F75E40525678F2D00099FD5 /* GeSwift-Bridging-Header.h */,
			);
			path = GeSwift;
			sourceTree = "<group>";
		};
		5E2FC39020DA5F59007FEF3E /* Ge */ = {
			isa = PBXGroup;
			children = (
				0F5B606F25E7881600041A41 /* Extensions */,
				0FFF541925E48B6A001BDC6C /* DataStructure */,
				0FE1816625DFA4A20091088A /* RxSwift+Extensions */,
				0F46AA9925BE65D2002C4483 /* Logger */,
				4AC9AA41239A6CC100E6678B /* Codable */,
				4AC9AA56239A6CC100E6678B /* Core */,
				4AC9AA4F239A6CC100E6678B /* Foundation */,
				4AC9AA3F239A6CC100E6678B /* LocationTask */,
				0F5D11FE248B912000761461 /* DataSource */,
				4AC9AA44239A6CC100E6678B /* UI */,
				5E4E7624219D646A0012F6A8 /* Control */,
				5E4E7621219D63A60012F6A8 /* DataBase */,
			);
			path = Ge;
			sourceTree = SOURCE_ROOT;
		};
		5E4E7621219D63A60012F6A8 /* DataBase */ = {
			isa = PBXGroup;
			children = (
				5E4E7622219D63C30012F6A8 /* WCDB+Ge.swift */,
			);
			path = DataBase;
			sourceTree = "<group>";
		};
		5E4E7624219D646A0012F6A8 /* Control */ = {
			isa = PBXGroup;
			children = (
				0F39236C25BFF1D000CCDF5A /* Input */,
				4A8726D62398D5350002CAC1 /* CollectionVIewLayout */,
				4AFCFF3F2329F5EB00EDD09A /* ScanView */,
				4AFCFF3C2329F5D800EDD09A /* CycleScrollView */,
				4A1B1C6B2328BCF400DE7FBF /* HorizontalView */,
			);
			path = Control;
			sourceTree = "<group>";
		};
		73109FF9AD0F4262AA6DF44E /* Pods */ = {
			isa = PBXGroup;
			children = (
				520017B9EEFF8D241A5DF796 /* Pods-GeSwift.debug.xcconfig */,
				416C9C50DE715E9E10C15132 /* Pods-GeSwift.release.xcconfig */,
				F924FBD892D6C9FFC4D1D607 /* Pods-GeSwiftTests.debug.xcconfig */,
				FB5C2970462D0297012BA8A5 /* Pods-GeSwiftTests.release.xcconfig */,
			);
			name = Pods;
			sourceTree = "<group>";
		};
		A6983030081C274FC5B44F92 /* Frameworks */ = {
			isa = PBXGroup;
			children = (
				4A7E56E223A8AAFD003181AF /* QuartzCore.framework */,
				4A7E56DE23A8AAE5003181AF /* MediaPlayer.framework */,
				4A7E56DC23A8AADF003181AF /* CoreVideo.framework */,
				4A7E56DA23A8AACD003181AF /* CoreMedia.framework */,
				4A7E56D823A8AAC6003181AF /* AVFoundation.framework */,
				4A7E56D623A8AAC0003181AF /* CoreGraphics.framework */,
				4A7E56D423A8AAB7003181AF /* AudioToolbox.framework */,
				4A7E56D223A8AAB0003181AF /* CoreMotion.framework */,
				4A7E56D023A8AAAA003181AF /* VideoToolbox.framework */,
				4A7E56CE23A8AA9D003181AF /* libc++.tbd */,
				4A7E56CC23A8AA97003181AF /* libbz2.tbd */,
				4A7E56CA23A8AA89003181AF /* libz.tbd */,
				4A995D62239E1B9E009529E4 /* VideoToolbox.framework */,
				4A995D60239E1B99009529E4 /* QuartzCore.framework */,
				4A995D5E239E1B92009529E4 /* OpenGLES.framework */,
				4A995D5C239E1B8C009529E4 /* MobileCoreServices.framework */,
				4A995D5A239E1B85009529E4 /* MediaPlayer.framework */,
				4A995D58239E1B7F009529E4 /* CoreVideo.framework */,
				4A995D56239E1B78009529E4 /* CoreMedia.framework */,
				4A995D54239E1B71009529E4 /* AVFoundation.framework */,
				4A995D52239E1B69009529E4 /* CoreGraphics.framework */,
				4A995D50239E1B60009529E4 /* AudioToolbox.framework */,
				4A995D4E239E1B54009529E4 /* libbz2.tbd */,
				4A995D4C239E1B4C009529E4 /* libz.tbd */,
				4A995D4A239E1B44009529E4 /* libc++.tbd */,
				4A995D45239E189F009529E4 /* IJKMediaFramework.framework */,
				B43667C1ED0CACF5FC847A95 /* Pods_GeSwift.framework */,
				CF6902E79E348691ABF0DCDB /* Pods_GeSwiftTests.framework */,
			);
			name = Frameworks;
			sourceTree = "<group>";
		};
/* End PBXGroup section */

/* Begin PBXNativeTarget section */
		5E02E3B9228BB6BC002F8AF1 /* GeSwiftTests */ = {
			isa = PBXNativeTarget;
			buildConfigurationList = 5E02E3C3228BB6BC002F8AF1 /* Build configuration list for PBXNativeTarget "GeSwiftTests" */;
			buildPhases = (
				298AF78DBEAC2BE54AB90DED /* [CP] Check Pods Manifest.lock */,
				5E02E3B6228BB6BC002F8AF1 /* Sources */,
				5E02E3B7228BB6BC002F8AF1 /* Frameworks */,
				5E02E3B8228BB6BC002F8AF1 /* Resources */,
			);
			buildRules = (
			);
			dependencies = (
				5E02E3C0228BB6BC002F8AF1 /* PBXTargetDependency */,
			);
			name = GeSwiftTests;
			productName = GeSwiftTests;
			productReference = 5E02E3BA228BB6BC002F8AF1 /* GeSwiftTests.xctest */;
			productType = "com.apple.product-type.bundle.unit-test";
		};
		5E2FC37820DA59A6007FEF3E /* GeSwift */ = {
			isa = PBXNativeTarget;
			buildConfigurationList = 5E2FC38B20DA59A9007FEF3E /* Build configuration list for PBXNativeTarget "GeSwift" */;
			buildPhases = (
				7AC6B84F4BA720C6076E405E /* [CP] Check Pods Manifest.lock */,
				5E2FC37520DA59A6007FEF3E /* Sources */,
				5E2FC37620DA59A6007FEF3E /* Frameworks */,
				5E2FC37720DA59A6007FEF3E /* Resources */,
				FE325A3B0A9AFCF2A3D52BCE /* [CP] Embed Pods Frameworks */,
			);
			buildRules = (
			);
			dependencies = (
			);
			name = GeSwift;
			productName = GeSwift;
			productReference = 5E2FC37920DA59A6007FEF3E /* GeSwift.app */;
			productType = "com.apple.product-type.application";
		};
/* End PBXNativeTarget section */

/* Begin PBXProject section */
		5E2FC37120DA59A6007FEF3E /* Project object */ = {
			isa = PBXProject;
			attributes = {
				LastSwiftUpdateCheck = 1020;
				LastUpgradeCheck = 1200;
				ORGANIZATIONNAME = my;
				TargetAttributes = {
					5E02E3B9228BB6BC002F8AF1 = {
						CreatedOnToolsVersion = 10.2.1;
						TestTargetID = 5E2FC37820DA59A6007FEF3E;
					};
					5E2FC37820DA59A6007FEF3E = {
						CreatedOnToolsVersion = 9.4;
						LastSwiftMigration = 1200;
					};
				};
			};
			buildConfigurationList = 5E2FC37420DA59A6007FEF3E /* Build configuration list for PBXProject "GeSwift" */;
			compatibilityVersion = "Xcode 9.3";
			developmentRegion = en;
			hasScannedForEncodings = 0;
			knownRegions = (
				en,
				Base,
			);
			mainGroup = 5E2FC37020DA59A6007FEF3E;
			productRefGroup = 5E2FC37A20DA59A6007FEF3E /* Products */;
			projectDirPath = "";
			projectRoot = "";
			targets = (
				5E2FC37820DA59A6007FEF3E /* GeSwift */,
				5E02E3B9228BB6BC002F8AF1 /* GeSwiftTests */,
			);
		};
/* End PBXProject section */

/* Begin PBXResourcesBuildPhase section */
		5E02E3B8228BB6BC002F8AF1 /* Resources */ = {
			isa = PBXResourcesBuildPhase;
			buildActionMask = 2147483647;
			files = (
			);
			runOnlyForDeploymentPostprocessing = 0;
		};
		5E2FC37720DA59A6007FEF3E /* Resources */ = {
			isa = PBXResourcesBuildPhase;
			buildActionMask = 2147483647;
			files = (
				5EA9A52B21FFFB290066089B /* GeSwift.podspec in Resources */,
				5E2FC38720DA59A9007FEF3E /* LaunchScreen.storyboard in Resources */,
				4A8726EF2398E1CF0002CAC1 /* LayoutViewController.xib in Resources */,
				5E2FC38420DA59A9007FEF3E /* Assets.xcassets in Resources */,
			);
			runOnlyForDeploymentPostprocessing = 0;
		};
/* End PBXResourcesBuildPhase section */

/* Begin PBXShellScriptBuildPhase section */
		298AF78DBEAC2BE54AB90DED /* [CP] Check Pods Manifest.lock */ = {
			isa = PBXShellScriptBuildPhase;
			buildActionMask = 2147483647;
			files = (
			);
			inputFileListPaths = (
			);
			inputPaths = (
				"${PODS_PODFILE_DIR_PATH}/Podfile.lock",
				"${PODS_ROOT}/Manifest.lock",
			);
			name = "[CP] Check Pods Manifest.lock";
			outputFileListPaths = (
			);
			outputPaths = (
				"$(DERIVED_FILE_DIR)/Pods-GeSwiftTests-checkManifestLockResult.txt",
			);
			runOnlyForDeploymentPostprocessing = 0;
			shellPath = /bin/sh;
			shellScript = "diff \"${PODS_PODFILE_DIR_PATH}/Podfile.lock\" \"${PODS_ROOT}/Manifest.lock\" > /dev/null\nif [ $? != 0 ] ; then\n    # print error to STDERR\n    echo \"error: The sandbox is not in sync with the Podfile.lock. Run 'pod install' or update your CocoaPods installation.\" >&2\n    exit 1\nfi\n# This output is used by Xcode 'outputs' to avoid re-running this script phase.\necho \"SUCCESS\" > \"${SCRIPT_OUTPUT_FILE_0}\"\n";
			showEnvVarsInLog = 0;
		};
		7AC6B84F4BA720C6076E405E /* [CP] Check Pods Manifest.lock */ = {
			isa = PBXShellScriptBuildPhase;
			buildActionMask = 2147483647;
			files = (
			);
			inputFileListPaths = (
			);
			inputPaths = (
				"${PODS_PODFILE_DIR_PATH}/Podfile.lock",
				"${PODS_ROOT}/Manifest.lock",
			);
			name = "[CP] Check Pods Manifest.lock";
			outputFileListPaths = (
			);
			outputPaths = (
				"$(DERIVED_FILE_DIR)/Pods-GeSwift-checkManifestLockResult.txt",
			);
			runOnlyForDeploymentPostprocessing = 0;
			shellPath = /bin/sh;
			shellScript = "diff \"${PODS_PODFILE_DIR_PATH}/Podfile.lock\" \"${PODS_ROOT}/Manifest.lock\" > /dev/null\nif [ $? != 0 ] ; then\n    # print error to STDERR\n    echo \"error: The sandbox is not in sync with the Podfile.lock. Run 'pod install' or update your CocoaPods installation.\" >&2\n    exit 1\nfi\n# This output is used by Xcode 'outputs' to avoid re-running this script phase.\necho \"SUCCESS\" > \"${SCRIPT_OUTPUT_FILE_0}\"\n";
			showEnvVarsInLog = 0;
		};
		FE325A3B0A9AFCF2A3D52BCE /* [CP] Embed Pods Frameworks */ = {
			isa = PBXShellScriptBuildPhase;
			buildActionMask = 2147483647;
			files = (
			);
			inputFileListPaths = (
				"${PODS_ROOT}/Target Support Files/Pods-GeSwift/Pods-GeSwift-frameworks-${CONFIGURATION}-input-files.xcfilelist",
			);
			name = "[CP] Embed Pods Frameworks";
			outputFileListPaths = (
				"${PODS_ROOT}/Target Support Files/Pods-GeSwift/Pods-GeSwift-frameworks-${CONFIGURATION}-output-files.xcfilelist",
			);
			runOnlyForDeploymentPostprocessing = 0;
			shellPath = /bin/sh;
			shellScript = "\"${PODS_ROOT}/Target Support Files/Pods-GeSwift/Pods-GeSwift-frameworks.sh\"\n";
			showEnvVarsInLog = 0;
		};
/* End PBXShellScriptBuildPhase section */

/* Begin PBXSourcesBuildPhase section */
		5E02E3B6228BB6BC002F8AF1 /* Sources */ = {
			isa = PBXSourcesBuildPhase;
			buildActionMask = 2147483647;
			files = (
				5E02E3BD228BB6BC002F8AF1 /* GeSwiftTests.swift in Sources */,
				0F235C81265397AF00634A92 /* TestSort.swift in Sources */,
				0F3974082466BF79007445FE /* TestTrie.swift in Sources */,
				0F3974062466ABBE007445FE /* TestPriorityQueue.swift in Sources */,
				0F1FBBB525E629C00078D9EB /* TestTree.swift in Sources */,
				0F3A186125E4B19600D9AC79 /* TestUnion.swift in Sources */,
			);
			runOnlyForDeploymentPostprocessing = 0;
		};
		5E2FC37520DA59A6007FEF3E /* Sources */ = {
			isa = PBXSourcesBuildPhase;
			buildActionMask = 2147483647;
			files = (
				0F39237825C002CD00CCDF5A /* Cursor.swift in Sources */,
				0F1FBBAF25E5ECCA0078D9EB /* BinarySearchTree.swift in Sources */,
				0F245E8725E3AB27007146A0 /* UnionSet_QU.swift in Sources */,
				4AC9AA75239A6CC100E6678B /* Plist.swift in Sources */,
				4AC9AA66239A6CC100E6678B /* UILabel+Ge.swift in Sources */,
				0F39237C25C010A200CCDF5A /* InpuFieldViewController.swift in Sources */,
				0F5D1CD325AEBE6800E533EB /* UICollectionView+DataSource.swift in Sources */,
				4A8726F42398EB7C0002CAC1 /* CircleScalePageControl.swift in Sources */,
				4AC9AA6C239A6CC100E6678B /* String+Ge.swift in Sources */,
				0FFF541B25E48BBD001BDC6C /* Array+UnionSet.swift in Sources */,
				4A8726F12398E7FA0002CAC1 /* CircularLayoutLayoutController.swift in Sources */,
				4A26FA9A233B594000B8E10D /* Protocols.swift in Sources */,
				4AC9AA6B239A6CC100E6678B /* Data+Ge.swift in Sources */,
				4AC9AA70239A6CC100E6678B /* Reusable.swift in Sources */,
				0F5D1204248B940D00761461 /* SectionProtocol.swift in Sources */,
				0F5B605825E7686B00041A41 /* RedBlackTree.swift in Sources */,
				0F704A1225ADA8BB003DD893 /* DataSourceDriver+Map.swift in Sources */,
				4A26FA95233B50F900B8E10D /* HorizontalView.swift in Sources */,
				4AFCFF392329F55900EDD09A /* CycleScrollViewController.swift in Sources */,
				4A8726EB2398DF540002CAC1 /* SimpleScaleCollectionViewLayout.swift in Sources */,
				006EE7CD246A6864006EBBF0 /* ArraySort+Ge.swift in Sources */,
				0F39236E25BFF1ED00CCDF5A /* InputView.swift in Sources */,
				4AC9AA5E239A6CC100E6678B /* DefaultCodable.swift in Sources */,
				4AC9AA72239A6CC100E6678B /* PlistProperty.swift in Sources */,
				00B776C1245AC4BF002D4239 /* Function.swift in Sources */,
				4AC9AA64239A6CC100E6678B /* UITableView+Ge.swift in Sources */,
				4AC9AA73239A6CC100E6678B /* UIResponder.swift in Sources */,
				4AC9AA6D239A6CC100E6678B /* Date+Ge.swift in Sources */,
				0FE1817425DFA72B0091088A /* UIViewController+Rx.swift in Sources */,
				4A8726E72398D7CB0002CAC1 /* CircularCollectionViewLayout.swift in Sources */,
				0F5B605C25E76A0900041A41 /* BalanceSearchTree.swift in Sources */,
				4AC9AA6F239A6CC100E6678B /* UserDefaults+Ge.swift in Sources */,
				4A8726E52398D5FE0002CAC1 /* FixSpacingCollectionViewLayout.swift in Sources */,
				0F39237425BFF9C600CCDF5A /* InputViewCell.swift in Sources */,
				4AC9AA6E239A6CC100E6678B /* Notification+Ge.swift in Sources */,
				4AFCFF3E2329F5D800EDD09A /* CycleScrollView.swift in Sources */,
				0F2D8E5125A592A700617FB7 /* WrapNavigationController.swift in Sources */,
				4AC9AA60239A6CC100E6678B /* UICollectionView+Ge.swift in Sources */,
				0F5D1206248B989600761461 /* UITableView+DataSource.swift in Sources */,
				0F3A186925E4D0F000D9AC79 /* Array+Random.swift in Sources */,
				4AC9AA5F239A6CC100E6678B /* DefaultCodableWrapper.swift in Sources */,
				005BFB8924615DAC0090D2C7 /* Trie.swift in Sources */,
				0F46AA9D25BE662D002C4483 /* Logger.swift in Sources */,
				0F5B607325E7882900041A41 /* Optional+Extensions.swift in Sources */,
				4AFCFF412329F5EB00EDD09A /* ScanView.swift in Sources */,
				4A8726F52398EB7C0002CAC1 /* SizeFitPageControl.swift in Sources */,
				0FE1817825DFA8E50091088A /* UITextField+Rx.swift in Sources */,
				4AC9AA69239A6CC100E6678B /* UIScrollView+Ge.swift in Sources */,
				5E2FC37F20DA59A6007FEF3E /* ViewController.swift in Sources */,
				4A8726EE2398E1CF0002CAC1 /* LayoutViewController.swift in Sources */,
				4AC9AA71239A6CC100E6678B /* GeSwift.swift in Sources */,
				5E2FC37D20DA59A6007FEF3E /* AppDelegate.swift in Sources */,
				0FE1817E25DFA9800091088A /* UIButton+Rx.swift in Sources */,
				0F704A0E25ADA4E7003DD893 /* DataSourceDriver.swift in Sources */,
				0F1FBBA925E5EBED0078D9EB /* BinaryTree.swift in Sources */,
				4AFCFF372329F14D00EDD09A /* ScanViewController.swift in Sources */,
				4A1B1C6523288D3A00DE7FBF /* HorizontalViewController.swift in Sources */,
				4AC9AA63239A6CC100E6678B /* UIColor+Ge.swift in Sources */,
				4A8726E92398D9090002CAC1 /* CircularRotatedCollectionViewLayout.swift in Sources */,
				0FE1819225DFAD540091088A /* UITextView+Rx.swift in Sources */,
				0F5D1200248B913500761461 /* TableViewDataSource.swift in Sources */,
				4AC9AA65239A6CC100E6678B /* UIWindow+Ge.swift in Sources */,
				4AC9AA68239A6CC100E6678B /* UIAlertViewController+Ge.swift in Sources */,
				4AC9AA5D239A6CC100E6678B /* LocationTask.swift in Sources */,
				4A1B1C732328D0E100DE7FBF /* FadeHorizontalView.swift in Sources */,
				4A8726E32398D5680002CAC1 /* WaterCollectionViewLayout.swift in Sources */,
				5E4E7623219D63C30012F6A8 /* WCDB+Ge.swift in Sources */,
				0F5D1CC725AE9DA900E533EB /* DataSourceDriver+Bind.swift in Sources */,
				00B776C4245AC579002D4239 /* PriorityQueue.swift in Sources */,
				4AC9AA67239A6CC100E6678B /* UIImage+Ge.swift in Sources */,
				4AC9AA74239A6CC100E6678B /* Defaults.swift in Sources */,
				0F245E8325E3A840007146A0 /* UnionSet_QF.swift in Sources */,
				4AC9AA61239A6CC100E6678B /* UIView+Ge.swift in Sources */,
				0F0B55D8259AFDEA005E4207 /* FoldTransitionLayout.swift in Sources */,
				0F5D1CCD25AEBBEF00E533EB /* CollectionViewDataSource.swift in Sources */,
				4A26FA9C233B59B100B8E10D /* HorizontalCell.swift in Sources */,
				0F3974032466A86D007445FE /* Array+PriorityQueue.swift in Sources */,
				4AC9AA62239A6CC100E6678B /* UIControl+Ge.swift in Sources */,
				4AC9AA6A239A6CC100E6678B /* NSObject+Ge.swift in Sources */,
				0F3A185D25E4A72100D9AC79 /* UnionSet_Enum.swift in Sources */,
				0F245E7D25E3A73C007146A0 /* UnionSet.swift in Sources */,
			);
			runOnlyForDeploymentPostprocessing = 0;
		};
/* End PBXSourcesBuildPhase section */

/* Begin PBXTargetDependency section */
		5E02E3C0228BB6BC002F8AF1 /* PBXTargetDependency */ = {
			isa = PBXTargetDependency;
			target = 5E2FC37820DA59A6007FEF3E /* GeSwift */;
			targetProxy = 5E02E3BF228BB6BC002F8AF1 /* PBXContainerItemProxy */;
		};
/* End PBXTargetDependency section */

/* Begin PBXVariantGroup section */
		5E2FC38520DA59A9007FEF3E /* LaunchScreen.storyboard */ = {
			isa = PBXVariantGroup;
			children = (
				5E2FC38620DA59A9007FEF3E /* Base */,
			);
			name = LaunchScreen.storyboard;
			sourceTree = "<group>";
		};
/* End PBXVariantGroup section */

/* Begin XCBuildConfiguration section */
		5E02E3C1228BB6BC002F8AF1 /* Debug */ = {
			isa = XCBuildConfiguration;
			baseConfigurationReference = F924FBD892D6C9FFC4D1D607 /* Pods-GeSwiftTests.debug.xcconfig */;
			buildSettings = {
				BUNDLE_LOADER = "$(TEST_HOST)";
				"CODE_SIGN_IDENTITY[sdk=macosx*]" = "Apple Development";
				CODE_SIGN_STYLE = Automatic;
				DEVELOPMENT_TEAM = 66VRX7YQU2;
				FRAMEWORK_SEARCH_PATHS = (
					"$(inherited)",
					"$(PROJECT_DIR)/GeSwift/IJKPlayer",
				);
				INFOPLIST_FILE = GeSwiftTests/Info.plist;
				IPHONEOS_DEPLOYMENT_TARGET = 12.2;
				LD_RUNPATH_SEARCH_PATHS = (
					"$(inherited)",
					"@executable_path/Frameworks",
					"@loader_path/Frameworks",
				);
				MTL_ENABLE_DEBUG_INFO = INCLUDE_SOURCE;
				MTL_FAST_MATH = YES;
				ONLY_ACTIVE_ARCH = NO;
				PRODUCT_BUNDLE_IDENTIFIER = com.hsh.service.GeSwiftTests;
				PRODUCT_NAME = "$(TARGET_NAME)";
				SWIFT_OBJC_BRIDGING_HEADER = "";
				SWIFT_VERSION = 5.0;
				TARGETED_DEVICE_FAMILY = "1,2";
				TEST_HOST = "$(BUILT_PRODUCTS_DIR)/GeSwift.app/GeSwift";
			};
			name = Debug;
		};
		5E02E3C2228BB6BC002F8AF1 /* Release */ = {
			isa = XCBuildConfiguration;
			baseConfigurationReference = FB5C2970462D0297012BA8A5 /* Pods-GeSwiftTests.release.xcconfig */;
			buildSettings = {
				BUNDLE_LOADER = "$(TEST_HOST)";
				"CODE_SIGN_IDENTITY[sdk=macosx*]" = "Apple Development";
				CODE_SIGN_STYLE = Automatic;
				DEVELOPMENT_TEAM = 66VRX7YQU2;
				FRAMEWORK_SEARCH_PATHS = (
					"$(inherited)",
					"$(PROJECT_DIR)/GeSwift/IJKPlayer",
				);
				INFOPLIST_FILE = GeSwiftTests/Info.plist;
				IPHONEOS_DEPLOYMENT_TARGET = 12.2;
				LD_RUNPATH_SEARCH_PATHS = (
					"$(inherited)",
					"@executable_path/Frameworks",
					"@loader_path/Frameworks",
				);
				MTL_FAST_MATH = YES;
				ONLY_ACTIVE_ARCH = NO;
				PRODUCT_BUNDLE_IDENTIFIER = com.hsh.service.GeSwiftTests;
				PRODUCT_NAME = "$(TARGET_NAME)";
				SWIFT_OBJC_BRIDGING_HEADER = "";
				SWIFT_VERSION = 5.0;
				TARGETED_DEVICE_FAMILY = "1,2";
				TEST_HOST = "$(BUILT_PRODUCTS_DIR)/GeSwift.app/GeSwift";
			};
			name = Release;
		};
		5E2FC38920DA59A9007FEF3E /* Debug */ = {
			isa = XCBuildConfiguration;
			buildSettings = {
				ALWAYS_SEARCH_USER_PATHS = NO;
				CLANG_ANALYZER_NONNULL = YES;
				CLANG_ANALYZER_NUMBER_OBJECT_CONVERSION = YES_AGGRESSIVE;
				CLANG_CXX_LANGUAGE_STANDARD = "gnu++14";
				CLANG_CXX_LIBRARY = "libc++";
				CLANG_ENABLE_MODULES = YES;
				CLANG_ENABLE_OBJC_ARC = YES;
				CLANG_ENABLE_OBJC_WEAK = YES;
				CLANG_WARN_BLOCK_CAPTURE_AUTORELEASING = YES;
				CLANG_WARN_BOOL_CONVERSION = YES;
				CLANG_WARN_COMMA = YES;
				CLANG_WARN_CONSTANT_CONVERSION = YES;
				CLANG_WARN_DEPRECATED_OBJC_IMPLEMENTATIONS = YES;
				CLANG_WARN_DIRECT_OBJC_ISA_USAGE = YES_ERROR;
				CLANG_WARN_DOCUMENTATION_COMMENTS = YES;
				CLANG_WARN_EMPTY_BODY = YES;
				CLANG_WARN_ENUM_CONVERSION = YES;
				CLANG_WARN_INFINITE_RECURSION = YES;
				CLANG_WARN_INT_CONVERSION = YES;
				CLANG_WARN_NON_LITERAL_NULL_CONVERSION = YES;
				CLANG_WARN_OBJC_IMPLICIT_RETAIN_SELF = YES;
				CLANG_WARN_OBJC_LITERAL_CONVERSION = YES;
				CLANG_WARN_OBJC_ROOT_CLASS = YES_ERROR;
				CLANG_WARN_QUOTED_INCLUDE_IN_FRAMEWORK_HEADER = YES;
				CLANG_WARN_RANGE_LOOP_ANALYSIS = YES;
				CLANG_WARN_STRICT_PROTOTYPES = YES;
				CLANG_WARN_SUSPICIOUS_MOVE = YES;
				CLANG_WARN_UNGUARDED_AVAILABILITY = YES_AGGRESSIVE;
				CLANG_WARN_UNREACHABLE_CODE = YES;
				CLANG_WARN__DUPLICATE_METHOD_MATCH = YES;
				CODE_SIGN_IDENTITY = "iPhone Developer";
				COPY_PHASE_STRIP = NO;
				DEBUG_INFORMATION_FORMAT = dwarf;
				ENABLE_STRICT_OBJC_MSGSEND = YES;
				ENABLE_TESTABILITY = YES;
				GCC_C_LANGUAGE_STANDARD = gnu11;
				GCC_DYNAMIC_NO_PIC = NO;
				GCC_NO_COMMON_BLOCKS = YES;
				GCC_OPTIMIZATION_LEVEL = 0;
				GCC_PREPROCESSOR_DEFINITIONS = (
					"DEBUG=1",
					"$(inherited)",
				);
				GCC_WARN_64_TO_32_BIT_CONVERSION = YES;
				GCC_WARN_ABOUT_RETURN_TYPE = YES_ERROR;
				GCC_WARN_UNDECLARED_SELECTOR = YES;
				GCC_WARN_UNINITIALIZED_AUTOS = YES_AGGRESSIVE;
				GCC_WARN_UNUSED_FUNCTION = YES;
				GCC_WARN_UNUSED_VARIABLE = YES;
				IPHONEOS_DEPLOYMENT_TARGET = 12.0;
				MTL_ENABLE_DEBUG_INFO = YES;
				ONLY_ACTIVE_ARCH = YES;
				SDKROOT = iphoneos;
				SWIFT_ACTIVE_COMPILATION_CONDITIONS = DEBUG;
				SWIFT_OPTIMIZATION_LEVEL = "-Onone";
			};
			name = Debug;
		};
		5E2FC38A20DA59A9007FEF3E /* Release */ = {
			isa = XCBuildConfiguration;
			buildSettings = {
				ALWAYS_SEARCH_USER_PATHS = NO;
				CLANG_ANALYZER_NONNULL = YES;
				CLANG_ANALYZER_NUMBER_OBJECT_CONVERSION = YES_AGGRESSIVE;
				CLANG_CXX_LANGUAGE_STANDARD = "gnu++14";
				CLANG_CXX_LIBRARY = "libc++";
				CLANG_ENABLE_MODULES = YES;
				CLANG_ENABLE_OBJC_ARC = YES;
				CLANG_ENABLE_OBJC_WEAK = YES;
				CLANG_WARN_BLOCK_CAPTURE_AUTORELEASING = YES;
				CLANG_WARN_BOOL_CONVERSION = YES;
				CLANG_WARN_COMMA = YES;
				CLANG_WARN_CONSTANT_CONVERSION = YES;
				CLANG_WARN_DEPRECATED_OBJC_IMPLEMENTATIONS = YES;
				CLANG_WARN_DIRECT_OBJC_ISA_USAGE = YES_ERROR;
				CLANG_WARN_DOCUMENTATION_COMMENTS = YES;
				CLANG_WARN_EMPTY_BODY = YES;
				CLANG_WARN_ENUM_CONVERSION = YES;
				CLANG_WARN_INFINITE_RECURSION = YES;
				CLANG_WARN_INT_CONVERSION = YES;
				CLANG_WARN_NON_LITERAL_NULL_CONVERSION = YES;
				CLANG_WARN_OBJC_IMPLICIT_RETAIN_SELF = YES;
				CLANG_WARN_OBJC_LITERAL_CONVERSION = YES;
				CLANG_WARN_OBJC_ROOT_CLASS = YES_ERROR;
				CLANG_WARN_QUOTED_INCLUDE_IN_FRAMEWORK_HEADER = YES;
				CLANG_WARN_RANGE_LOOP_ANALYSIS = YES;
				CLANG_WARN_STRICT_PROTOTYPES = YES;
				CLANG_WARN_SUSPICIOUS_MOVE = YES;
				CLANG_WARN_UNGUARDED_AVAILABILITY = YES_AGGRESSIVE;
				CLANG_WARN_UNREACHABLE_CODE = YES;
				CLANG_WARN__DUPLICATE_METHOD_MATCH = YES;
				CODE_SIGN_IDENTITY = "iPhone Developer";
				COPY_PHASE_STRIP = NO;
				DEBUG_INFORMATION_FORMAT = "dwarf-with-dsym";
				ENABLE_NS_ASSERTIONS = NO;
				ENABLE_STRICT_OBJC_MSGSEND = YES;
				GCC_C_LANGUAGE_STANDARD = gnu11;
				GCC_NO_COMMON_BLOCKS = YES;
				GCC_WARN_64_TO_32_BIT_CONVERSION = YES;
				GCC_WARN_ABOUT_RETURN_TYPE = YES_ERROR;
				GCC_WARN_UNDECLARED_SELECTOR = YES;
				GCC_WARN_UNINITIALIZED_AUTOS = YES_AGGRESSIVE;
				GCC_WARN_UNUSED_FUNCTION = YES;
				GCC_WARN_UNUSED_VARIABLE = YES;
				IPHONEOS_DEPLOYMENT_TARGET = 12.0;
				MTL_ENABLE_DEBUG_INFO = NO;
				SDKROOT = iphoneos;
				SWIFT_COMPILATION_MODE = wholemodule;
				SWIFT_OPTIMIZATION_LEVEL = "-O";
				VALIDATE_PRODUCT = YES;
			};
			name = Release;
		};
		5E2FC38C20DA59A9007FEF3E /* Debug */ = {
			isa = XCBuildConfiguration;
			baseConfigurationReference = 520017B9EEFF8D241A5DF796 /* Pods-GeSwift.debug.xcconfig */;
			buildSettings = {
				ASSETCATALOG_COMPILER_APPICON_NAME = AppIcon;
				CLANG_ENABLE_MODULES = YES;
				CODE_SIGN_IDENTITY = "iPhone Developer";
				CODE_SIGN_STYLE = Automatic;
				DEVELOPMENT_TEAM = 3EQU965GX4;
				FRAMEWORK_SEARCH_PATHS = (
					"$(inherited)",
					"$(PROJECT_DIR)/GeSwift/IJKPlayer",
				);
				INFOPLIST_FILE = GeSwift/Info.plist;
				IPHONEOS_DEPLOYMENT_TARGET = 12.0;
				LD_RUNPATH_SEARCH_PATHS = (
					"$(inherited)",
					"@executable_path/Frameworks",
				);
				LIBRARY_SEARCH_PATHS = (
					"$(inherited)",
					"$(PROJECT_DIR)/hellodylib/DerivedData/hellodylib/Build/Products/Debug-iphonesimulator",
				);
				ONLY_ACTIVE_ARCH = NO;
				OTHER_LDFLAGS = (
					"$(inherited)",
					"-ObjC",
				);
				PRODUCT_BUNDLE_IDENTIFIER = com.mr.my.ge.GeSwift;
				PRODUCT_NAME = "$(TARGET_NAME)";
				PROVISIONING_PROFILE_SPECIFIER = "";
				SWIFT_OBJC_BRIDGING_HEADER = "GeSwift/GeSwift-Bridging-Header.h";
				SWIFT_OPTIMIZATION_LEVEL = "-Onone";
				SWIFT_VERSION = 5.0;
				TARGETED_DEVICE_FAMILY = 1;
			};
			name = Debug;
		};
		5E2FC38D20DA59A9007FEF3E /* Release */ = {
			isa = XCBuildConfiguration;
			baseConfigurationReference = 416C9C50DE715E9E10C15132 /* Pods-GeSwift.release.xcconfig */;
			buildSettings = {
				ASSETCATALOG_COMPILER_APPICON_NAME = AppIcon;
				CLANG_ENABLE_MODULES = YES;
				CODE_SIGN_IDENTITY = "iPhone Developer";
				CODE_SIGN_STYLE = Automatic;
				DEVELOPMENT_TEAM = 3EQU965GX4;
				FRAMEWORK_SEARCH_PATHS = (
					"$(inherited)",
					"$(PROJECT_DIR)/GeSwift/IJKPlayer",
				);
				INFOPLIST_FILE = GeSwift/Info.plist;
				IPHONEOS_DEPLOYMENT_TARGET = 12.0;
				LD_RUNPATH_SEARCH_PATHS = (
					"$(inherited)",
					"@executable_path/Frameworks",
				);
				LIBRARY_SEARCH_PATHS = (
					"$(inherited)",
					"$(PROJECT_DIR)/hellodylib/DerivedData/hellodylib/Build/Products/Debug-iphonesimulator",
				);
				ONLY_ACTIVE_ARCH = NO;
				OTHER_LDFLAGS = (
					"$(inherited)",
					"-ObjC",
				);
				PRODUCT_BUNDLE_IDENTIFIER = com.mr.my.ge.GeSwift;
				PRODUCT_NAME = "$(TARGET_NAME)";
				PROVISIONING_PROFILE_SPECIFIER = "";
				SWIFT_OBJC_BRIDGING_HEADER = "GeSwift/GeSwift-Bridging-Header.h";
				SWIFT_VERSION = 5.0;
				TARGETED_DEVICE_FAMILY = 1;
			};
			name = Release;
		};
/* End XCBuildConfiguration section */

/* Begin XCConfigurationList section */
		5E02E3C3228BB6BC002F8AF1 /* Build configuration list for PBXNativeTarget "GeSwiftTests" */ = {
			isa = XCConfigurationList;
			buildConfigurations = (
				5E02E3C1228BB6BC002F8AF1 /* Debug */,
				5E02E3C2228BB6BC002F8AF1 /* Release */,
			);
			defaultConfigurationIsVisible = 0;
			defaultConfigurationName = Release;
		};
		5E2FC37420DA59A6007FEF3E /* Build configuration list for PBXProject "GeSwift" */ = {
			isa = XCConfigurationList;
			buildConfigurations = (
				5E2FC38920DA59A9007FEF3E /* Debug */,
				5E2FC38A20DA59A9007FEF3E /* Release */,
			);
			defaultConfigurationIsVisible = 0;
			defaultConfigurationName = Release;
		};
		5E2FC38B20DA59A9007FEF3E /* Build configuration list for PBXNativeTarget "GeSwift" */ = {
			isa = XCConfigurationList;
			buildConfigurations = (
				5E2FC38C20DA59A9007FEF3E /* Debug */,
				5E2FC38D20DA59A9007FEF3E /* Release */,
			);
			defaultConfigurationIsVisible = 0;
			defaultConfigurationName = Release;
		};
/* End XCConfigurationList section */
	};
	rootObject = 5E2FC37120DA59A6007FEF3E /* Project object */;
}
